
Microsoft Visual Studio Solution File, Format Version 12.00
# Visual Studio Version 16
VisualStudioVersion = 16.0.29123.89
MinimumVisualStudioVersion = 10.0.40219.1
Project("{9A19103F-16F7-4668-BE54-9A1E7A4F7556}") = "WampSharp", "WampSharp\WampSharp.csproj", "{653A76DC-00D7-4EFF-A25E-2FA10C5C927D}"
EndProject
Project("{2150E333-8FDC-42A3-9474-1A3956D46DE8}") = "Samples", "Samples", "{33E2A6E5-246F-420B-A13C-AA4B617EBFB2}"
EndProject
Project("{2150E333-8FDC-42A3-9474-1A3956D46DE8}") = "WAMP1", "WAMP1", "{10B51C05-30BC-412A-BFFB-8C2C02753528}"
EndProject
Project("{2150E333-8FDC-42A3-9474-1A3956D46DE8}") = "WAMP2", "WAMP2", "{AF224856-8194-4CA0-92D9-03926B743987}"
EndProject
Project("{2150E333-8FDC-42A3-9474-1A3956D46DE8}") = "Tests", "Tests", "{D07452C1-0C0A-45C3-8A1B-33BD8FF93C5E}"
EndProject
Project("{2150E333-8FDC-42A3-9474-1A3956D46DE8}") = "Extensions", "Extensions", "{FA4B348E-3BBD-4F98-B429-891376EBA17E}"
EndProject
Project("{9A19103F-16F7-4668-BE54-9A1E7A4F7556}") = "WampSharp.Tests", "Tests\WampSharp.Tests\WampSharp.Tests.csproj", "{D3FB3310-A761-45B5-AC4B-78FE90C2829C}"
EndProject
Project("{9A19103F-16F7-4668-BE54-9A1E7A4F7556}") = "WampSharp.Tests.Wampv2", "Tests\WampSharp.Tests.Wampv2\WampSharp.Tests.Wampv2.csproj", "{710B61C1-E7E0-4D8F-BF39-F82086D610ED}"
EndProject
Project("{9A19103F-16F7-4668-BE54-9A1E7A4F7556}") = "WampSharp.Vtortola", "Extensions\WampSharp.Vtortola\WampSharp.Vtortola.csproj", "{DE13BC69-B822-45EA-846F-DDEF66D34BD9}"
EndProject
Project("{9A19103F-16F7-4668-BE54-9A1E7A4F7556}") = "WampSharp.Samples.Authentication", "Samples\WAMP2\WampSharp.Samples.Authentication\WampSharp.Samples.Authentication.csproj", "{305C0F3D-1A51-4D8C-8729-481F73A7C7D6}"
EndProject
Project("{9A19103F-16F7-4668-BE54-9A1E7A4F7556}") = "WampSharp.RawSocket", "Extensions\WampSharp.RawSocket\WampSharp.RawSocket.csproj", "{678473BD-87FC-4788-A444-4ABF45FDCFEC}"
EndProject
Project("{9A19103F-16F7-4668-BE54-9A1E7A4F7556}") = "WampSharp.Tests.TestHelpers", "Tests\WampSharp.Tests.TestHelpers\WampSharp.Tests.TestHelpers.csproj", "{78AB08FB-F75D-4F93-A25F-164BF90DD408}"
EndProject
Project("{2150E333-8FDC-42A3-9474-1A3956D46DE8}") = "Default", "Default", "{B0203648-89A2-4875-AD9C-F5485AD3E96F}"
EndProject
Project("{9A19103F-16F7-4668-BE54-9A1E7A4F7556}") = "WampSharp.Fleck", "Default\WampSharp.Fleck\WampSharp.Fleck.csproj", "{1D67478A-1328-41D9-92FB-0BA703332616}"
EndProject
Project("{9A19103F-16F7-4668-BE54-9A1E7A4F7556}") = "WampSharp.WebSocket4Net", "Default\WampSharp.WebSocket4Net\WampSharp.WebSocket4Net.csproj", "{48543B7C-D8FF-4AAC-B3BA-F8CC53EF6E01}"
EndProject
Project("{9A19103F-16F7-4668-BE54-9A1E7A4F7556}") = "WampSharp.NewtonsoftJson", "Default\WampSharp.NewtonsoftJson\WampSharp.NewtonsoftJson.csproj", "{2DBD5996-521B-4BD2-9ECF-35C5B9BC1A59}"
EndProject
Project("{9A19103F-16F7-4668-BE54-9A1E7A4F7556}") = "WampSharp.NewtonsoftMsgpack", "Default\WampSharp.NewtonsoftMsgpack\WampSharp.NewtonsoftMsgpack.csproj", "{061D1C1C-52A7-4FCB-9DF8-C1E28BFAD378}"
EndProject
Project("{9A19103F-16F7-4668-BE54-9A1E7A4F7556}") = "WampSharp.WAMP1", "WampSharp.WAMP1\WampSharp.WAMP1.csproj", "{78C5F5EB-DE92-408E-87C7-6287BC8CC399}"
EndProject
Project("{9A19103F-16F7-4668-BE54-9A1E7A4F7556}") = "WampSharp.Default.Client", "WampSharp.Default.Client\WampSharp.Default.Client.csproj", "{A86753C0-0D7E-442C-A507-CDE7E95BC1DB}"
EndProject
Project("{9A19103F-16F7-4668-BE54-9A1E7A4F7556}") = "WampSharp.Default.Router", "WampSharp.Default.Router\WampSharp.Default.Router.csproj", "{C48C5249-2253-44A8-9B53-730B48FF2403}"
EndProject
Project("{9A19103F-16F7-4668-BE54-9A1E7A4F7556}") = "WampSharp.WAMP1.Default", "WampSharp.WAMP1.Default\WampSharp.WAMP1.Default.csproj", "{3B1DC300-4401-4ACF-B215-65E90BA421BB}"
EndProject
Project("{9A19103F-16F7-4668-BE54-9A1E7A4F7556}") = "WampSharp.Samples.WampCra.Client", "Samples\WAMP2\WampSharp.Samples.WampCra.Client\WampSharp.Samples.WampCra.Client.csproj", "{12B643A2-F86D-43F9-A206-54555368424E}"
EndProject
Project("{9A19103F-16F7-4668-BE54-9A1E7A4F7556}") = "WampSharp.Samples.WampCra.Router", "Samples\WAMP2\WampSharp.Samples.WampCra.Router\WampSharp.Samples.WampCra.Router.csproj", "{A4661436-103A-49F9-9D63-91DF66FB145B}"
EndProject
Project("{9A19103F-16F7-4668-BE54-9A1E7A4F7556}") = "WampSharp.WebSockets", "Extensions\WampSharp.WebSockets\WampSharp.WebSockets.csproj", "{7323D1D6-0ADA-45E8-851D-8141D39FDCAA}"
EndProject
Project("{9A19103F-16F7-4668-BE54-9A1E7A4F7556}") = "WampSharp.Owin", "Extensions\WampSharp.Owin\WampSharp.Owin.csproj", "{219F3832-EC76-44CD-B601-EE5850F40FAF}"
EndProject
Project("{9A19103F-16F7-4668-BE54-9A1E7A4F7556}") = "WampSharp.AspNet.WebSockets.Server", "Extensions\WampSharp.AspNet.WebSockets.Server\WampSharp.AspNet.WebSockets.Server.csproj", "{BA110F39-09D9-4D7F-91CF-0604E5715EA2}"
EndProject
Project("{9A19103F-16F7-4668-BE54-9A1E7A4F7556}") = "WampSharp.HttpListener", "Extensions\WampSharp.HttpListener\WampSharp.HttpListener.csproj", "{7CAA96BD-6CD3-48FF-B837-C894F7FB56FB}"
EndProject
Project("{9A19103F-16F7-4668-BE54-9A1E7A4F7556}") = "WampSharp.AspNetCore.RawSocket", "Extensions\WampSharp.AspNetCore.RawSocket\WampSharp.AspNetCore.RawSocket.csproj", "{0DE2F665-B866-4172-8E0D-4389E30C4FFF}"
EndProject
Project("{9A19103F-16F7-4668-BE54-9A1E7A4F7556}") = "WampSharp.AspNetCore.WebSockets.Server", "Extensions\WampSharp.AspNetCore.WebSockets.Server\WampSharp.AspNetCore.WebSockets.Server.csproj", "{97D730F7-3DB3-4982-A2B9-E4D1610E5B31}"
EndProject
Project("{9A19103F-16F7-4668-BE54-9A1E7A4F7556}") = "WampSharp.NewtonsoftMessagePack", "Default\WampSharp.NewtonsoftMessagePack\WampSharp.NewtonsoftMessagePack.csproj", "{8ABA1836-A43C-42BF-897D-D30CD7B08341}"
EndProject
Project("{9A19103F-16F7-4668-BE54-9A1E7A4F7556}") = "WampSharp.Samples.Subscriber", "Samples\WAMP2\WampSharp.Samples.Subscriber\WampSharp.Samples.Subscriber.csproj", "{54D9E286-BEF2-4C68-B45E-43DE645DF9C4}"
EndProject
Project("{9A19103F-16F7-4668-BE54-9A1E7A4F7556}") = "WampSharp.Samples.Publisher", "Samples\WAMP2\WampSharp.Samples.Publisher\WampSharp.Samples.Publisher.csproj", "{2B7FA3B4-B3BF-4D5F-B7D3-3E6E41D361BB}"
EndProject
Project("{9A19103F-16F7-4668-BE54-9A1E7A4F7556}") = "WampSharp.Samples.Caller", "Samples\WAMP2\WampSharp.Samples.Caller\WampSharp.Samples.Caller.csproj", "{243CB9E1-D941-4811-BBCA-C1217C21D87C}"
EndProject
Project("{9A19103F-16F7-4668-BE54-9A1E7A4F7556}") = "WampSharp.Samples.Callee", "Samples\WAMP2\WampSharp.Samples.Callee\WampSharp.Samples.Callee.csproj", "{A9ACA8B9-74F7-4512-B70D-12D657C6D589}"
EndProject
Project("{9A19103F-16F7-4668-BE54-9A1E7A4F7556}") = "WampSharp.Samples.Common", "Samples\WAMP2\WampSharp.Samples.Common\WampSharp.Samples.Common.csproj", "{0979D5C1-6143-49F2-BBF7-E3F0A83469DC}"
EndProject
Project("{9A19103F-16F7-4668-BE54-9A1E7A4F7556}") = "WampSharp.NewtonsoftCbor", "Extensions\WampSharp.NewtonsoftCbor\WampSharp.NewtonsoftCbor.csproj", "{18C35C0C-BF01-4AF3-A326-44C188537675}"
EndProject
Project("{9A19103F-16F7-4668-BE54-9A1E7A4F7556}") = "WampSharp.Samples.AspNetCore.Router", "Samples\WAMP2\WampSharp.Samples.AspNetCore.Router\WampSharp.Samples.AspNetCore.Router.csproj", "{7B57E4CD-99B2-463B-A24F-2008D4515EB6}"
EndProject
Project("{9A19103F-16F7-4668-BE54-9A1E7A4F7556}") = "WampSharp.CraClientSample", "Samples\WAMP1\WampSharp.CraClientSample\WampSharp.CraClientSample.csproj", "{9DC84D95-BC60-4E97-B882-D72612957548}"
EndProject
Project("{9A19103F-16F7-4668-BE54-9A1E7A4F7556}") = "WampSharp.CraServerSample", "Samples\WAMP1\WampSharp.CraServerSample\WampSharp.CraServerSample.csproj", "{62FB7CD5-00F6-4131-8623-53C2E44B8ABE}"
EndProject
Project("{9A19103F-16F7-4668-BE54-9A1E7A4F7556}") = "WampSharp.PubSubServerSample", "Samples\WAMP1\WampSharp.PubSubServerSample\WampSharp.PubSubServerSample.csproj", "{1CC3952F-22AB-4EDF-9A3D-6B2A47F96AFB}"
EndProject
Project("{9A19103F-16F7-4668-BE54-9A1E7A4F7556}") = "WampSharp.RpcClientSample", "Samples\WAMP1\WampSharp.RpcClientSample\WampSharp.RpcClientSample.csproj", "{380AED0D-BF1F-4E0E-91D6-AEF79D6EEA16}"
EndProject
Project("{9A19103F-16F7-4668-BE54-9A1E7A4F7556}") = "WampSharp.RpcServerSample", "Samples\WAMP1\WampSharp.RpcServerSample\WampSharp.RpcServerSample.csproj", "{2C38F531-C060-4AEB-AB65-3F2BF412D19F}"
EndProject
Project("{FAE04EC0-301F-11D3-BF4B-00C04F79EFBC}") = "WampSharp.Default", "WampSharp.Default\WampSharp.Default.csproj", "{5006AB4D-2677-4CEF-BFE4-63D258650C8F}"
EndProject
Global
	GlobalSection(SolutionConfigurationPlatforms) = preSolution
		Debug|Any CPU = Debug|Any CPU
		Debug|ARM = Debug|ARM
		Debug|x64 = Debug|x64
		Debug|x86 = Debug|x86
		Release|Any CPU = Release|Any CPU
		Release|ARM = Release|ARM
		Release|x64 = Release|x64
		Release|x86 = Release|x86
	EndGlobalSection
	GlobalSection(ProjectConfigurationPlatforms) = postSolution
		{653A76DC-00D7-4EFF-A25E-2FA10C5C927D}.Debug|Any CPU.ActiveCfg = Debug|Any CPU
		{653A76DC-00D7-4EFF-A25E-2FA10C5C927D}.Debug|Any CPU.Build.0 = Debug|Any CPU
		{653A76DC-00D7-4EFF-A25E-2FA10C5C927D}.Debug|ARM.ActiveCfg = Debug|Any CPU
		{653A76DC-00D7-4EFF-A25E-2FA10C5C927D}.Debug|x64.ActiveCfg = Debug|Any CPU
		{653A76DC-00D7-4EFF-A25E-2FA10C5C927D}.Debug|x86.ActiveCfg = Debug|Any CPU
		{653A76DC-00D7-4EFF-A25E-2FA10C5C927D}.Release|Any CPU.ActiveCfg = Release|Any CPU
		{653A76DC-00D7-4EFF-A25E-2FA10C5C927D}.Release|Any CPU.Build.0 = Release|Any CPU
		{653A76DC-00D7-4EFF-A25E-2FA10C5C927D}.Release|ARM.ActiveCfg = Release|Any CPU
		{653A76DC-00D7-4EFF-A25E-2FA10C5C927D}.Release|x64.ActiveCfg = Release|Any CPU
		{653A76DC-00D7-4EFF-A25E-2FA10C5C927D}.Release|x86.ActiveCfg = Release|Any CPU
		{D3FB3310-A761-45B5-AC4B-78FE90C2829C}.Debug|Any CPU.ActiveCfg = Debug|Any CPU
		{D3FB3310-A761-45B5-AC4B-78FE90C2829C}.Debug|Any CPU.Build.0 = Debug|Any CPU
		{D3FB3310-A761-45B5-AC4B-78FE90C2829C}.Debug|ARM.ActiveCfg = Debug|Any CPU
		{D3FB3310-A761-45B5-AC4B-78FE90C2829C}.Debug|x64.ActiveCfg = Debug|Any CPU
		{D3FB3310-A761-45B5-AC4B-78FE90C2829C}.Debug|x86.ActiveCfg = Debug|Any CPU
		{D3FB3310-A761-45B5-AC4B-78FE90C2829C}.Release|Any CPU.ActiveCfg = Release|Any CPU
		{D3FB3310-A761-45B5-AC4B-78FE90C2829C}.Release|Any CPU.Build.0 = Release|Any CPU
		{D3FB3310-A761-45B5-AC4B-78FE90C2829C}.Release|ARM.ActiveCfg = Release|Any CPU
		{D3FB3310-A761-45B5-AC4B-78FE90C2829C}.Release|x64.ActiveCfg = Release|Any CPU
		{D3FB3310-A761-45B5-AC4B-78FE90C2829C}.Release|x86.ActiveCfg = Release|Any CPU
		{710B61C1-E7E0-4D8F-BF39-F82086D610ED}.Debug|Any CPU.ActiveCfg = Debug|Any CPU
		{710B61C1-E7E0-4D8F-BF39-F82086D610ED}.Debug|Any CPU.Build.0 = Debug|Any CPU
		{710B61C1-E7E0-4D8F-BF39-F82086D610ED}.Debug|ARM.ActiveCfg = Debug|Any CPU
		{710B61C1-E7E0-4D8F-BF39-F82086D610ED}.Debug|x64.ActiveCfg = Debug|Any CPU
		{710B61C1-E7E0-4D8F-BF39-F82086D610ED}.Debug|x86.ActiveCfg = Debug|Any CPU
		{710B61C1-E7E0-4D8F-BF39-F82086D610ED}.Release|Any CPU.ActiveCfg = Release|Any CPU
		{710B61C1-E7E0-4D8F-BF39-F82086D610ED}.Release|Any CPU.Build.0 = Release|Any CPU
		{710B61C1-E7E0-4D8F-BF39-F82086D610ED}.Release|ARM.ActiveCfg = Release|Any CPU
		{710B61C1-E7E0-4D8F-BF39-F82086D610ED}.Release|x64.ActiveCfg = Release|Any CPU
		{710B61C1-E7E0-4D8F-BF39-F82086D610ED}.Release|x86.ActiveCfg = Release|Any CPU
		{DE13BC69-B822-45EA-846F-DDEF66D34BD9}.Debug|Any CPU.ActiveCfg = Debug|Any CPU
		{DE13BC69-B822-45EA-846F-DDEF66D34BD9}.Debug|Any CPU.Build.0 = Debug|Any CPU
		{DE13BC69-B822-45EA-846F-DDEF66D34BD9}.Debug|ARM.ActiveCfg = Debug|Any CPU
		{DE13BC69-B822-45EA-846F-DDEF66D34BD9}.Debug|x64.ActiveCfg = Debug|Any CPU
		{DE13BC69-B822-45EA-846F-DDEF66D34BD9}.Debug|x86.ActiveCfg = Debug|Any CPU
		{DE13BC69-B822-45EA-846F-DDEF66D34BD9}.Release|Any CPU.ActiveCfg = Release|Any CPU
		{DE13BC69-B822-45EA-846F-DDEF66D34BD9}.Release|Any CPU.Build.0 = Release|Any CPU
		{DE13BC69-B822-45EA-846F-DDEF66D34BD9}.Release|ARM.ActiveCfg = Release|Any CPU
		{DE13BC69-B822-45EA-846F-DDEF66D34BD9}.Release|x64.ActiveCfg = Release|Any CPU
		{DE13BC69-B822-45EA-846F-DDEF66D34BD9}.Release|x86.ActiveCfg = Release|Any CPU
		{305C0F3D-1A51-4D8C-8729-481F73A7C7D6}.Debug|Any CPU.ActiveCfg = Debug|Any CPU
		{305C0F3D-1A51-4D8C-8729-481F73A7C7D6}.Debug|Any CPU.Build.0 = Debug|Any CPU
		{305C0F3D-1A51-4D8C-8729-481F73A7C7D6}.Debug|ARM.ActiveCfg = Debug|Any CPU
		{305C0F3D-1A51-4D8C-8729-481F73A7C7D6}.Debug|x64.ActiveCfg = Debug|Any CPU
		{305C0F3D-1A51-4D8C-8729-481F73A7C7D6}.Debug|x86.ActiveCfg = Debug|Any CPU
		{305C0F3D-1A51-4D8C-8729-481F73A7C7D6}.Release|Any CPU.ActiveCfg = Release|Any CPU
		{305C0F3D-1A51-4D8C-8729-481F73A7C7D6}.Release|Any CPU.Build.0 = Release|Any CPU
		{305C0F3D-1A51-4D8C-8729-481F73A7C7D6}.Release|ARM.ActiveCfg = Release|Any CPU
		{305C0F3D-1A51-4D8C-8729-481F73A7C7D6}.Release|x64.ActiveCfg = Release|Any CPU
		{305C0F3D-1A51-4D8C-8729-481F73A7C7D6}.Release|x86.ActiveCfg = Release|Any CPU
		{678473BD-87FC-4788-A444-4ABF45FDCFEC}.Debug|Any CPU.ActiveCfg = Debug|Any CPU
		{678473BD-87FC-4788-A444-4ABF45FDCFEC}.Debug|Any CPU.Build.0 = Debug|Any CPU
		{678473BD-87FC-4788-A444-4ABF45FDCFEC}.Debug|ARM.ActiveCfg = Debug|Any CPU
		{678473BD-87FC-4788-A444-4ABF45FDCFEC}.Debug|x64.ActiveCfg = Debug|Any CPU
		{678473BD-87FC-4788-A444-4ABF45FDCFEC}.Debug|x86.ActiveCfg = Debug|Any CPU
		{678473BD-87FC-4788-A444-4ABF45FDCFEC}.Release|Any CPU.ActiveCfg = Release|Any CPU
		{678473BD-87FC-4788-A444-4ABF45FDCFEC}.Release|Any CPU.Build.0 = Release|Any CPU
		{678473BD-87FC-4788-A444-4ABF45FDCFEC}.Release|ARM.ActiveCfg = Release|Any CPU
		{678473BD-87FC-4788-A444-4ABF45FDCFEC}.Release|x64.ActiveCfg = Release|Any CPU
		{678473BD-87FC-4788-A444-4ABF45FDCFEC}.Release|x86.ActiveCfg = Release|Any CPU
		{78AB08FB-F75D-4F93-A25F-164BF90DD408}.Debug|Any CPU.ActiveCfg = Debug|Any CPU
		{78AB08FB-F75D-4F93-A25F-164BF90DD408}.Debug|Any CPU.Build.0 = Debug|Any CPU
		{78AB08FB-F75D-4F93-A25F-164BF90DD408}.Debug|ARM.ActiveCfg = Debug|Any CPU
		{78AB08FB-F75D-4F93-A25F-164BF90DD408}.Debug|x64.ActiveCfg = Debug|Any CPU
		{78AB08FB-F75D-4F93-A25F-164BF90DD408}.Debug|x86.ActiveCfg = Debug|Any CPU
		{78AB08FB-F75D-4F93-A25F-164BF90DD408}.Release|Any CPU.ActiveCfg = Release|Any CPU
		{78AB08FB-F75D-4F93-A25F-164BF90DD408}.Release|Any CPU.Build.0 = Release|Any CPU
		{78AB08FB-F75D-4F93-A25F-164BF90DD408}.Release|ARM.ActiveCfg = Release|Any CPU
		{78AB08FB-F75D-4F93-A25F-164BF90DD408}.Release|x64.ActiveCfg = Release|Any CPU
		{78AB08FB-F75D-4F93-A25F-164BF90DD408}.Release|x86.ActiveCfg = Release|Any CPU
		{1D67478A-1328-41D9-92FB-0BA703332616}.Debug|Any CPU.ActiveCfg = Debug|Any CPU
		{1D67478A-1328-41D9-92FB-0BA703332616}.Debug|Any CPU.Build.0 = Debug|Any CPU
		{1D67478A-1328-41D9-92FB-0BA703332616}.Debug|ARM.ActiveCfg = Debug|Any CPU
		{1D67478A-1328-41D9-92FB-0BA703332616}.Debug|x64.ActiveCfg = Debug|Any CPU
		{1D67478A-1328-41D9-92FB-0BA703332616}.Debug|x86.ActiveCfg = Debug|Any CPU
		{1D67478A-1328-41D9-92FB-0BA703332616}.Release|Any CPU.ActiveCfg = Release|Any CPU
		{1D67478A-1328-41D9-92FB-0BA703332616}.Release|Any CPU.Build.0 = Release|Any CPU
		{1D67478A-1328-41D9-92FB-0BA703332616}.Release|ARM.ActiveCfg = Release|Any CPU
		{1D67478A-1328-41D9-92FB-0BA703332616}.Release|x64.ActiveCfg = Release|Any CPU
		{1D67478A-1328-41D9-92FB-0BA703332616}.Release|x86.ActiveCfg = Release|Any CPU
		{48543B7C-D8FF-4AAC-B3BA-F8CC53EF6E01}.Debug|Any CPU.ActiveCfg = Debug|Any CPU
		{48543B7C-D8FF-4AAC-B3BA-F8CC53EF6E01}.Debug|Any CPU.Build.0 = Debug|Any CPU
		{48543B7C-D8FF-4AAC-B3BA-F8CC53EF6E01}.Debug|ARM.ActiveCfg = Debug|Any CPU
		{48543B7C-D8FF-4AAC-B3BA-F8CC53EF6E01}.Debug|x64.ActiveCfg = Debug|Any CPU
		{48543B7C-D8FF-4AAC-B3BA-F8CC53EF6E01}.Debug|x86.ActiveCfg = Debug|Any CPU
		{48543B7C-D8FF-4AAC-B3BA-F8CC53EF6E01}.Release|Any CPU.ActiveCfg = Release|Any CPU
		{48543B7C-D8FF-4AAC-B3BA-F8CC53EF6E01}.Release|Any CPU.Build.0 = Release|Any CPU
		{48543B7C-D8FF-4AAC-B3BA-F8CC53EF6E01}.Release|ARM.ActiveCfg = Release|Any CPU
		{48543B7C-D8FF-4AAC-B3BA-F8CC53EF6E01}.Release|x64.ActiveCfg = Release|Any CPU
		{48543B7C-D8FF-4AAC-B3BA-F8CC53EF6E01}.Release|x86.ActiveCfg = Release|Any CPU
		{2DBD5996-521B-4BD2-9ECF-35C5B9BC1A59}.Debug|Any CPU.ActiveCfg = Debug|Any CPU
		{2DBD5996-521B-4BD2-9ECF-35C5B9BC1A59}.Debug|Any CPU.Build.0 = Debug|Any CPU
		{2DBD5996-521B-4BD2-9ECF-35C5B9BC1A59}.Debug|ARM.ActiveCfg = Debug|Any CPU
		{2DBD5996-521B-4BD2-9ECF-35C5B9BC1A59}.Debug|x64.ActiveCfg = Debug|Any CPU
		{2DBD5996-521B-4BD2-9ECF-35C5B9BC1A59}.Debug|x86.ActiveCfg = Debug|Any CPU
		{2DBD5996-521B-4BD2-9ECF-35C5B9BC1A59}.Release|Any CPU.ActiveCfg = Release|Any CPU
		{2DBD5996-521B-4BD2-9ECF-35C5B9BC1A59}.Release|Any CPU.Build.0 = Release|Any CPU
		{2DBD5996-521B-4BD2-9ECF-35C5B9BC1A59}.Release|ARM.ActiveCfg = Release|Any CPU
		{2DBD5996-521B-4BD2-9ECF-35C5B9BC1A59}.Release|x64.ActiveCfg = Release|Any CPU
		{2DBD5996-521B-4BD2-9ECF-35C5B9BC1A59}.Release|x86.ActiveCfg = Release|Any CPU
		{061D1C1C-52A7-4FCB-9DF8-C1E28BFAD378}.Debug|Any CPU.ActiveCfg = Debug|Any CPU
		{061D1C1C-52A7-4FCB-9DF8-C1E28BFAD378}.Debug|Any CPU.Build.0 = Debug|Any CPU
		{061D1C1C-52A7-4FCB-9DF8-C1E28BFAD378}.Debug|ARM.ActiveCfg = Debug|Any CPU
		{061D1C1C-52A7-4FCB-9DF8-C1E28BFAD378}.Debug|x64.ActiveCfg = Debug|Any CPU
		{061D1C1C-52A7-4FCB-9DF8-C1E28BFAD378}.Debug|x86.ActiveCfg = Debug|Any CPU
		{061D1C1C-52A7-4FCB-9DF8-C1E28BFAD378}.Release|Any CPU.ActiveCfg = Release|Any CPU
		{061D1C1C-52A7-4FCB-9DF8-C1E28BFAD378}.Release|Any CPU.Build.0 = Release|Any CPU
		{061D1C1C-52A7-4FCB-9DF8-C1E28BFAD378}.Release|ARM.ActiveCfg = Release|Any CPU
		{061D1C1C-52A7-4FCB-9DF8-C1E28BFAD378}.Release|x64.ActiveCfg = Release|Any CPU
		{061D1C1C-52A7-4FCB-9DF8-C1E28BFAD378}.Release|x86.ActiveCfg = Release|Any CPU
		{78C5F5EB-DE92-408E-87C7-6287BC8CC399}.Debug|Any CPU.ActiveCfg = Debug|Any CPU
		{78C5F5EB-DE92-408E-87C7-6287BC8CC399}.Debug|Any CPU.Build.0 = Debug|Any CPU
		{78C5F5EB-DE92-408E-87C7-6287BC8CC399}.Debug|ARM.ActiveCfg = Debug|Any CPU
		{78C5F5EB-DE92-408E-87C7-6287BC8CC399}.Debug|x64.ActiveCfg = Debug|Any CPU
		{78C5F5EB-DE92-408E-87C7-6287BC8CC399}.Debug|x86.ActiveCfg = Debug|Any CPU
		{78C5F5EB-DE92-408E-87C7-6287BC8CC399}.Release|Any CPU.ActiveCfg = Release|Any CPU
		{78C5F5EB-DE92-408E-87C7-6287BC8CC399}.Release|Any CPU.Build.0 = Release|Any CPU
		{78C5F5EB-DE92-408E-87C7-6287BC8CC399}.Release|ARM.ActiveCfg = Release|Any CPU
		{78C5F5EB-DE92-408E-87C7-6287BC8CC399}.Release|x64.ActiveCfg = Release|Any CPU
		{78C5F5EB-DE92-408E-87C7-6287BC8CC399}.Release|x86.ActiveCfg = Release|Any CPU
		{A86753C0-0D7E-442C-A507-CDE7E95BC1DB}.Debug|Any CPU.ActiveCfg = Debug|Any CPU
		{A86753C0-0D7E-442C-A507-CDE7E95BC1DB}.Debug|Any CPU.Build.0 = Debug|Any CPU
		{A86753C0-0D7E-442C-A507-CDE7E95BC1DB}.Debug|ARM.ActiveCfg = Debug|Any CPU
		{A86753C0-0D7E-442C-A507-CDE7E95BC1DB}.Debug|x64.ActiveCfg = Debug|Any CPU
		{A86753C0-0D7E-442C-A507-CDE7E95BC1DB}.Debug|x86.ActiveCfg = Debug|Any CPU
		{A86753C0-0D7E-442C-A507-CDE7E95BC1DB}.Release|Any CPU.ActiveCfg = Release|Any CPU
		{A86753C0-0D7E-442C-A507-CDE7E95BC1DB}.Release|Any CPU.Build.0 = Release|Any CPU
		{A86753C0-0D7E-442C-A507-CDE7E95BC1DB}.Release|ARM.ActiveCfg = Release|Any CPU
		{A86753C0-0D7E-442C-A507-CDE7E95BC1DB}.Release|x64.ActiveCfg = Release|Any CPU
		{A86753C0-0D7E-442C-A507-CDE7E95BC1DB}.Release|x86.ActiveCfg = Release|Any CPU
		{C48C5249-2253-44A8-9B53-730B48FF2403}.Debug|Any CPU.ActiveCfg = Debug|Any CPU
		{C48C5249-2253-44A8-9B53-730B48FF2403}.Debug|Any CPU.Build.0 = Debug|Any CPU
		{C48C5249-2253-44A8-9B53-730B48FF2403}.Debug|ARM.ActiveCfg = Debug|Any CPU
		{C48C5249-2253-44A8-9B53-730B48FF2403}.Debug|x64.ActiveCfg = Debug|Any CPU
		{C48C5249-2253-44A8-9B53-730B48FF2403}.Debug|x86.ActiveCfg = Debug|Any CPU
		{C48C5249-2253-44A8-9B53-730B48FF2403}.Release|Any CPU.ActiveCfg = Release|Any CPU
		{C48C5249-2253-44A8-9B53-730B48FF2403}.Release|Any CPU.Build.0 = Release|Any CPU
		{C48C5249-2253-44A8-9B53-730B48FF2403}.Release|ARM.ActiveCfg = Release|Any CPU
		{C48C5249-2253-44A8-9B53-730B48FF2403}.Release|x64.ActiveCfg = Release|Any CPU
		{C48C5249-2253-44A8-9B53-730B48FF2403}.Release|x86.ActiveCfg = Release|Any CPU
		{3B1DC300-4401-4ACF-B215-65E90BA421BB}.Debug|Any CPU.ActiveCfg = Debug|Any CPU
		{3B1DC300-4401-4ACF-B215-65E90BA421BB}.Debug|Any CPU.Build.0 = Debug|Any CPU
		{3B1DC300-4401-4ACF-B215-65E90BA421BB}.Debug|ARM.ActiveCfg = Debug|Any CPU
		{3B1DC300-4401-4ACF-B215-65E90BA421BB}.Debug|x64.ActiveCfg = Debug|Any CPU
		{3B1DC300-4401-4ACF-B215-65E90BA421BB}.Debug|x86.ActiveCfg = Debug|Any CPU
		{3B1DC300-4401-4ACF-B215-65E90BA421BB}.Release|Any CPU.ActiveCfg = Release|Any CPU
		{3B1DC300-4401-4ACF-B215-65E90BA421BB}.Release|Any CPU.Build.0 = Release|Any CPU
		{3B1DC300-4401-4ACF-B215-65E90BA421BB}.Release|ARM.ActiveCfg = Release|Any CPU
		{3B1DC300-4401-4ACF-B215-65E90BA421BB}.Release|x64.ActiveCfg = Release|Any CPU
		{3B1DC300-4401-4ACF-B215-65E90BA421BB}.Release|x86.ActiveCfg = Release|Any CPU
		{12B643A2-F86D-43F9-A206-54555368424E}.Debug|Any CPU.ActiveCfg = Debug|Any CPU
		{12B643A2-F86D-43F9-A206-54555368424E}.Debug|Any CPU.Build.0 = Debug|Any CPU
		{12B643A2-F86D-43F9-A206-54555368424E}.Debug|ARM.ActiveCfg = Debug|Any CPU
		{12B643A2-F86D-43F9-A206-54555368424E}.Debug|ARM.Build.0 = Debug|Any CPU
		{12B643A2-F86D-43F9-A206-54555368424E}.Debug|x64.ActiveCfg = Debug|Any CPU
		{12B643A2-F86D-43F9-A206-54555368424E}.Debug|x64.Build.0 = Debug|Any CPU
		{12B643A2-F86D-43F9-A206-54555368424E}.Debug|x86.ActiveCfg = Debug|Any CPU
		{12B643A2-F86D-43F9-A206-54555368424E}.Debug|x86.Build.0 = Debug|Any CPU
		{12B643A2-F86D-43F9-A206-54555368424E}.Release|Any CPU.ActiveCfg = Release|Any CPU
		{12B643A2-F86D-43F9-A206-54555368424E}.Release|Any CPU.Build.0 = Release|Any CPU
		{12B643A2-F86D-43F9-A206-54555368424E}.Release|ARM.ActiveCfg = Release|Any CPU
		{12B643A2-F86D-43F9-A206-54555368424E}.Release|ARM.Build.0 = Release|Any CPU
		{12B643A2-F86D-43F9-A206-54555368424E}.Release|x64.ActiveCfg = Release|Any CPU
		{12B643A2-F86D-43F9-A206-54555368424E}.Release|x64.Build.0 = Release|Any CPU
		{12B643A2-F86D-43F9-A206-54555368424E}.Release|x86.ActiveCfg = Release|Any CPU
		{12B643A2-F86D-43F9-A206-54555368424E}.Release|x86.Build.0 = Release|Any CPU
		{A4661436-103A-49F9-9D63-91DF66FB145B}.Debug|Any CPU.ActiveCfg = Debug|Any CPU
		{A4661436-103A-49F9-9D63-91DF66FB145B}.Debug|Any CPU.Build.0 = Debug|Any CPU
		{A4661436-103A-49F9-9D63-91DF66FB145B}.Debug|ARM.ActiveCfg = Debug|Any CPU
		{A4661436-103A-49F9-9D63-91DF66FB145B}.Debug|ARM.Build.0 = Debug|Any CPU
		{A4661436-103A-49F9-9D63-91DF66FB145B}.Debug|x64.ActiveCfg = Debug|Any CPU
		{A4661436-103A-49F9-9D63-91DF66FB145B}.Debug|x64.Build.0 = Debug|Any CPU
		{A4661436-103A-49F9-9D63-91DF66FB145B}.Debug|x86.ActiveCfg = Debug|Any CPU
		{A4661436-103A-49F9-9D63-91DF66FB145B}.Debug|x86.Build.0 = Debug|Any CPU
		{A4661436-103A-49F9-9D63-91DF66FB145B}.Release|Any CPU.ActiveCfg = Release|Any CPU
		{A4661436-103A-49F9-9D63-91DF66FB145B}.Release|Any CPU.Build.0 = Release|Any CPU
		{A4661436-103A-49F9-9D63-91DF66FB145B}.Release|ARM.ActiveCfg = Release|Any CPU
		{A4661436-103A-49F9-9D63-91DF66FB145B}.Release|ARM.Build.0 = Release|Any CPU
		{A4661436-103A-49F9-9D63-91DF66FB145B}.Release|x64.ActiveCfg = Release|Any CPU
		{A4661436-103A-49F9-9D63-91DF66FB145B}.Release|x64.Build.0 = Release|Any CPU
		{A4661436-103A-49F9-9D63-91DF66FB145B}.Release|x86.ActiveCfg = Release|Any CPU
		{A4661436-103A-49F9-9D63-91DF66FB145B}.Release|x86.Build.0 = Release|Any CPU
		{7323D1D6-0ADA-45E8-851D-8141D39FDCAA}.Debug|Any CPU.ActiveCfg = Debug|Any CPU
		{7323D1D6-0ADA-45E8-851D-8141D39FDCAA}.Debug|Any CPU.Build.0 = Debug|Any CPU
		{7323D1D6-0ADA-45E8-851D-8141D39FDCAA}.Debug|ARM.ActiveCfg = Debug|Any CPU
		{7323D1D6-0ADA-45E8-851D-8141D39FDCAA}.Debug|ARM.Build.0 = Debug|Any CPU
		{7323D1D6-0ADA-45E8-851D-8141D39FDCAA}.Debug|x64.ActiveCfg = Debug|Any CPU
		{7323D1D6-0ADA-45E8-851D-8141D39FDCAA}.Debug|x64.Build.0 = Debug|Any CPU
		{7323D1D6-0ADA-45E8-851D-8141D39FDCAA}.Debug|x86.ActiveCfg = Debug|Any CPU
		{7323D1D6-0ADA-45E8-851D-8141D39FDCAA}.Debug|x86.Build.0 = Debug|Any CPU
		{7323D1D6-0ADA-45E8-851D-8141D39FDCAA}.Release|Any CPU.ActiveCfg = Release|Any CPU
		{7323D1D6-0ADA-45E8-851D-8141D39FDCAA}.Release|Any CPU.Build.0 = Release|Any CPU
		{7323D1D6-0ADA-45E8-851D-8141D39FDCAA}.Release|ARM.ActiveCfg = Release|Any CPU
		{7323D1D6-0ADA-45E8-851D-8141D39FDCAA}.Release|ARM.Build.0 = Release|Any CPU
		{7323D1D6-0ADA-45E8-851D-8141D39FDCAA}.Release|x64.ActiveCfg = Release|Any CPU
		{7323D1D6-0ADA-45E8-851D-8141D39FDCAA}.Release|x64.Build.0 = Release|Any CPU
		{7323D1D6-0ADA-45E8-851D-8141D39FDCAA}.Release|x86.ActiveCfg = Release|Any CPU
		{7323D1D6-0ADA-45E8-851D-8141D39FDCAA}.Release|x86.Build.0 = Release|Any CPU
		{219F3832-EC76-44CD-B601-EE5850F40FAF}.Debug|Any CPU.ActiveCfg = Debug|Any CPU
		{219F3832-EC76-44CD-B601-EE5850F40FAF}.Debug|Any CPU.Build.0 = Debug|Any CPU
		{219F3832-EC76-44CD-B601-EE5850F40FAF}.Debug|ARM.ActiveCfg = Debug|Any CPU
		{219F3832-EC76-44CD-B601-EE5850F40FAF}.Debug|ARM.Build.0 = Debug|Any CPU
		{219F3832-EC76-44CD-B601-EE5850F40FAF}.Debug|x64.ActiveCfg = Debug|Any CPU
		{219F3832-EC76-44CD-B601-EE5850F40FAF}.Debug|x64.Build.0 = Debug|Any CPU
		{219F3832-EC76-44CD-B601-EE5850F40FAF}.Debug|x86.ActiveCfg = Debug|Any CPU
		{219F3832-EC76-44CD-B601-EE5850F40FAF}.Debug|x86.Build.0 = Debug|Any CPU
		{219F3832-EC76-44CD-B601-EE5850F40FAF}.Release|Any CPU.ActiveCfg = Release|Any CPU
		{219F3832-EC76-44CD-B601-EE5850F40FAF}.Release|Any CPU.Build.0 = Release|Any CPU
		{219F3832-EC76-44CD-B601-EE5850F40FAF}.Release|ARM.ActiveCfg = Release|Any CPU
		{219F3832-EC76-44CD-B601-EE5850F40FAF}.Release|ARM.Build.0 = Release|Any CPU
		{219F3832-EC76-44CD-B601-EE5850F40FAF}.Release|x64.ActiveCfg = Release|Any CPU
		{219F3832-EC76-44CD-B601-EE5850F40FAF}.Release|x64.Build.0 = Release|Any CPU
		{219F3832-EC76-44CD-B601-EE5850F40FAF}.Release|x86.ActiveCfg = Release|Any CPU
		{219F3832-EC76-44CD-B601-EE5850F40FAF}.Release|x86.Build.0 = Release|Any CPU
		{BA110F39-09D9-4D7F-91CF-0604E5715EA2}.Debug|Any CPU.ActiveCfg = Debug|Any CPU
		{BA110F39-09D9-4D7F-91CF-0604E5715EA2}.Debug|Any CPU.Build.0 = Debug|Any CPU
		{BA110F39-09D9-4D7F-91CF-0604E5715EA2}.Debug|ARM.ActiveCfg = Debug|Any CPU
		{BA110F39-09D9-4D7F-91CF-0604E5715EA2}.Debug|ARM.Build.0 = Debug|Any CPU
		{BA110F39-09D9-4D7F-91CF-0604E5715EA2}.Debug|x64.ActiveCfg = Debug|Any CPU
		{BA110F39-09D9-4D7F-91CF-0604E5715EA2}.Debug|x64.Build.0 = Debug|Any CPU
		{BA110F39-09D9-4D7F-91CF-0604E5715EA2}.Debug|x86.ActiveCfg = Debug|Any CPU
		{BA110F39-09D9-4D7F-91CF-0604E5715EA2}.Debug|x86.Build.0 = Debug|Any CPU
		{BA110F39-09D9-4D7F-91CF-0604E5715EA2}.Release|Any CPU.ActiveCfg = Release|Any CPU
		{BA110F39-09D9-4D7F-91CF-0604E5715EA2}.Release|Any CPU.Build.0 = Release|Any CPU
		{BA110F39-09D9-4D7F-91CF-0604E5715EA2}.Release|ARM.ActiveCfg = Release|Any CPU
		{BA110F39-09D9-4D7F-91CF-0604E5715EA2}.Release|ARM.Build.0 = Release|Any CPU
		{BA110F39-09D9-4D7F-91CF-0604E5715EA2}.Release|x64.ActiveCfg = Release|Any CPU
		{BA110F39-09D9-4D7F-91CF-0604E5715EA2}.Release|x64.Build.0 = Release|Any CPU
		{BA110F39-09D9-4D7F-91CF-0604E5715EA2}.Release|x86.ActiveCfg = Release|Any CPU
		{BA110F39-09D9-4D7F-91CF-0604E5715EA2}.Release|x86.Build.0 = Release|Any CPU
		{7CAA96BD-6CD3-48FF-B837-C894F7FB56FB}.Debug|Any CPU.ActiveCfg = Debug|Any CPU
		{7CAA96BD-6CD3-48FF-B837-C894F7FB56FB}.Debug|Any CPU.Build.0 = Debug|Any CPU
		{7CAA96BD-6CD3-48FF-B837-C894F7FB56FB}.Debug|ARM.ActiveCfg = Debug|Any CPU
		{7CAA96BD-6CD3-48FF-B837-C894F7FB56FB}.Debug|ARM.Build.0 = Debug|Any CPU
		{7CAA96BD-6CD3-48FF-B837-C894F7FB56FB}.Debug|x64.ActiveCfg = Debug|Any CPU
		{7CAA96BD-6CD3-48FF-B837-C894F7FB56FB}.Debug|x64.Build.0 = Debug|Any CPU
		{7CAA96BD-6CD3-48FF-B837-C894F7FB56FB}.Debug|x86.ActiveCfg = Debug|Any CPU
		{7CAA96BD-6CD3-48FF-B837-C894F7FB56FB}.Debug|x86.Build.0 = Debug|Any CPU
		{7CAA96BD-6CD3-48FF-B837-C894F7FB56FB}.Release|Any CPU.ActiveCfg = Release|Any CPU
		{7CAA96BD-6CD3-48FF-B837-C894F7FB56FB}.Release|Any CPU.Build.0 = Release|Any CPU
		{7CAA96BD-6CD3-48FF-B837-C894F7FB56FB}.Release|ARM.ActiveCfg = Release|Any CPU
		{7CAA96BD-6CD3-48FF-B837-C894F7FB56FB}.Release|ARM.Build.0 = Release|Any CPU
		{7CAA96BD-6CD3-48FF-B837-C894F7FB56FB}.Release|x64.ActiveCfg = Release|Any CPU
		{7CAA96BD-6CD3-48FF-B837-C894F7FB56FB}.Release|x64.Build.0 = Release|Any CPU
		{7CAA96BD-6CD3-48FF-B837-C894F7FB56FB}.Release|x86.ActiveCfg = Release|Any CPU
		{7CAA96BD-6CD3-48FF-B837-C894F7FB56FB}.Release|x86.Build.0 = Release|Any CPU
		{0DE2F665-B866-4172-8E0D-4389E30C4FFF}.Debug|Any CPU.ActiveCfg = Debug|Any CPU
		{0DE2F665-B866-4172-8E0D-4389E30C4FFF}.Debug|Any CPU.Build.0 = Debug|Any CPU
		{0DE2F665-B866-4172-8E0D-4389E30C4FFF}.Debug|ARM.ActiveCfg = Debug|Any CPU
		{0DE2F665-B866-4172-8E0D-4389E30C4FFF}.Debug|ARM.Build.0 = Debug|Any CPU
		{0DE2F665-B866-4172-8E0D-4389E30C4FFF}.Debug|x64.ActiveCfg = Debug|Any CPU
		{0DE2F665-B866-4172-8E0D-4389E30C4FFF}.Debug|x64.Build.0 = Debug|Any CPU
		{0DE2F665-B866-4172-8E0D-4389E30C4FFF}.Debug|x86.ActiveCfg = Debug|Any CPU
		{0DE2F665-B866-4172-8E0D-4389E30C4FFF}.Debug|x86.Build.0 = Debug|Any CPU
		{0DE2F665-B866-4172-8E0D-4389E30C4FFF}.Release|Any CPU.ActiveCfg = Release|Any CPU
		{0DE2F665-B866-4172-8E0D-4389E30C4FFF}.Release|Any CPU.Build.0 = Release|Any CPU
		{0DE2F665-B866-4172-8E0D-4389E30C4FFF}.Release|ARM.ActiveCfg = Release|Any CPU
		{0DE2F665-B866-4172-8E0D-4389E30C4FFF}.Release|ARM.Build.0 = Release|Any CPU
		{0DE2F665-B866-4172-8E0D-4389E30C4FFF}.Release|x64.ActiveCfg = Release|Any CPU
		{0DE2F665-B866-4172-8E0D-4389E30C4FFF}.Release|x64.Build.0 = Release|Any CPU
		{0DE2F665-B866-4172-8E0D-4389E30C4FFF}.Release|x86.ActiveCfg = Release|Any CPU
		{0DE2F665-B866-4172-8E0D-4389E30C4FFF}.Release|x86.Build.0 = Release|Any CPU
		{97D730F7-3DB3-4982-A2B9-E4D1610E5B31}.Debug|Any CPU.ActiveCfg = Debug|Any CPU
		{97D730F7-3DB3-4982-A2B9-E4D1610E5B31}.Debug|Any CPU.Build.0 = Debug|Any CPU
		{97D730F7-3DB3-4982-A2B9-E4D1610E5B31}.Debug|ARM.ActiveCfg = Debug|Any CPU
		{97D730F7-3DB3-4982-A2B9-E4D1610E5B31}.Debug|ARM.Build.0 = Debug|Any CPU
		{97D730F7-3DB3-4982-A2B9-E4D1610E5B31}.Debug|x64.ActiveCfg = Debug|Any CPU
		{97D730F7-3DB3-4982-A2B9-E4D1610E5B31}.Debug|x64.Build.0 = Debug|Any CPU
		{97D730F7-3DB3-4982-A2B9-E4D1610E5B31}.Debug|x86.ActiveCfg = Debug|Any CPU
		{97D730F7-3DB3-4982-A2B9-E4D1610E5B31}.Debug|x86.Build.0 = Debug|Any CPU
		{97D730F7-3DB3-4982-A2B9-E4D1610E5B31}.Release|Any CPU.ActiveCfg = Release|Any CPU
		{97D730F7-3DB3-4982-A2B9-E4D1610E5B31}.Release|Any CPU.Build.0 = Release|Any CPU
		{97D730F7-3DB3-4982-A2B9-E4D1610E5B31}.Release|ARM.ActiveCfg = Release|Any CPU
		{97D730F7-3DB3-4982-A2B9-E4D1610E5B31}.Release|ARM.Build.0 = Release|Any CPU
		{97D730F7-3DB3-4982-A2B9-E4D1610E5B31}.Release|x64.ActiveCfg = Release|Any CPU
		{97D730F7-3DB3-4982-A2B9-E4D1610E5B31}.Release|x64.Build.0 = Release|Any CPU
		{97D730F7-3DB3-4982-A2B9-E4D1610E5B31}.Release|x86.ActiveCfg = Release|Any CPU
		{97D730F7-3DB3-4982-A2B9-E4D1610E5B31}.Release|x86.Build.0 = Release|Any CPU
		{8ABA1836-A43C-42BF-897D-D30CD7B08341}.Debug|Any CPU.ActiveCfg = Debug|Any CPU
		{8ABA1836-A43C-42BF-897D-D30CD7B08341}.Debug|Any CPU.Build.0 = Debug|Any CPU
		{8ABA1836-A43C-42BF-897D-D30CD7B08341}.Debug|ARM.ActiveCfg = Debug|Any CPU
		{8ABA1836-A43C-42BF-897D-D30CD7B08341}.Debug|ARM.Build.0 = Debug|Any CPU
		{8ABA1836-A43C-42BF-897D-D30CD7B08341}.Debug|x64.ActiveCfg = Debug|Any CPU
		{8ABA1836-A43C-42BF-897D-D30CD7B08341}.Debug|x64.Build.0 = Debug|Any CPU
		{8ABA1836-A43C-42BF-897D-D30CD7B08341}.Debug|x86.ActiveCfg = Debug|Any CPU
		{8ABA1836-A43C-42BF-897D-D30CD7B08341}.Debug|x86.Build.0 = Debug|Any CPU
		{8ABA1836-A43C-42BF-897D-D30CD7B08341}.Release|Any CPU.ActiveCfg = Release|Any CPU
		{8ABA1836-A43C-42BF-897D-D30CD7B08341}.Release|Any CPU.Build.0 = Release|Any CPU
		{8ABA1836-A43C-42BF-897D-D30CD7B08341}.Release|ARM.ActiveCfg = Release|Any CPU
		{8ABA1836-A43C-42BF-897D-D30CD7B08341}.Release|ARM.Build.0 = Release|Any CPU
		{8ABA1836-A43C-42BF-897D-D30CD7B08341}.Release|x64.ActiveCfg = Release|Any CPU
		{8ABA1836-A43C-42BF-897D-D30CD7B08341}.Release|x64.Build.0 = Release|Any CPU
		{8ABA1836-A43C-42BF-897D-D30CD7B08341}.Release|x86.ActiveCfg = Release|Any CPU
		{8ABA1836-A43C-42BF-897D-D30CD7B08341}.Release|x86.Build.0 = Release|Any CPU
		{54D9E286-BEF2-4C68-B45E-43DE645DF9C4}.Debug|Any CPU.ActiveCfg = Debug|Any CPU
		{54D9E286-BEF2-4C68-B45E-43DE645DF9C4}.Debug|Any CPU.Build.0 = Debug|Any CPU
		{54D9E286-BEF2-4C68-B45E-43DE645DF9C4}.Debug|ARM.ActiveCfg = Debug|Any CPU
		{54D9E286-BEF2-4C68-B45E-43DE645DF9C4}.Debug|ARM.Build.0 = Debug|Any CPU
		{54D9E286-BEF2-4C68-B45E-43DE645DF9C4}.Debug|x64.ActiveCfg = Debug|Any CPU
		{54D9E286-BEF2-4C68-B45E-43DE645DF9C4}.Debug|x64.Build.0 = Debug|Any CPU
		{54D9E286-BEF2-4C68-B45E-43DE645DF9C4}.Debug|x86.ActiveCfg = Debug|Any CPU
		{54D9E286-BEF2-4C68-B45E-43DE645DF9C4}.Debug|x86.Build.0 = Debug|Any CPU
		{54D9E286-BEF2-4C68-B45E-43DE645DF9C4}.Release|Any CPU.ActiveCfg = Release|Any CPU
		{54D9E286-BEF2-4C68-B45E-43DE645DF9C4}.Release|Any CPU.Build.0 = Release|Any CPU
		{54D9E286-BEF2-4C68-B45E-43DE645DF9C4}.Release|ARM.ActiveCfg = Release|Any CPU
		{54D9E286-BEF2-4C68-B45E-43DE645DF9C4}.Release|ARM.Build.0 = Release|Any CPU
		{54D9E286-BEF2-4C68-B45E-43DE645DF9C4}.Release|x64.ActiveCfg = Release|Any CPU
		{54D9E286-BEF2-4C68-B45E-43DE645DF9C4}.Release|x64.Build.0 = Release|Any CPU
		{54D9E286-BEF2-4C68-B45E-43DE645DF9C4}.Release|x86.ActiveCfg = Release|Any CPU
		{54D9E286-BEF2-4C68-B45E-43DE645DF9C4}.Release|x86.Build.0 = Release|Any CPU
		{2B7FA3B4-B3BF-4D5F-B7D3-3E6E41D361BB}.Debug|Any CPU.ActiveCfg = Debug|Any CPU
		{2B7FA3B4-B3BF-4D5F-B7D3-3E6E41D361BB}.Debug|Any CPU.Build.0 = Debug|Any CPU
		{2B7FA3B4-B3BF-4D5F-B7D3-3E6E41D361BB}.Debug|ARM.ActiveCfg = Debug|Any CPU
		{2B7FA3B4-B3BF-4D5F-B7D3-3E6E41D361BB}.Debug|ARM.Build.0 = Debug|Any CPU
		{2B7FA3B4-B3BF-4D5F-B7D3-3E6E41D361BB}.Debug|x64.ActiveCfg = Debug|Any CPU
		{2B7FA3B4-B3BF-4D5F-B7D3-3E6E41D361BB}.Debug|x64.Build.0 = Debug|Any CPU
		{2B7FA3B4-B3BF-4D5F-B7D3-3E6E41D361BB}.Debug|x86.ActiveCfg = Debug|Any CPU
		{2B7FA3B4-B3BF-4D5F-B7D3-3E6E41D361BB}.Debug|x86.Build.0 = Debug|Any CPU
		{2B7FA3B4-B3BF-4D5F-B7D3-3E6E41D361BB}.Release|Any CPU.ActiveCfg = Release|Any CPU
		{2B7FA3B4-B3BF-4D5F-B7D3-3E6E41D361BB}.Release|Any CPU.Build.0 = Release|Any CPU
		{2B7FA3B4-B3BF-4D5F-B7D3-3E6E41D361BB}.Release|ARM.ActiveCfg = Release|Any CPU
		{2B7FA3B4-B3BF-4D5F-B7D3-3E6E41D361BB}.Release|ARM.Build.0 = Release|Any CPU
		{2B7FA3B4-B3BF-4D5F-B7D3-3E6E41D361BB}.Release|x64.ActiveCfg = Release|Any CPU
		{2B7FA3B4-B3BF-4D5F-B7D3-3E6E41D361BB}.Release|x64.Build.0 = Release|Any CPU
		{2B7FA3B4-B3BF-4D5F-B7D3-3E6E41D361BB}.Release|x86.ActiveCfg = Release|Any CPU
		{2B7FA3B4-B3BF-4D5F-B7D3-3E6E41D361BB}.Release|x86.Build.0 = Release|Any CPU
		{243CB9E1-D941-4811-BBCA-C1217C21D87C}.Debug|Any CPU.ActiveCfg = Debug|Any CPU
		{243CB9E1-D941-4811-BBCA-C1217C21D87C}.Debug|Any CPU.Build.0 = Debug|Any CPU
		{243CB9E1-D941-4811-BBCA-C1217C21D87C}.Debug|ARM.ActiveCfg = Debug|Any CPU
		{243CB9E1-D941-4811-BBCA-C1217C21D87C}.Debug|ARM.Build.0 = Debug|Any CPU
		{243CB9E1-D941-4811-BBCA-C1217C21D87C}.Debug|x64.ActiveCfg = Debug|Any CPU
		{243CB9E1-D941-4811-BBCA-C1217C21D87C}.Debug|x64.Build.0 = Debug|Any CPU
		{243CB9E1-D941-4811-BBCA-C1217C21D87C}.Debug|x86.ActiveCfg = Debug|Any CPU
		{243CB9E1-D941-4811-BBCA-C1217C21D87C}.Debug|x86.Build.0 = Debug|Any CPU
		{243CB9E1-D941-4811-BBCA-C1217C21D87C}.Release|Any CPU.ActiveCfg = Release|Any CPU
		{243CB9E1-D941-4811-BBCA-C1217C21D87C}.Release|Any CPU.Build.0 = Release|Any CPU
		{243CB9E1-D941-4811-BBCA-C1217C21D87C}.Release|ARM.ActiveCfg = Release|Any CPU
		{243CB9E1-D941-4811-BBCA-C1217C21D87C}.Release|ARM.Build.0 = Release|Any CPU
		{243CB9E1-D941-4811-BBCA-C1217C21D87C}.Release|x64.ActiveCfg = Release|Any CPU
		{243CB9E1-D941-4811-BBCA-C1217C21D87C}.Release|x64.Build.0 = Release|Any CPU
		{243CB9E1-D941-4811-BBCA-C1217C21D87C}.Release|x86.ActiveCfg = Release|Any CPU
		{243CB9E1-D941-4811-BBCA-C1217C21D87C}.Release|x86.Build.0 = Release|Any CPU
		{A9ACA8B9-74F7-4512-B70D-12D657C6D589}.Debug|Any CPU.ActiveCfg = Debug|Any CPU
		{A9ACA8B9-74F7-4512-B70D-12D657C6D589}.Debug|Any CPU.Build.0 = Debug|Any CPU
		{A9ACA8B9-74F7-4512-B70D-12D657C6D589}.Debug|ARM.ActiveCfg = Debug|Any CPU
		{A9ACA8B9-74F7-4512-B70D-12D657C6D589}.Debug|ARM.Build.0 = Debug|Any CPU
		{A9ACA8B9-74F7-4512-B70D-12D657C6D589}.Debug|x64.ActiveCfg = Debug|Any CPU
		{A9ACA8B9-74F7-4512-B70D-12D657C6D589}.Debug|x64.Build.0 = Debug|Any CPU
		{A9ACA8B9-74F7-4512-B70D-12D657C6D589}.Debug|x86.ActiveCfg = Debug|Any CPU
		{A9ACA8B9-74F7-4512-B70D-12D657C6D589}.Debug|x86.Build.0 = Debug|Any CPU
		{A9ACA8B9-74F7-4512-B70D-12D657C6D589}.Release|Any CPU.ActiveCfg = Release|Any CPU
		{A9ACA8B9-74F7-4512-B70D-12D657C6D589}.Release|Any CPU.Build.0 = Release|Any CPU
		{A9ACA8B9-74F7-4512-B70D-12D657C6D589}.Release|ARM.ActiveCfg = Release|Any CPU
		{A9ACA8B9-74F7-4512-B70D-12D657C6D589}.Release|ARM.Build.0 = Release|Any CPU
		{A9ACA8B9-74F7-4512-B70D-12D657C6D589}.Release|x64.ActiveCfg = Release|Any CPU
		{A9ACA8B9-74F7-4512-B70D-12D657C6D589}.Release|x64.Build.0 = Release|Any CPU
		{A9ACA8B9-74F7-4512-B70D-12D657C6D589}.Release|x86.ActiveCfg = Release|Any CPU
		{A9ACA8B9-74F7-4512-B70D-12D657C6D589}.Release|x86.Build.0 = Release|Any CPU
		{0979D5C1-6143-49F2-BBF7-E3F0A83469DC}.Debug|Any CPU.ActiveCfg = Debug|Any CPU
		{0979D5C1-6143-49F2-BBF7-E3F0A83469DC}.Debug|Any CPU.Build.0 = Debug|Any CPU
		{0979D5C1-6143-49F2-BBF7-E3F0A83469DC}.Debug|ARM.ActiveCfg = Debug|Any CPU
		{0979D5C1-6143-49F2-BBF7-E3F0A83469DC}.Debug|ARM.Build.0 = Debug|Any CPU
		{0979D5C1-6143-49F2-BBF7-E3F0A83469DC}.Debug|x64.ActiveCfg = Debug|Any CPU
		{0979D5C1-6143-49F2-BBF7-E3F0A83469DC}.Debug|x64.Build.0 = Debug|Any CPU
		{0979D5C1-6143-49F2-BBF7-E3F0A83469DC}.Debug|x86.ActiveCfg = Debug|Any CPU
		{0979D5C1-6143-49F2-BBF7-E3F0A83469DC}.Debug|x86.Build.0 = Debug|Any CPU
		{0979D5C1-6143-49F2-BBF7-E3F0A83469DC}.Release|Any CPU.ActiveCfg = Release|Any CPU
		{0979D5C1-6143-49F2-BBF7-E3F0A83469DC}.Release|Any CPU.Build.0 = Release|Any CPU
		{0979D5C1-6143-49F2-BBF7-E3F0A83469DC}.Release|ARM.ActiveCfg = Release|Any CPU
		{0979D5C1-6143-49F2-BBF7-E3F0A83469DC}.Release|ARM.Build.0 = Release|Any CPU
		{0979D5C1-6143-49F2-BBF7-E3F0A83469DC}.Release|x64.ActiveCfg = Release|Any CPU
		{0979D5C1-6143-49F2-BBF7-E3F0A83469DC}.Release|x64.Build.0 = Release|Any CPU
		{0979D5C1-6143-49F2-BBF7-E3F0A83469DC}.Release|x86.ActiveCfg = Release|Any CPU
		{0979D5C1-6143-49F2-BBF7-E3F0A83469DC}.Release|x86.Build.0 = Release|Any CPU
		{18C35C0C-BF01-4AF3-A326-44C188537675}.Debug|Any CPU.ActiveCfg = Debug|Any CPU
		{18C35C0C-BF01-4AF3-A326-44C188537675}.Debug|Any CPU.Build.0 = Debug|Any CPU
		{18C35C0C-BF01-4AF3-A326-44C188537675}.Debug|ARM.ActiveCfg = Debug|Any CPU
		{18C35C0C-BF01-4AF3-A326-44C188537675}.Debug|ARM.Build.0 = Debug|Any CPU
		{18C35C0C-BF01-4AF3-A326-44C188537675}.Debug|x64.ActiveCfg = Debug|Any CPU
		{18C35C0C-BF01-4AF3-A326-44C188537675}.Debug|x64.Build.0 = Debug|Any CPU
		{18C35C0C-BF01-4AF3-A326-44C188537675}.Debug|x86.ActiveCfg = Debug|Any CPU
		{18C35C0C-BF01-4AF3-A326-44C188537675}.Debug|x86.Build.0 = Debug|Any CPU
		{18C35C0C-BF01-4AF3-A326-44C188537675}.Release|Any CPU.ActiveCfg = Release|Any CPU
		{18C35C0C-BF01-4AF3-A326-44C188537675}.Release|Any CPU.Build.0 = Release|Any CPU
		{18C35C0C-BF01-4AF3-A326-44C188537675}.Release|ARM.ActiveCfg = Release|Any CPU
		{18C35C0C-BF01-4AF3-A326-44C188537675}.Release|ARM.Build.0 = Release|Any CPU
		{18C35C0C-BF01-4AF3-A326-44C188537675}.Release|x64.ActiveCfg = Release|Any CPU
		{18C35C0C-BF01-4AF3-A326-44C188537675}.Release|x64.Build.0 = Release|Any CPU
		{18C35C0C-BF01-4AF3-A326-44C188537675}.Release|x86.ActiveCfg = Release|Any CPU
		{18C35C0C-BF01-4AF3-A326-44C188537675}.Release|x86.Build.0 = Release|Any CPU
		{7B57E4CD-99B2-463B-A24F-2008D4515EB6}.Debug|Any CPU.ActiveCfg = Debug|Any CPU
		{7B57E4CD-99B2-463B-A24F-2008D4515EB6}.Debug|Any CPU.Build.0 = Debug|Any CPU
		{7B57E4CD-99B2-463B-A24F-2008D4515EB6}.Debug|ARM.ActiveCfg = Debug|Any CPU
		{7B57E4CD-99B2-463B-A24F-2008D4515EB6}.Debug|ARM.Build.0 = Debug|Any CPU
		{7B57E4CD-99B2-463B-A24F-2008D4515EB6}.Debug|x64.ActiveCfg = Debug|Any CPU
		{7B57E4CD-99B2-463B-A24F-2008D4515EB6}.Debug|x64.Build.0 = Debug|Any CPU
		{7B57E4CD-99B2-463B-A24F-2008D4515EB6}.Debug|x86.ActiveCfg = Debug|Any CPU
		{7B57E4CD-99B2-463B-A24F-2008D4515EB6}.Debug|x86.Build.0 = Debug|Any CPU
		{7B57E4CD-99B2-463B-A24F-2008D4515EB6}.Release|Any CPU.ActiveCfg = Release|Any CPU
		{7B57E4CD-99B2-463B-A24F-2008D4515EB6}.Release|Any CPU.Build.0 = Release|Any CPU
		{7B57E4CD-99B2-463B-A24F-2008D4515EB6}.Release|ARM.ActiveCfg = Release|Any CPU
		{7B57E4CD-99B2-463B-A24F-2008D4515EB6}.Release|ARM.Build.0 = Release|Any CPU
		{7B57E4CD-99B2-463B-A24F-2008D4515EB6}.Release|x64.ActiveCfg = Release|Any CPU
		{7B57E4CD-99B2-463B-A24F-2008D4515EB6}.Release|x64.Build.0 = Release|Any CPU
		{7B57E4CD-99B2-463B-A24F-2008D4515EB6}.Release|x86.ActiveCfg = Release|Any CPU
		{7B57E4CD-99B2-463B-A24F-2008D4515EB6}.Release|x86.Build.0 = Release|Any CPU
		{9DC84D95-BC60-4E97-B882-D72612957548}.Debug|Any CPU.ActiveCfg = Debug|Any CPU
		{9DC84D95-BC60-4E97-B882-D72612957548}.Debug|Any CPU.Build.0 = Debug|Any CPU
		{9DC84D95-BC60-4E97-B882-D72612957548}.Debug|ARM.ActiveCfg = Debug|Any CPU
		{9DC84D95-BC60-4E97-B882-D72612957548}.Debug|ARM.Build.0 = Debug|Any CPU
		{9DC84D95-BC60-4E97-B882-D72612957548}.Debug|x64.ActiveCfg = Debug|Any CPU
		{9DC84D95-BC60-4E97-B882-D72612957548}.Debug|x64.Build.0 = Debug|Any CPU
		{9DC84D95-BC60-4E97-B882-D72612957548}.Debug|x86.ActiveCfg = Debug|Any CPU
		{9DC84D95-BC60-4E97-B882-D72612957548}.Debug|x86.Build.0 = Debug|Any CPU
		{9DC84D95-BC60-4E97-B882-D72612957548}.Release|Any CPU.ActiveCfg = Release|Any CPU
		{9DC84D95-BC60-4E97-B882-D72612957548}.Release|Any CPU.Build.0 = Release|Any CPU
		{9DC84D95-BC60-4E97-B882-D72612957548}.Release|ARM.ActiveCfg = Release|Any CPU
		{9DC84D95-BC60-4E97-B882-D72612957548}.Release|ARM.Build.0 = Release|Any CPU
		{9DC84D95-BC60-4E97-B882-D72612957548}.Release|x64.ActiveCfg = Release|Any CPU
		{9DC84D95-BC60-4E97-B882-D72612957548}.Release|x64.Build.0 = Release|Any CPU
		{9DC84D95-BC60-4E97-B882-D72612957548}.Release|x86.ActiveCfg = Release|Any CPU
		{9DC84D95-BC60-4E97-B882-D72612957548}.Release|x86.Build.0 = Release|Any CPU
		{62FB7CD5-00F6-4131-8623-53C2E44B8ABE}.Debug|Any CPU.ActiveCfg = Debug|Any CPU
		{62FB7CD5-00F6-4131-8623-53C2E44B8ABE}.Debug|Any CPU.Build.0 = Debug|Any CPU
		{62FB7CD5-00F6-4131-8623-53C2E44B8ABE}.Debug|ARM.ActiveCfg = Debug|Any CPU
		{62FB7CD5-00F6-4131-8623-53C2E44B8ABE}.Debug|ARM.Build.0 = Debug|Any CPU
		{62FB7CD5-00F6-4131-8623-53C2E44B8ABE}.Debug|x64.ActiveCfg = Debug|Any CPU
		{62FB7CD5-00F6-4131-8623-53C2E44B8ABE}.Debug|x64.Build.0 = Debug|Any CPU
		{62FB7CD5-00F6-4131-8623-53C2E44B8ABE}.Debug|x86.ActiveCfg = Debug|Any CPU
		{62FB7CD5-00F6-4131-8623-53C2E44B8ABE}.Debug|x86.Build.0 = Debug|Any CPU
		{62FB7CD5-00F6-4131-8623-53C2E44B8ABE}.Release|Any CPU.ActiveCfg = Release|Any CPU
		{62FB7CD5-00F6-4131-8623-53C2E44B8ABE}.Release|Any CPU.Build.0 = Release|Any CPU
		{62FB7CD5-00F6-4131-8623-53C2E44B8ABE}.Release|ARM.ActiveCfg = Release|Any CPU
		{62FB7CD5-00F6-4131-8623-53C2E44B8ABE}.Release|ARM.Build.0 = Release|Any CPU
		{62FB7CD5-00F6-4131-8623-53C2E44B8ABE}.Release|x64.ActiveCfg = Release|Any CPU
		{62FB7CD5-00F6-4131-8623-53C2E44B8ABE}.Release|x64.Build.0 = Release|Any CPU
		{62FB7CD5-00F6-4131-8623-53C2E44B8ABE}.Release|x86.ActiveCfg = Release|Any CPU
		{62FB7CD5-00F6-4131-8623-53C2E44B8ABE}.Release|x86.Build.0 = Release|Any CPU
		{1CC3952F-22AB-4EDF-9A3D-6B2A47F96AFB}.Debug|Any CPU.ActiveCfg = Debug|Any CPU
		{1CC3952F-22AB-4EDF-9A3D-6B2A47F96AFB}.Debug|Any CPU.Build.0 = Debug|Any CPU
		{1CC3952F-22AB-4EDF-9A3D-6B2A47F96AFB}.Debug|ARM.ActiveCfg = Debug|Any CPU
		{1CC3952F-22AB-4EDF-9A3D-6B2A47F96AFB}.Debug|ARM.Build.0 = Debug|Any CPU
		{1CC3952F-22AB-4EDF-9A3D-6B2A47F96AFB}.Debug|x64.ActiveCfg = Debug|Any CPU
		{1CC3952F-22AB-4EDF-9A3D-6B2A47F96AFB}.Debug|x64.Build.0 = Debug|Any CPU
		{1CC3952F-22AB-4EDF-9A3D-6B2A47F96AFB}.Debug|x86.ActiveCfg = Debug|Any CPU
		{1CC3952F-22AB-4EDF-9A3D-6B2A47F96AFB}.Debug|x86.Build.0 = Debug|Any CPU
		{1CC3952F-22AB-4EDF-9A3D-6B2A47F96AFB}.Release|Any CPU.ActiveCfg = Release|Any CPU
		{1CC3952F-22AB-4EDF-9A3D-6B2A47F96AFB}.Release|Any CPU.Build.0 = Release|Any CPU
		{1CC3952F-22AB-4EDF-9A3D-6B2A47F96AFB}.Release|ARM.ActiveCfg = Release|Any CPU
		{1CC3952F-22AB-4EDF-9A3D-6B2A47F96AFB}.Release|ARM.Build.0 = Release|Any CPU
		{1CC3952F-22AB-4EDF-9A3D-6B2A47F96AFB}.Release|x64.ActiveCfg = Release|Any CPU
		{1CC3952F-22AB-4EDF-9A3D-6B2A47F96AFB}.Release|x64.Build.0 = Release|Any CPU
		{1CC3952F-22AB-4EDF-9A3D-6B2A47F96AFB}.Release|x86.ActiveCfg = Release|Any CPU
		{1CC3952F-22AB-4EDF-9A3D-6B2A47F96AFB}.Release|x86.Build.0 = Release|Any CPU
		{380AED0D-BF1F-4E0E-91D6-AEF79D6EEA16}.Debug|Any CPU.ActiveCfg = Debug|Any CPU
		{380AED0D-BF1F-4E0E-91D6-AEF79D6EEA16}.Debug|Any CPU.Build.0 = Debug|Any CPU
		{380AED0D-BF1F-4E0E-91D6-AEF79D6EEA16}.Debug|ARM.ActiveCfg = Debug|Any CPU
		{380AED0D-BF1F-4E0E-91D6-AEF79D6EEA16}.Debug|ARM.Build.0 = Debug|Any CPU
		{380AED0D-BF1F-4E0E-91D6-AEF79D6EEA16}.Debug|x64.ActiveCfg = Debug|Any CPU
		{380AED0D-BF1F-4E0E-91D6-AEF79D6EEA16}.Debug|x64.Build.0 = Debug|Any CPU
		{380AED0D-BF1F-4E0E-91D6-AEF79D6EEA16}.Debug|x86.ActiveCfg = Debug|Any CPU
		{380AED0D-BF1F-4E0E-91D6-AEF79D6EEA16}.Debug|x86.Build.0 = Debug|Any CPU
		{380AED0D-BF1F-4E0E-91D6-AEF79D6EEA16}.Release|Any CPU.ActiveCfg = Release|Any CPU
		{380AED0D-BF1F-4E0E-91D6-AEF79D6EEA16}.Release|Any CPU.Build.0 = Release|Any CPU
		{380AED0D-BF1F-4E0E-91D6-AEF79D6EEA16}.Release|ARM.ActiveCfg = Release|Any CPU
		{380AED0D-BF1F-4E0E-91D6-AEF79D6EEA16}.Release|ARM.Build.0 = Release|Any CPU
		{380AED0D-BF1F-4E0E-91D6-AEF79D6EEA16}.Release|x64.ActiveCfg = Release|Any CPU
		{380AED0D-BF1F-4E0E-91D6-AEF79D6EEA16}.Release|x64.Build.0 = Release|Any CPU
		{380AED0D-BF1F-4E0E-91D6-AEF79D6EEA16}.Release|x86.ActiveCfg = Release|Any CPU
		{380AED0D-BF1F-4E0E-91D6-AEF79D6EEA16}.Release|x86.Build.0 = Release|Any CPU
		{2C38F531-C060-4AEB-AB65-3F2BF412D19F}.Debug|Any CPU.ActiveCfg = Debug|Any CPU
		{2C38F531-C060-4AEB-AB65-3F2BF412D19F}.Debug|Any CPU.Build.0 = Debug|Any CPU
		{2C38F531-C060-4AEB-AB65-3F2BF412D19F}.Debug|ARM.ActiveCfg = Debug|Any CPU
		{2C38F531-C060-4AEB-AB65-3F2BF412D19F}.Debug|ARM.Build.0 = Debug|Any CPU
		{2C38F531-C060-4AEB-AB65-3F2BF412D19F}.Debug|x64.ActiveCfg = Debug|Any CPU
		{2C38F531-C060-4AEB-AB65-3F2BF412D19F}.Debug|x64.Build.0 = Debug|Any CPU
		{2C38F531-C060-4AEB-AB65-3F2BF412D19F}.Debug|x86.ActiveCfg = Debug|Any CPU
		{2C38F531-C060-4AEB-AB65-3F2BF412D19F}.Debug|x86.Build.0 = Debug|Any CPU
		{2C38F531-C060-4AEB-AB65-3F2BF412D19F}.Release|Any CPU.ActiveCfg = Release|Any CPU
		{2C38F531-C060-4AEB-AB65-3F2BF412D19F}.Release|Any CPU.Build.0 = Release|Any CPU
		{2C38F531-C060-4AEB-AB65-3F2BF412D19F}.Release|ARM.ActiveCfg = Release|Any CPU
		{2C38F531-C060-4AEB-AB65-3F2BF412D19F}.Release|ARM.Build.0 = Release|Any CPU
		{2C38F531-C060-4AEB-AB65-3F2BF412D19F}.Release|x64.ActiveCfg = Release|Any CPU
		{2C38F531-C060-4AEB-AB65-3F2BF412D19F}.Release|x64.Build.0 = Release|Any CPU
		{2C38F531-C060-4AEB-AB65-3F2BF412D19F}.Release|x86.ActiveCfg = Release|Any CPU
		{2C38F531-C060-4AEB-AB65-3F2BF412D19F}.Release|x86.Build.0 = Release|Any CPU
		{5006AB4D-2677-4CEF-BFE4-63D258650C8F}.Debug|Any CPU.ActiveCfg = Debug|Any CPU
		{5006AB4D-2677-4CEF-BFE4-63D258650C8F}.Debug|Any CPU.Build.0 = Debug|Any CPU
		{5006AB4D-2677-4CEF-BFE4-63D258650C8F}.Debug|ARM.ActiveCfg = Debug|Any CPU
		{5006AB4D-2677-4CEF-BFE4-63D258650C8F}.Debug|ARM.Build.0 = Debug|Any CPU
		{5006AB4D-2677-4CEF-BFE4-63D258650C8F}.Debug|x64.ActiveCfg = Debug|Any CPU
		{5006AB4D-2677-4CEF-BFE4-63D258650C8F}.Debug|x64.Build.0 = Debug|Any CPU
		{5006AB4D-2677-4CEF-BFE4-63D258650C8F}.Debug|x86.ActiveCfg = Debug|Any CPU
		{5006AB4D-2677-4CEF-BFE4-63D258650C8F}.Debug|x86.Build.0 = Debug|Any CPU
		{5006AB4D-2677-4CEF-BFE4-63D258650C8F}.Release|Any CPU.ActiveCfg = Release|Any CPU
		{5006AB4D-2677-4CEF-BFE4-63D258650C8F}.Release|Any CPU.Build.0 = Release|Any CPU
		{5006AB4D-2677-4CEF-BFE4-63D258650C8F}.Release|ARM.ActiveCfg = Release|Any CPU
		{5006AB4D-2677-4CEF-BFE4-63D258650C8F}.Release|ARM.Build.0 = Release|Any CPU
		{5006AB4D-2677-4CEF-BFE4-63D258650C8F}.Release|x64.ActiveCfg = Release|Any CPU
		{5006AB4D-2677-4CEF-BFE4-63D258650C8F}.Release|x64.Build.0 = Release|Any CPU
		{5006AB4D-2677-4CEF-BFE4-63D258650C8F}.Release|x86.ActiveCfg = Release|Any CPU
		{5006AB4D-2677-4CEF-BFE4-63D258650C8F}.Release|x86.Build.0 = Release|Any CPU
	EndGlobalSection
	GlobalSection(SolutionProperties) = preSolution
		HideSolutionNode = FALSE
	EndGlobalSection
	GlobalSection(NestedProjects) = preSolution
		{10B51C05-30BC-412A-BFFB-8C2C02753528} = {33E2A6E5-246F-420B-A13C-AA4B617EBFB2}
		{AF224856-8194-4CA0-92D9-03926B743987} = {33E2A6E5-246F-420B-A13C-AA4B617EBFB2}
		{D3FB3310-A761-45B5-AC4B-78FE90C2829C} = {D07452C1-0C0A-45C3-8A1B-33BD8FF93C5E}
		{710B61C1-E7E0-4D8F-BF39-F82086D610ED} = {D07452C1-0C0A-45C3-8A1B-33BD8FF93C5E}
		{DE13BC69-B822-45EA-846F-DDEF66D34BD9} = {FA4B348E-3BBD-4F98-B429-891376EBA17E}
		{305C0F3D-1A51-4D8C-8729-481F73A7C7D6} = {AF224856-8194-4CA0-92D9-03926B743987}
		{678473BD-87FC-4788-A444-4ABF45FDCFEC} = {FA4B348E-3BBD-4F98-B429-891376EBA17E}
		{78AB08FB-F75D-4F93-A25F-164BF90DD408} = {D07452C1-0C0A-45C3-8A1B-33BD8FF93C5E}
		{1D67478A-1328-41D9-92FB-0BA703332616} = {B0203648-89A2-4875-AD9C-F5485AD3E96F}
		{48543B7C-D8FF-4AAC-B3BA-F8CC53EF6E01} = {B0203648-89A2-4875-AD9C-F5485AD3E96F}
		{2DBD5996-521B-4BD2-9ECF-35C5B9BC1A59} = {B0203648-89A2-4875-AD9C-F5485AD3E96F}
		{061D1C1C-52A7-4FCB-9DF8-C1E28BFAD378} = {B0203648-89A2-4875-AD9C-F5485AD3E96F}
		{12B643A2-F86D-43F9-A206-54555368424E} = {AF224856-8194-4CA0-92D9-03926B743987}
		{A4661436-103A-49F9-9D63-91DF66FB145B} = {AF224856-8194-4CA0-92D9-03926B743987}
		{7323D1D6-0ADA-45E8-851D-8141D39FDCAA} = {FA4B348E-3BBD-4F98-B429-891376EBA17E}
		{219F3832-EC76-44CD-B601-EE5850F40FAF} = {FA4B348E-3BBD-4F98-B429-891376EBA17E}
		{BA110F39-09D9-4D7F-91CF-0604E5715EA2} = {FA4B348E-3BBD-4F98-B429-891376EBA17E}
		{7CAA96BD-6CD3-48FF-B837-C894F7FB56FB} = {FA4B348E-3BBD-4F98-B429-891376EBA17E}
		{0DE2F665-B866-4172-8E0D-4389E30C4FFF} = {FA4B348E-3BBD-4F98-B429-891376EBA17E}
		{97D730F7-3DB3-4982-A2B9-E4D1610E5B31} = {FA4B348E-3BBD-4F98-B429-891376EBA17E}
		{8ABA1836-A43C-42BF-897D-D30CD7B08341} = {B0203648-89A2-4875-AD9C-F5485AD3E96F}
		{54D9E286-BEF2-4C68-B45E-43DE645DF9C4} = {AF224856-8194-4CA0-92D9-03926B743987}
		{2B7FA3B4-B3BF-4D5F-B7D3-3E6E41D361BB} = {AF224856-8194-4CA0-92D9-03926B743987}
		{243CB9E1-D941-4811-BBCA-C1217C21D87C} = {AF224856-8194-4CA0-92D9-03926B743987}
		{A9ACA8B9-74F7-4512-B70D-12D657C6D589} = {AF224856-8194-4CA0-92D9-03926B743987}
		{0979D5C1-6143-49F2-BBF7-E3F0A83469DC} = {AF224856-8194-4CA0-92D9-03926B743987}
		{18C35C0C-BF01-4AF3-A326-44C188537675} = {FA4B348E-3BBD-4F98-B429-891376EBA17E}
		{7B57E4CD-99B2-463B-A24F-2008D4515EB6} = {AF224856-8194-4CA0-92D9-03926B743987}
		{9DC84D95-BC60-4E97-B882-D72612957548} = {10B51C05-30BC-412A-BFFB-8C2C02753528}
		{62FB7CD5-00F6-4131-8623-53C2E44B8ABE} = {10B51C05-30BC-412A-BFFB-8C2C02753528}
		{1CC3952F-22AB-4EDF-9A3D-6B2A47F96AFB} = {10B51C05-30BC-412A-BFFB-8C2C02753528}
		{380AED0D-BF1F-4E0E-91D6-AEF79D6EEA16} = {10B51C05-30BC-412A-BFFB-8C2C02753528}
		{2C38F531-C060-4AEB-AB65-3F2BF412D19F} = {10B51C05-30BC-412A-BFFB-8C2C02753528}
	EndGlobalSection
	GlobalSection(ExtensibilityGlobals) = postSolution
		SolutionGuid = {5E5D5E1F-E7F0-464C-A4AA-E8D4ABF412F7}
	EndGlobalSection
EndGlobal
