
Microsoft Visual Studio Solution File, Format Version 12.00
# Visual Studio 15
VisualStudioVersion = 15.0.26430.13
MinimumVisualStudioVersion = 10.0.40219.1
Project("{FAE04EC0-301F-11D3-BF4B-00C04F79EFBC}") = "WampSharp", "WampSharp\WampSharp.csproj", "{C7791470-B383-4BDA-87C9-AC5E0CAC251D}"
EndProject
Project("{2150E333-8FDC-42A3-9474-1A3956D46DE8}") = "Default", "Default", "{42A95E17-CC6C-4154-965B-737FD5FF841A}"
EndProject
Project("{FAE04EC0-301F-11D3-BF4B-00C04F79EFBC}") = "WampSharp.Windows", "Default\WampSharp.Windows\WampSharp.Windows.csproj", "{F2EBDF28-B601-4639-83CA-C7EEFD41282B}"
EndProject
Project("{FAE04EC0-301F-11D3-BF4B-00C04F79EFBC}") = "WampSharp.NewtonsoftJson", "Default\WampSharp.NewtonsoftJson\WampSharp.NewtonsoftJson.csproj", "{34F749C8-7F99-4E81-95D7-05C66987D5A7}"
EndProject
Project("{2150E333-8FDC-42A3-9474-1A3956D46DE8}") = "Tests", "Tests", "{7DC0C63A-B5B8-4A1F-AA81-8E46F513179B}"
EndProject
Project("{FAE04EC0-301F-11D3-BF4B-00C04F79EFBC}") = "WampSharp.Tests.TestHelpers", "Tests\WampSharp.Tests.TestHelpers\WampSharp.Tests.TestHelpers.csproj", "{F56560F1-6D27-4D6B-A4C8-EAD6A06776C5}"
EndProject
Project("{FAE04EC0-301F-11D3-BF4B-00C04F79EFBC}") = "WampSharp.Tests.Wampv2", "Tests\WampSharp.Tests.Wampv2\WampSharp.Tests.Wampv2.csproj", "{66A744A3-D3A6-423C-8145-E241A3C2FC32}"
EndProject
Project("{FAE04EC0-301F-11D3-BF4B-00C04F79EFBC}") = "WampSharp.Default.Client", "WampSharp.Default.Client\WampSharp.Default.Client.csproj", "{D14ABB25-6972-4B88-985A-681F74B243C7}"
EndProject
Global
	GlobalSection(SolutionConfigurationPlatforms) = preSolution
		Debug|Any CPU = Debug|Any CPU
		Debug|ARM = Debug|ARM
		Debug|x64 = Debug|x64
		Debug|x86 = Debug|x86
		Release|Any CPU = Release|Any CPU
		Release|ARM = Release|ARM
		Release|x64 = Release|x64
		Release|x86 = Release|x86
	EndGlobalSection
	GlobalSection(ProjectConfigurationPlatforms) = postSolution
		{C7791470-B383-4BDA-87C9-AC5E0CAC251D}.Debug|Any CPU.ActiveCfg = Debug|Any CPU
		{C7791470-B383-4BDA-87C9-AC5E0CAC251D}.Debug|Any CPU.Build.0 = Debug|Any CPU
		{C7791470-B383-4BDA-87C9-AC5E0CAC251D}.Debug|ARM.ActiveCfg = Debug|ARM
		{C7791470-B383-4BDA-87C9-AC5E0CAC251D}.Debug|ARM.Build.0 = Debug|ARM
		{C7791470-B383-4BDA-87C9-AC5E0CAC251D}.Debug|x64.ActiveCfg = Debug|x64
		{C7791470-B383-4BDA-87C9-AC5E0CAC251D}.Debug|x64.Build.0 = Debug|x64
		{C7791470-B383-4BDA-87C9-AC5E0CAC251D}.Debug|x86.ActiveCfg = Debug|x86
		{C7791470-B383-4BDA-87C9-AC5E0CAC251D}.Debug|x86.Build.0 = Debug|x86
		{C7791470-B383-4BDA-87C9-AC5E0CAC251D}.Release|Any CPU.ActiveCfg = Release|Any CPU
		{C7791470-B383-4BDA-87C9-AC5E0CAC251D}.Release|Any CPU.Build.0 = Release|Any CPU
		{C7791470-B383-4BDA-87C9-AC5E0CAC251D}.Release|ARM.ActiveCfg = Release|ARM
		{C7791470-B383-4BDA-87C9-AC5E0CAC251D}.Release|ARM.Build.0 = Release|ARM
		{C7791470-B383-4BDA-87C9-AC5E0CAC251D}.Release|x64.ActiveCfg = Release|x64
		{C7791470-B383-4BDA-87C9-AC5E0CAC251D}.Release|x64.Build.0 = Release|x64
		{C7791470-B383-4BDA-87C9-AC5E0CAC251D}.Release|x86.ActiveCfg = Release|x86
		{C7791470-B383-4BDA-87C9-AC5E0CAC251D}.Release|x86.Build.0 = Release|x86
		{F2EBDF28-B601-4639-83CA-C7EEFD41282B}.Debug|Any CPU.ActiveCfg = Debug|Any CPU
		{F2EBDF28-B601-4639-83CA-C7EEFD41282B}.Debug|Any CPU.Build.0 = Debug|Any CPU
		{F2EBDF28-B601-4639-83CA-C7EEFD41282B}.Debug|ARM.ActiveCfg = Debug|ARM
		{F2EBDF28-B601-4639-83CA-C7EEFD41282B}.Debug|ARM.Build.0 = Debug|ARM
		{F2EBDF28-B601-4639-83CA-C7EEFD41282B}.Debug|x64.ActiveCfg = Debug|x64
		{F2EBDF28-B601-4639-83CA-C7EEFD41282B}.Debug|x64.Build.0 = Debug|x64
		{F2EBDF28-B601-4639-83CA-C7EEFD41282B}.Debug|x86.ActiveCfg = Debug|x86
		{F2EBDF28-B601-4639-83CA-C7EEFD41282B}.Debug|x86.Build.0 = Debug|x86
		{F2EBDF28-B601-4639-83CA-C7EEFD41282B}.Release|Any CPU.ActiveCfg = Release|Any CPU
		{F2EBDF28-B601-4639-83CA-C7EEFD41282B}.Release|Any CPU.Build.0 = Release|Any CPU
		{F2EBDF28-B601-4639-83CA-C7EEFD41282B}.Release|ARM.ActiveCfg = Release|ARM
		{F2EBDF28-B601-4639-83CA-C7EEFD41282B}.Release|ARM.Build.0 = Release|ARM
		{F2EBDF28-B601-4639-83CA-C7EEFD41282B}.Release|x64.ActiveCfg = Release|x64
		{F2EBDF28-B601-4639-83CA-C7EEFD41282B}.Release|x64.Build.0 = Release|x64
		{F2EBDF28-B601-4639-83CA-C7EEFD41282B}.Release|x86.ActiveCfg = Release|x86
		{F2EBDF28-B601-4639-83CA-C7EEFD41282B}.Release|x86.Build.0 = Release|x86
		{34F749C8-7F99-4E81-95D7-05C66987D5A7}.Debug|Any CPU.ActiveCfg = Debug|Any CPU
		{34F749C8-7F99-4E81-95D7-05C66987D5A7}.Debug|Any CPU.Build.0 = Debug|Any CPU
		{34F749C8-7F99-4E81-95D7-05C66987D5A7}.Debug|ARM.ActiveCfg = Debug|ARM
		{34F749C8-7F99-4E81-95D7-05C66987D5A7}.Debug|ARM.Build.0 = Debug|ARM
		{34F749C8-7F99-4E81-95D7-05C66987D5A7}.Debug|x64.ActiveCfg = Debug|x64
		{34F749C8-7F99-4E81-95D7-05C66987D5A7}.Debug|x64.Build.0 = Debug|x64
		{34F749C8-7F99-4E81-95D7-05C66987D5A7}.Debug|x86.ActiveCfg = Debug|x86
		{34F749C8-7F99-4E81-95D7-05C66987D5A7}.Debug|x86.Build.0 = Debug|x86
		{34F749C8-7F99-4E81-95D7-05C66987D5A7}.Release|Any CPU.ActiveCfg = Release|Any CPU
		{34F749C8-7F99-4E81-95D7-05C66987D5A7}.Release|Any CPU.Build.0 = Release|Any CPU
		{34F749C8-7F99-4E81-95D7-05C66987D5A7}.Release|ARM.ActiveCfg = Release|ARM
		{34F749C8-7F99-4E81-95D7-05C66987D5A7}.Release|ARM.Build.0 = Release|ARM
		{34F749C8-7F99-4E81-95D7-05C66987D5A7}.Release|x64.ActiveCfg = Release|x64
		{34F749C8-7F99-4E81-95D7-05C66987D5A7}.Release|x64.Build.0 = Release|x64
		{34F749C8-7F99-4E81-95D7-05C66987D5A7}.Release|x86.ActiveCfg = Release|x86
		{34F749C8-7F99-4E81-95D7-05C66987D5A7}.Release|x86.Build.0 = Release|x86
		{F56560F1-6D27-4D6B-A4C8-EAD6A06776C5}.Debug|Any CPU.ActiveCfg = Debug|Any CPU
		{F56560F1-6D27-4D6B-A4C8-EAD6A06776C5}.Debug|Any CPU.Build.0 = Debug|Any CPU
		{F56560F1-6D27-4D6B-A4C8-EAD6A06776C5}.Debug|ARM.ActiveCfg = Debug|ARM
		{F56560F1-6D27-4D6B-A4C8-EAD6A06776C5}.Debug|ARM.Build.0 = Debug|ARM
		{F56560F1-6D27-4D6B-A4C8-EAD6A06776C5}.Debug|x64.ActiveCfg = Debug|x64
		{F56560F1-6D27-4D6B-A4C8-EAD6A06776C5}.Debug|x64.Build.0 = Debug|x64
		{F56560F1-6D27-4D6B-A4C8-EAD6A06776C5}.Debug|x86.ActiveCfg = Debug|x86
		{F56560F1-6D27-4D6B-A4C8-EAD6A06776C5}.Debug|x86.Build.0 = Debug|x86
		{F56560F1-6D27-4D6B-A4C8-EAD6A06776C5}.Release|Any CPU.ActiveCfg = Release|Any CPU
		{F56560F1-6D27-4D6B-A4C8-EAD6A06776C5}.Release|Any CPU.Build.0 = Release|Any CPU
		{F56560F1-6D27-4D6B-A4C8-EAD6A06776C5}.Release|ARM.ActiveCfg = Release|ARM
		{F56560F1-6D27-4D6B-A4C8-EAD6A06776C5}.Release|ARM.Build.0 = Release|ARM
		{F56560F1-6D27-4D6B-A4C8-EAD6A06776C5}.Release|x64.ActiveCfg = Release|x64
		{F56560F1-6D27-4D6B-A4C8-EAD6A06776C5}.Release|x64.Build.0 = Release|x64
		{F56560F1-6D27-4D6B-A4C8-EAD6A06776C5}.Release|x86.ActiveCfg = Release|x86
		{F56560F1-6D27-4D6B-A4C8-EAD6A06776C5}.Release|x86.Build.0 = Release|x86
		{66A744A3-D3A6-423C-8145-E241A3C2FC32}.Debug|Any CPU.ActiveCfg = Debug|Any CPU
		{66A744A3-D3A6-423C-8145-E241A3C2FC32}.Debug|Any CPU.Build.0 = Debug|Any CPU
		{66A744A3-D3A6-423C-8145-E241A3C2FC32}.Debug|ARM.ActiveCfg = Debug|ARM
		{66A744A3-D3A6-423C-8145-E241A3C2FC32}.Debug|ARM.Build.0 = Debug|ARM
		{66A744A3-D3A6-423C-8145-E241A3C2FC32}.Debug|x64.ActiveCfg = Debug|x64
		{66A744A3-D3A6-423C-8145-E241A3C2FC32}.Debug|x64.Build.0 = Debug|x64
		{66A744A3-D3A6-423C-8145-E241A3C2FC32}.Debug|x86.ActiveCfg = Debug|x86
		{66A744A3-D3A6-423C-8145-E241A3C2FC32}.Debug|x86.Build.0 = Debug|x86
		{66A744A3-D3A6-423C-8145-E241A3C2FC32}.Release|Any CPU.ActiveCfg = Release|Any CPU
		{66A744A3-D3A6-423C-8145-E241A3C2FC32}.Release|Any CPU.Build.0 = Release|Any CPU
		{66A744A3-D3A6-423C-8145-E241A3C2FC32}.Release|ARM.ActiveCfg = Release|ARM
		{66A744A3-D3A6-423C-8145-E241A3C2FC32}.Release|ARM.Build.0 = Release|ARM
		{66A744A3-D3A6-423C-8145-E241A3C2FC32}.Release|x64.ActiveCfg = Release|x64
		{66A744A3-D3A6-423C-8145-E241A3C2FC32}.Release|x64.Build.0 = Release|x64
		{66A744A3-D3A6-423C-8145-E241A3C2FC32}.Release|x86.ActiveCfg = Release|x86
		{66A744A3-D3A6-423C-8145-E241A3C2FC32}.Release|x86.Build.0 = Release|x86
		{D14ABB25-6972-4B88-985A-681F74B243C7}.Debug|Any CPU.ActiveCfg = Debug|Any CPU
		{D14ABB25-6972-4B88-985A-681F74B243C7}.Debug|Any CPU.Build.0 = Debug|Any CPU
		{D14ABB25-6972-4B88-985A-681F74B243C7}.Debug|ARM.ActiveCfg = Debug|ARM
		{D14ABB25-6972-4B88-985A-681F74B243C7}.Debug|ARM.Build.0 = Debug|ARM
		{D14ABB25-6972-4B88-985A-681F74B243C7}.Debug|x64.ActiveCfg = Debug|x64
		{D14ABB25-6972-4B88-985A-681F74B243C7}.Debug|x64.Build.0 = Debug|x64
		{D14ABB25-6972-4B88-985A-681F74B243C7}.Debug|x86.ActiveCfg = Debug|x86
		{D14ABB25-6972-4B88-985A-681F74B243C7}.Debug|x86.Build.0 = Debug|x86
		{D14ABB25-6972-4B88-985A-681F74B243C7}.Release|Any CPU.ActiveCfg = Release|Any CPU
		{D14ABB25-6972-4B88-985A-681F74B243C7}.Release|Any CPU.Build.0 = Release|Any CPU
		{D14ABB25-6972-4B88-985A-681F74B243C7}.Release|ARM.ActiveCfg = Release|ARM
		{D14ABB25-6972-4B88-985A-681F74B243C7}.Release|ARM.Build.0 = Release|ARM
		{D14ABB25-6972-4B88-985A-681F74B243C7}.Release|x64.ActiveCfg = Release|x64
		{D14ABB25-6972-4B88-985A-681F74B243C7}.Release|x64.Build.0 = Release|x64
		{D14ABB25-6972-4B88-985A-681F74B243C7}.Release|x86.ActiveCfg = Release|x86
		{D14ABB25-6972-4B88-985A-681F74B243C7}.Release|x86.Build.0 = Release|x86
	EndGlobalSection
	GlobalSection(SolutionProperties) = preSolution
		HideSolutionNode = FALSE
	EndGlobalSection
	GlobalSection(NestedProjects) = preSolution
		{F2EBDF28-B601-4639-83CA-C7EEFD41282B} = {42A95E17-CC6C-4154-965B-737FD5FF841A}
		{34F749C8-7F99-4E81-95D7-05C66987D5A7} = {42A95E17-CC6C-4154-965B-737FD5FF841A}
		{F56560F1-6D27-4D6B-A4C8-EAD6A06776C5} = {7DC0C63A-B5B8-4A1F-AA81-8E46F513179B}
		{66A744A3-D3A6-423C-8145-E241A3C2FC32} = {7DC0C63A-B5B8-4A1F-AA81-8E46F513179B}
	EndGlobalSection
EndGlobal
