
Microsoft Visual Studio Solution File, Format Version 12.00
# Visual Studio Version 16
VisualStudioVersion = 16.0.29209.152
MinimumVisualStudioVersion = 10.0.40219.1
Project("{2150E333-8FDC-42A3-9474-1A3956D46DE8}") = "Default", "Default", "{42A95E17-CC6C-4154-965B-737FD5FF841A}"
EndProject
Project("{2150E333-8FDC-42A3-9474-1A3956D46DE8}") = "Tests", "Tests", "{7DC0C63A-B5B8-4A1F-AA81-8E46F513179B}"
EndProject
Project("{FAE04EC0-301F-11D3-BF4B-00C04F79EFBC}") = "WampSharp", "WampSharp\WampSharp.csproj", "{49B14115-4300-4717-8AB3-172C48F2CC20}"
EndProject
Project("{FAE04EC0-301F-11D3-BF4B-00C04F79EFBC}") = "WampSharp.Windows", "Default\WampSharp.Windows\WampSharp.Windows.csproj", "{4A746F5E-1032-41C4-B9DA-E275A9DF1C07}"
EndProject
Project("{FAE04EC0-301F-11D3-BF4B-00C04F79EFBC}") = "WampSharp.NewtonsoftJson", "Default\WampSharp.NewtonsoftJson\WampSharp.NewtonsoftJson.csproj", "{2F918498-D01E-4B6D-9B4E-C6C56EEC5DC6}"
EndProject
Project("{FAE04EC0-301F-11D3-BF4B-00C04F79EFBC}") = "WampSharp.Tests.TestHelpers", "Tests\WampSharp.Tests.TestHelpers\WampSharp.Tests.TestHelpers.csproj", "{936CDEC7-B369-4D5C-B05E-DF8E261371D0}"
EndProject
Project("{FAE04EC0-301F-11D3-BF4B-00C04F79EFBC}") = "WampSharp.Tests.Wampv2", "Tests\WampSharp.Tests.Wampv2\WampSharp.Tests.Wampv2.csproj", "{A4C69513-512F-4945-9EDF-32F7D656BEBA}"
EndProject
Project("{FAE04EC0-301F-11D3-BF4B-00C04F79EFBC}") = "WampSharp.Default.Client", "WampSharp.Default.Client\WampSharp.Default.Client.csproj", "{CCCF4015-7EC5-4AD7-AC19-FE7CE934347B}"
EndProject
Global
	GlobalSection(SolutionConfigurationPlatforms) = preSolution
		Debug|Any CPU = Debug|Any CPU
		Debug|ARM = Debug|ARM
		Debug|ARM64 = Debug|ARM64
		Debug|x64 = Debug|x64
		Debug|x86 = Debug|x86
		Release|Any CPU = Release|Any CPU
		Release|ARM = Release|ARM
		Release|ARM64 = Release|ARM64
		Release|x64 = Release|x64
		Release|x86 = Release|x86
	EndGlobalSection
	GlobalSection(ProjectConfigurationPlatforms) = postSolution
		{49B14115-4300-4717-8AB3-172C48F2CC20}.Debug|Any CPU.ActiveCfg = Debug|Any CPU
		{49B14115-4300-4717-8AB3-172C48F2CC20}.Debug|Any CPU.Build.0 = Debug|Any CPU
		{49B14115-4300-4717-8AB3-172C48F2CC20}.Debug|ARM.ActiveCfg = Debug|ARM
		{49B14115-4300-4717-8AB3-172C48F2CC20}.Debug|ARM.Build.0 = Debug|ARM
		{49B14115-4300-4717-8AB3-172C48F2CC20}.Debug|ARM64.ActiveCfg = Debug|ARM64
		{49B14115-4300-4717-8AB3-172C48F2CC20}.Debug|ARM64.Build.0 = Debug|ARM64
		{49B14115-4300-4717-8AB3-172C48F2CC20}.Debug|x64.ActiveCfg = Debug|x64
		{49B14115-4300-4717-8AB3-172C48F2CC20}.Debug|x64.Build.0 = Debug|x64
		{49B14115-4300-4717-8AB3-172C48F2CC20}.Debug|x86.ActiveCfg = Debug|x86
		{49B14115-4300-4717-8AB3-172C48F2CC20}.Debug|x86.Build.0 = Debug|x86
		{49B14115-4300-4717-8AB3-172C48F2CC20}.Release|Any CPU.ActiveCfg = Release|Any CPU
		{49B14115-4300-4717-8AB3-172C48F2CC20}.Release|Any CPU.Build.0 = Release|Any CPU
		{49B14115-4300-4717-8AB3-172C48F2CC20}.Release|ARM.ActiveCfg = Release|ARM
		{49B14115-4300-4717-8AB3-172C48F2CC20}.Release|ARM.Build.0 = Release|ARM
		{49B14115-4300-4717-8AB3-172C48F2CC20}.Release|ARM64.ActiveCfg = Release|ARM64
		{49B14115-4300-4717-8AB3-172C48F2CC20}.Release|ARM64.Build.0 = Release|ARM64
		{49B14115-4300-4717-8AB3-172C48F2CC20}.Release|x64.ActiveCfg = Release|x64
		{49B14115-4300-4717-8AB3-172C48F2CC20}.Release|x64.Build.0 = Release|x64
		{49B14115-4300-4717-8AB3-172C48F2CC20}.Release|x86.ActiveCfg = Release|x86
		{49B14115-4300-4717-8AB3-172C48F2CC20}.Release|x86.Build.0 = Release|x86
		{4A746F5E-1032-41C4-B9DA-E275A9DF1C07}.Debug|Any CPU.ActiveCfg = Debug|Any CPU
		{4A746F5E-1032-41C4-B9DA-E275A9DF1C07}.Debug|Any CPU.Build.0 = Debug|Any CPU
		{4A746F5E-1032-41C4-B9DA-E275A9DF1C07}.Debug|ARM.ActiveCfg = Debug|ARM
		{4A746F5E-1032-41C4-B9DA-E275A9DF1C07}.Debug|ARM.Build.0 = Debug|ARM
		{4A746F5E-1032-41C4-B9DA-E275A9DF1C07}.Debug|ARM64.ActiveCfg = Debug|ARM64
		{4A746F5E-1032-41C4-B9DA-E275A9DF1C07}.Debug|ARM64.Build.0 = Debug|ARM64
		{4A746F5E-1032-41C4-B9DA-E275A9DF1C07}.Debug|x64.ActiveCfg = Debug|x64
		{4A746F5E-1032-41C4-B9DA-E275A9DF1C07}.Debug|x64.Build.0 = Debug|x64
		{4A746F5E-1032-41C4-B9DA-E275A9DF1C07}.Debug|x86.ActiveCfg = Debug|x86
		{4A746F5E-1032-41C4-B9DA-E275A9DF1C07}.Debug|x86.Build.0 = Debug|x86
		{4A746F5E-1032-41C4-B9DA-E275A9DF1C07}.Release|Any CPU.ActiveCfg = Release|Any CPU
		{4A746F5E-1032-41C4-B9DA-E275A9DF1C07}.Release|Any CPU.Build.0 = Release|Any CPU
		{4A746F5E-1032-41C4-B9DA-E275A9DF1C07}.Release|ARM.ActiveCfg = Release|ARM
		{4A746F5E-1032-41C4-B9DA-E275A9DF1C07}.Release|ARM.Build.0 = Release|ARM
		{4A746F5E-1032-41C4-B9DA-E275A9DF1C07}.Release|ARM64.ActiveCfg = Release|ARM64
		{4A746F5E-1032-41C4-B9DA-E275A9DF1C07}.Release|ARM64.Build.0 = Release|ARM64
		{4A746F5E-1032-41C4-B9DA-E275A9DF1C07}.Release|x64.ActiveCfg = Release|x64
		{4A746F5E-1032-41C4-B9DA-E275A9DF1C07}.Release|x64.Build.0 = Release|x64
		{4A746F5E-1032-41C4-B9DA-E275A9DF1C07}.Release|x86.ActiveCfg = Release|x86
		{4A746F5E-1032-41C4-B9DA-E275A9DF1C07}.Release|x86.Build.0 = Release|x86
		{2F918498-D01E-4B6D-9B4E-C6C56EEC5DC6}.Debug|Any CPU.ActiveCfg = Debug|Any CPU
		{2F918498-D01E-4B6D-9B4E-C6C56EEC5DC6}.Debug|Any CPU.Build.0 = Debug|Any CPU
		{2F918498-D01E-4B6D-9B4E-C6C56EEC5DC6}.Debug|ARM.ActiveCfg = Debug|ARM
		{2F918498-D01E-4B6D-9B4E-C6C56EEC5DC6}.Debug|ARM.Build.0 = Debug|ARM
		{2F918498-D01E-4B6D-9B4E-C6C56EEC5DC6}.Debug|ARM64.ActiveCfg = Debug|ARM64
		{2F918498-D01E-4B6D-9B4E-C6C56EEC5DC6}.Debug|ARM64.Build.0 = Debug|ARM64
		{2F918498-D01E-4B6D-9B4E-C6C56EEC5DC6}.Debug|x64.ActiveCfg = Debug|x64
		{2F918498-D01E-4B6D-9B4E-C6C56EEC5DC6}.Debug|x64.Build.0 = Debug|x64
		{2F918498-D01E-4B6D-9B4E-C6C56EEC5DC6}.Debug|x86.ActiveCfg = Debug|x86
		{2F918498-D01E-4B6D-9B4E-C6C56EEC5DC6}.Debug|x86.Build.0 = Debug|x86
		{2F918498-D01E-4B6D-9B4E-C6C56EEC5DC6}.Release|Any CPU.ActiveCfg = Release|Any CPU
		{2F918498-D01E-4B6D-9B4E-C6C56EEC5DC6}.Release|Any CPU.Build.0 = Release|Any CPU
		{2F918498-D01E-4B6D-9B4E-C6C56EEC5DC6}.Release|ARM.ActiveCfg = Release|ARM
		{2F918498-D01E-4B6D-9B4E-C6C56EEC5DC6}.Release|ARM.Build.0 = Release|ARM
		{2F918498-D01E-4B6D-9B4E-C6C56EEC5DC6}.Release|ARM64.ActiveCfg = Release|ARM64
		{2F918498-D01E-4B6D-9B4E-C6C56EEC5DC6}.Release|ARM64.Build.0 = Release|ARM64
		{2F918498-D01E-4B6D-9B4E-C6C56EEC5DC6}.Release|x64.ActiveCfg = Release|x64
		{2F918498-D01E-4B6D-9B4E-C6C56EEC5DC6}.Release|x64.Build.0 = Release|x64
		{2F918498-D01E-4B6D-9B4E-C6C56EEC5DC6}.Release|x86.ActiveCfg = Release|x86
		{2F918498-D01E-4B6D-9B4E-C6C56EEC5DC6}.Release|x86.Build.0 = Release|x86
		{936CDEC7-B369-4D5C-B05E-DF8E261371D0}.Debug|Any CPU.ActiveCfg = Debug|Any CPU
		{936CDEC7-B369-4D5C-B05E-DF8E261371D0}.Debug|Any CPU.Build.0 = Debug|Any CPU
		{936CDEC7-B369-4D5C-B05E-DF8E261371D0}.Debug|ARM.ActiveCfg = Debug|ARM
		{936CDEC7-B369-4D5C-B05E-DF8E261371D0}.Debug|ARM.Build.0 = Debug|ARM
		{936CDEC7-B369-4D5C-B05E-DF8E261371D0}.Debug|ARM64.ActiveCfg = Debug|ARM64
		{936CDEC7-B369-4D5C-B05E-DF8E261371D0}.Debug|ARM64.Build.0 = Debug|ARM64
		{936CDEC7-B369-4D5C-B05E-DF8E261371D0}.Debug|x64.ActiveCfg = Debug|x64
		{936CDEC7-B369-4D5C-B05E-DF8E261371D0}.Debug|x64.Build.0 = Debug|x64
		{936CDEC7-B369-4D5C-B05E-DF8E261371D0}.Debug|x86.ActiveCfg = Debug|x86
		{936CDEC7-B369-4D5C-B05E-DF8E261371D0}.Debug|x86.Build.0 = Debug|x86
		{936CDEC7-B369-4D5C-B05E-DF8E261371D0}.Release|Any CPU.ActiveCfg = Release|Any CPU
		{936CDEC7-B369-4D5C-B05E-DF8E261371D0}.Release|Any CPU.Build.0 = Release|Any CPU
		{936CDEC7-B369-4D5C-B05E-DF8E261371D0}.Release|ARM.ActiveCfg = Release|ARM
		{936CDEC7-B369-4D5C-B05E-DF8E261371D0}.Release|ARM.Build.0 = Release|ARM
		{936CDEC7-B369-4D5C-B05E-DF8E261371D0}.Release|ARM64.ActiveCfg = Release|ARM64
		{936CDEC7-B369-4D5C-B05E-DF8E261371D0}.Release|ARM64.Build.0 = Release|ARM64
		{936CDEC7-B369-4D5C-B05E-DF8E261371D0}.Release|x64.ActiveCfg = Release|x64
		{936CDEC7-B369-4D5C-B05E-DF8E261371D0}.Release|x64.Build.0 = Release|x64
		{936CDEC7-B369-4D5C-B05E-DF8E261371D0}.Release|x86.ActiveCfg = Release|x86
		{936CDEC7-B369-4D5C-B05E-DF8E261371D0}.Release|x86.Build.0 = Release|x86
		{A4C69513-512F-4945-9EDF-32F7D656BEBA}.Debug|Any CPU.ActiveCfg = Debug|Any CPU
		{A4C69513-512F-4945-9EDF-32F7D656BEBA}.Debug|Any CPU.Build.0 = Debug|Any CPU
		{A4C69513-512F-4945-9EDF-32F7D656BEBA}.Debug|ARM.ActiveCfg = Debug|ARM
		{A4C69513-512F-4945-9EDF-32F7D656BEBA}.Debug|ARM.Build.0 = Debug|ARM
		{A4C69513-512F-4945-9EDF-32F7D656BEBA}.Debug|ARM64.ActiveCfg = Debug|ARM64
		{A4C69513-512F-4945-9EDF-32F7D656BEBA}.Debug|ARM64.Build.0 = Debug|ARM64
		{A4C69513-512F-4945-9EDF-32F7D656BEBA}.Debug|x64.ActiveCfg = Debug|x64
		{A4C69513-512F-4945-9EDF-32F7D656BEBA}.Debug|x64.Build.0 = Debug|x64
		{A4C69513-512F-4945-9EDF-32F7D656BEBA}.Debug|x86.ActiveCfg = Debug|x86
		{A4C69513-512F-4945-9EDF-32F7D656BEBA}.Debug|x86.Build.0 = Debug|x86
		{A4C69513-512F-4945-9EDF-32F7D656BEBA}.Release|Any CPU.ActiveCfg = Release|Any CPU
		{A4C69513-512F-4945-9EDF-32F7D656BEBA}.Release|Any CPU.Build.0 = Release|Any CPU
		{A4C69513-512F-4945-9EDF-32F7D656BEBA}.Release|ARM.ActiveCfg = Release|ARM
		{A4C69513-512F-4945-9EDF-32F7D656BEBA}.Release|ARM.Build.0 = Release|ARM
		{A4C69513-512F-4945-9EDF-32F7D656BEBA}.Release|ARM64.ActiveCfg = Release|ARM64
		{A4C69513-512F-4945-9EDF-32F7D656BEBA}.Release|ARM64.Build.0 = Release|ARM64
		{A4C69513-512F-4945-9EDF-32F7D656BEBA}.Release|x64.ActiveCfg = Release|x64
		{A4C69513-512F-4945-9EDF-32F7D656BEBA}.Release|x64.Build.0 = Release|x64
		{A4C69513-512F-4945-9EDF-32F7D656BEBA}.Release|x86.ActiveCfg = Release|x86
		{A4C69513-512F-4945-9EDF-32F7D656BEBA}.Release|x86.Build.0 = Release|x86
		{CCCF4015-7EC5-4AD7-AC19-FE7CE934347B}.Debug|Any CPU.ActiveCfg = Debug|Any CPU
		{CCCF4015-7EC5-4AD7-AC19-FE7CE934347B}.Debug|Any CPU.Build.0 = Debug|Any CPU
		{CCCF4015-7EC5-4AD7-AC19-FE7CE934347B}.Debug|ARM.ActiveCfg = Debug|ARM
		{CCCF4015-7EC5-4AD7-AC19-FE7CE934347B}.Debug|ARM.Build.0 = Debug|ARM
		{CCCF4015-7EC5-4AD7-AC19-FE7CE934347B}.Debug|ARM64.ActiveCfg = Debug|ARM64
		{CCCF4015-7EC5-4AD7-AC19-FE7CE934347B}.Debug|ARM64.Build.0 = Debug|ARM64
		{CCCF4015-7EC5-4AD7-AC19-FE7CE934347B}.Debug|x64.ActiveCfg = Debug|x64
		{CCCF4015-7EC5-4AD7-AC19-FE7CE934347B}.Debug|x64.Build.0 = Debug|x64
		{CCCF4015-7EC5-4AD7-AC19-FE7CE934347B}.Debug|x86.ActiveCfg = Debug|x86
		{CCCF4015-7EC5-4AD7-AC19-FE7CE934347B}.Debug|x86.Build.0 = Debug|x86
		{CCCF4015-7EC5-4AD7-AC19-FE7CE934347B}.Release|Any CPU.ActiveCfg = Release|Any CPU
		{CCCF4015-7EC5-4AD7-AC19-FE7CE934347B}.Release|Any CPU.Build.0 = Release|Any CPU
		{CCCF4015-7EC5-4AD7-AC19-FE7CE934347B}.Release|ARM.ActiveCfg = Release|ARM
		{CCCF4015-7EC5-4AD7-AC19-FE7CE934347B}.Release|ARM.Build.0 = Release|ARM
		{CCCF4015-7EC5-4AD7-AC19-FE7CE934347B}.Release|ARM64.ActiveCfg = Release|ARM64
		{CCCF4015-7EC5-4AD7-AC19-FE7CE934347B}.Release|ARM64.Build.0 = Release|ARM64
		{CCCF4015-7EC5-4AD7-AC19-FE7CE934347B}.Release|x64.ActiveCfg = Release|x64
		{CCCF4015-7EC5-4AD7-AC19-FE7CE934347B}.Release|x64.Build.0 = Release|x64
		{CCCF4015-7EC5-4AD7-AC19-FE7CE934347B}.Release|x86.ActiveCfg = Release|x86
		{CCCF4015-7EC5-4AD7-AC19-FE7CE934347B}.Release|x86.Build.0 = Release|x86
	EndGlobalSection
	GlobalSection(SolutionProperties) = preSolution
		HideSolutionNode = FALSE
	EndGlobalSection
	GlobalSection(NestedProjects) = preSolution
		{4A746F5E-1032-41C4-B9DA-E275A9DF1C07} = {42A95E17-CC6C-4154-965B-737FD5FF841A}
		{2F918498-D01E-4B6D-9B4E-C6C56EEC5DC6} = {42A95E17-CC6C-4154-965B-737FD5FF841A}
		{936CDEC7-B369-4D5C-B05E-DF8E261371D0} = {7DC0C63A-B5B8-4A1F-AA81-8E46F513179B}
		{A4C69513-512F-4945-9EDF-32F7D656BEBA} = {7DC0C63A-B5B8-4A1F-AA81-8E46F513179B}
	EndGlobalSection
	GlobalSection(ExtensibilityGlobals) = postSolution
		SolutionGuid = {C890CBDE-A54D-4665-844F-CB7AEEB9838D}
	EndGlobalSection
EndGlobal
