
Microsoft Visual Studio Solution File, Format Version 12.00
# Visual Studio 14
VisualStudioVersion = 14.0.25123.0
MinimumVisualStudioVersion = 10.0.40219.1
Project("{8BB2217D-0F2D-49D1-97BC-3654ED321F3B}") = "WampSharp", "WampSharp\WampSharp.xproj", "{8C0B2BDF-2536-4BA6-ACE0-D3B1D8661556}"
EndProject
Project("{8BB2217D-0F2D-49D1-97BC-3654ED321F3B}") = "WampSharp.NewtonsoftJson", "Default\WampSharp.NewtonsoftJson\WampSharp.NewtonsoftJson.xproj", "{B027C87D-8A47-4412-BD83-CBB39EED9BE0}"
EndProject
Project("{2150E333-8FDC-42A3-9474-1A3956D46DE8}") = "Solution Items", "Solution Items", "{FA951E0E-BA98-4048-A13D-0B17BF6244CE}"
	ProjectSection(SolutionItems) = preProject
		global.json = global.json
	EndProjectSection
EndProject
Project("{2150E333-8FDC-42A3-9474-1A3956D46DE8}") = "Default", "Default", "{B14F3026-CE14-43B5-BBDC-333D3667EC51}"
EndProject
Project("{2150E333-8FDC-42A3-9474-1A3956D46DE8}") = "Extensions", "Extensions", "{2168D4FD-CE7F-44F0-8C4F-A36C9A5C5D29}"
EndProject
Project("{8BB2217D-0F2D-49D1-97BC-3654ED321F3B}") = "WampSharp.WebSocket", "Extensions\WampSharp.WebSocket\WampSharp.WebSocket.xproj", "{F3706F43-6A97-4AE1-9225-F995A99756F3}"
EndProject
Global
	GlobalSection(SolutionConfigurationPlatforms) = preSolution
		Debug|Any CPU = Debug|Any CPU
		Release|Any CPU = Release|Any CPU
	EndGlobalSection
	GlobalSection(ProjectConfigurationPlatforms) = postSolution
		{8C0B2BDF-2536-4BA6-ACE0-D3B1D8661556}.Debug|Any CPU.ActiveCfg = Debug|Any CPU
		{8C0B2BDF-2536-4BA6-ACE0-D3B1D8661556}.Debug|Any CPU.Build.0 = Debug|Any CPU
		{8C0B2BDF-2536-4BA6-ACE0-D3B1D8661556}.Release|Any CPU.ActiveCfg = Release|Any CPU
		{8C0B2BDF-2536-4BA6-ACE0-D3B1D8661556}.Release|Any CPU.Build.0 = Release|Any CPU
		{B027C87D-8A47-4412-BD83-CBB39EED9BE0}.Debug|Any CPU.ActiveCfg = Debug|Any CPU
		{B027C87D-8A47-4412-BD83-CBB39EED9BE0}.Debug|Any CPU.Build.0 = Debug|Any CPU
		{B027C87D-8A47-4412-BD83-CBB39EED9BE0}.Release|Any CPU.ActiveCfg = Release|Any CPU
		{B027C87D-8A47-4412-BD83-CBB39EED9BE0}.Release|Any CPU.Build.0 = Release|Any CPU
		{F3706F43-6A97-4AE1-9225-F995A99756F3}.Debug|Any CPU.ActiveCfg = Debug|Any CPU
		{F3706F43-6A97-4AE1-9225-F995A99756F3}.Debug|Any CPU.Build.0 = Debug|Any CPU
		{F3706F43-6A97-4AE1-9225-F995A99756F3}.Release|Any CPU.ActiveCfg = Release|Any CPU
		{F3706F43-6A97-4AE1-9225-F995A99756F3}.Release|Any CPU.Build.0 = Release|Any CPU
	EndGlobalSection
	GlobalSection(SolutionProperties) = preSolution
		HideSolutionNode = FALSE
	EndGlobalSection
	GlobalSection(NestedProjects) = preSolution
		{B027C87D-8A47-4412-BD83-CBB39EED9BE0} = {B14F3026-CE14-43B5-BBDC-333D3667EC51}
		{F3706F43-6A97-4AE1-9225-F995A99756F3} = {2168D4FD-CE7F-44F0-8C4F-A36C9A5C5D29}
	EndGlobalSection
EndGlobal
