
Microsoft Visual Studio Solution File, Format Version 12.00
# Visual Studio 2013
VisualStudioVersion = 12.0.31101.0
MinimumVisualStudioVersion = 10.0.40219.1
Project("{FAE04EC0-301F-11D3-BF4B-00C04F79EFBC}") = "WampSharp", "WampSharp\WampSharp.csproj", "{653A76DC-00D7-4EFF-A25E-2FA10C5C927D}"
EndProject
Project("{FAE04EC0-301F-11D3-BF4B-00C04F79EFBC}") = "WampSharp.Default", "WampSharp.Default\WampSharp.Default.csproj", "{6AB75291-D296-457E-88A3-B41B16A1A247}"
EndProject
Project("{2150E333-8FDC-42A3-9474-1A3956D46DE8}") = "Samples", "Samples", "{33E2A6E5-246F-420B-A13C-AA4B617EBFB2}"
EndProject
Project("{2150E333-8FDC-42A3-9474-1A3956D46DE8}") = "WAMP1", "WAMP1", "{10B51C05-30BC-412A-BFFB-8C2C02753528}"
EndProject
Project("{2150E333-8FDC-42A3-9474-1A3956D46DE8}") = "WAMP2", "WAMP2", "{AF224856-8194-4CA0-92D9-03926B743987}"
EndProject
Project("{FAE04EC0-301F-11D3-BF4B-00C04F79EFBC}") = "WampSharp.PubSubServerSample", "Samples\WAMP1\WampSharp.PubSubServerSample\WampSharp.PubSubServerSample.csproj", "{AD5C9AA6-6810-488E-9EDD-FCC945AAD627}"
EndProject
Project("{FAE04EC0-301F-11D3-BF4B-00C04F79EFBC}") = "WampSharp.RpcClientSample", "Samples\WAMP1\WampSharp.RpcClientSample\WampSharp.RpcClientSample.csproj", "{2128E477-97B6-4224-A8A9-789F79514B41}"
EndProject
Project("{FAE04EC0-301F-11D3-BF4B-00C04F79EFBC}") = "WampSharp.RpcServerSample", "Samples\WAMP1\WampSharp.RpcServerSample\WampSharp.RpcServerSample.csproj", "{0A431511-B51D-42A2-AE0F-DEFCDB9FCE77}"
EndProject
Project("{FAE04EC0-301F-11D3-BF4B-00C04F79EFBC}") = "WampSharp.Samples.Callee", "Samples\WAMP2\WampSharp.Samples.Callee\WampSharp.Samples.Callee.csproj", "{7D74C7E0-3F4E-4C60-BC75-C5086706CF7F}"
EndProject
Project("{2150E333-8FDC-42A3-9474-1A3956D46DE8}") = "Tests", "Tests", "{D07452C1-0C0A-45C3-8A1B-33BD8FF93C5E}"
EndProject
Project("{2150E333-8FDC-42A3-9474-1A3956D46DE8}") = "Extensions", "Extensions", "{FA4B348E-3BBD-4F98-B429-891376EBA17E}"
EndProject
Project("{FAE04EC0-301F-11D3-BF4B-00C04F79EFBC}") = "WampSharp.Tests", "Tests\WampSharp.Tests\WampSharp.Tests.csproj", "{D3FB3310-A761-45B5-AC4B-78FE90C2829C}"
EndProject
Project("{FAE04EC0-301F-11D3-BF4B-00C04F79EFBC}") = "WampSharp.Tests.Wampv2", "Tests\WampSharp.Tests.Wampv2\WampSharp.Tests.Wampv2.csproj", "{710B61C1-E7E0-4D8F-BF39-F82086D610ED}"
EndProject
Project("{FAE04EC0-301F-11D3-BF4B-00C04F79EFBC}") = "WampSharp.SignalR", "Extensions\WampSharp.SignalR\WampSharp.SignalR.csproj", "{F5B01D7B-14C3-419C-9887-C0A24FF2DE59}"
EndProject
Project("{FAE04EC0-301F-11D3-BF4B-00C04F79EFBC}") = "WampSharp.CraClientSample", "Samples\WAMP1\WampSharp.CraClientSample\WampSharp.CraClientSample.csproj", "{6AD8C6F1-05AE-4826-BE27-BF54C73D6159}"
EndProject
Project("{FAE04EC0-301F-11D3-BF4B-00C04F79EFBC}") = "WampSharp.CraServerSample", "Samples\WAMP1\WampSharp.CraServerSample\WampSharp.CraServerSample.csproj", "{32A38656-5BAF-4D80-9780-95C3B594DA3F}"
EndProject
Project("{FAE04EC0-301F-11D3-BF4B-00C04F79EFBC}") = "WampSharp.Samples.Subscriber", "Samples\WAMP2\WampSharp.Samples.Subscriber\WampSharp.Samples.Subscriber.csproj", "{0EB744B6-235C-4460-B25C-EBC966201C26}"
EndProject
Project("{FAE04EC0-301F-11D3-BF4B-00C04F79EFBC}") = "WampSharp.Samples.Caller", "Samples\WAMP2\WampSharp.Samples.Caller\WampSharp.Samples.Caller.csproj", "{7434FFFF-F5E5-48DF-9544-19131885FA4E}"
EndProject
Project("{FAE04EC0-301F-11D3-BF4B-00C04F79EFBC}") = "WampSharp.Samples.Publisher", "Samples\WAMP2\WampSharp.Samples.Publisher\WampSharp.Samples.Publisher.csproj", "{E924BD74-041F-4F3A-8041-FC7F8827728A}"
EndProject
Project("{FAE04EC0-301F-11D3-BF4B-00C04F79EFBC}") = "WampSharp.Vtortola", "Extensions\WampSharp.Vtortola\WampSharp.Vtortola.csproj", "{DE13BC69-B822-45EA-846F-DDEF66D34BD9}"
EndProject
Project("{FAE04EC0-301F-11D3-BF4B-00C04F79EFBC}") = "WampSharp.Samples.Authentication", "Samples\WAMP2\WampSharp.Samples.Authentication\WampSharp.Samples.Authentication.csproj", "{305C0F3D-1A51-4D8C-8729-481F73A7C7D6}"
EndProject
Project("{FAE04EC0-301F-11D3-BF4B-00C04F79EFBC}") = "WampSharp.RawSocket", "Extensions\WampSharp.RawSocket\WampSharp.RawSocket.csproj", "{678473BD-87FC-4788-A444-4ABF45FDCFEC}"
EndProject
Project("{FAE04EC0-301F-11D3-BF4B-00C04F79EFBC}") = "WampSharp.Samples.EdgeJs", "Samples\WAMP2\WampSharp.Samples.EdgeJs\WampSharp.Samples.EdgeJs.csproj", "{0BB21BE8-6C6B-4CB2-BD09-6A0A863D529E}"
EndProject
Project("{FAE04EC0-301F-11D3-BF4B-00C04F79EFBC}") = "WampSharp.Tests.TestHelpers", "WampSharp.Tests.TestHelpers\WampSharp.Tests.TestHelpers.csproj", "{78AB08FB-F75D-4F93-A25F-164BF90DD408}"
EndProject
Global
	GlobalSection(SolutionConfigurationPlatforms) = preSolution
		Debug|Any CPU = Debug|Any CPU
		Debug|ARM = Debug|ARM
		Debug|x64 = Debug|x64
		Debug|x86 = Debug|x86
		Release|Any CPU = Release|Any CPU
		Release|ARM = Release|ARM
		Release|x64 = Release|x64
		Release|x86 = Release|x86
	EndGlobalSection
	GlobalSection(ProjectConfigurationPlatforms) = postSolution
		{653A76DC-00D7-4EFF-A25E-2FA10C5C927D}.Debug|Any CPU.ActiveCfg = Debug|Any CPU
		{653A76DC-00D7-4EFF-A25E-2FA10C5C927D}.Debug|Any CPU.Build.0 = Debug|Any CPU
		{653A76DC-00D7-4EFF-A25E-2FA10C5C927D}.Debug|ARM.ActiveCfg = Debug|Any CPU
		{653A76DC-00D7-4EFF-A25E-2FA10C5C927D}.Debug|x64.ActiveCfg = Debug|Any CPU
		{653A76DC-00D7-4EFF-A25E-2FA10C5C927D}.Debug|x86.ActiveCfg = Debug|Any CPU
		{653A76DC-00D7-4EFF-A25E-2FA10C5C927D}.Release|Any CPU.ActiveCfg = Release|Any CPU
		{653A76DC-00D7-4EFF-A25E-2FA10C5C927D}.Release|Any CPU.Build.0 = Release|Any CPU
		{653A76DC-00D7-4EFF-A25E-2FA10C5C927D}.Release|ARM.ActiveCfg = Release|Any CPU
		{653A76DC-00D7-4EFF-A25E-2FA10C5C927D}.Release|x64.ActiveCfg = Release|Any CPU
		{653A76DC-00D7-4EFF-A25E-2FA10C5C927D}.Release|x86.ActiveCfg = Release|Any CPU
		{6AB75291-D296-457E-88A3-B41B16A1A247}.Debug|Any CPU.ActiveCfg = Debug|Any CPU
		{6AB75291-D296-457E-88A3-B41B16A1A247}.Debug|Any CPU.Build.0 = Debug|Any CPU
		{6AB75291-D296-457E-88A3-B41B16A1A247}.Debug|ARM.ActiveCfg = Debug|Any CPU
		{6AB75291-D296-457E-88A3-B41B16A1A247}.Debug|x64.ActiveCfg = Debug|Any CPU
		{6AB75291-D296-457E-88A3-B41B16A1A247}.Debug|x86.ActiveCfg = Debug|Any CPU
		{6AB75291-D296-457E-88A3-B41B16A1A247}.Release|Any CPU.ActiveCfg = Release|Any CPU
		{6AB75291-D296-457E-88A3-B41B16A1A247}.Release|Any CPU.Build.0 = Release|Any CPU
		{6AB75291-D296-457E-88A3-B41B16A1A247}.Release|ARM.ActiveCfg = Release|Any CPU
		{6AB75291-D296-457E-88A3-B41B16A1A247}.Release|x64.ActiveCfg = Release|Any CPU
		{6AB75291-D296-457E-88A3-B41B16A1A247}.Release|x86.ActiveCfg = Release|Any CPU
		{AD5C9AA6-6810-488E-9EDD-FCC945AAD627}.Debug|Any CPU.ActiveCfg = Debug|Any CPU
		{AD5C9AA6-6810-488E-9EDD-FCC945AAD627}.Debug|Any CPU.Build.0 = Debug|Any CPU
		{AD5C9AA6-6810-488E-9EDD-FCC945AAD627}.Debug|ARM.ActiveCfg = Debug|Any CPU
		{AD5C9AA6-6810-488E-9EDD-FCC945AAD627}.Debug|x64.ActiveCfg = Debug|Any CPU
		{AD5C9AA6-6810-488E-9EDD-FCC945AAD627}.Debug|x86.ActiveCfg = Debug|Any CPU
		{AD5C9AA6-6810-488E-9EDD-FCC945AAD627}.Release|Any CPU.ActiveCfg = Release|Any CPU
		{AD5C9AA6-6810-488E-9EDD-FCC945AAD627}.Release|Any CPU.Build.0 = Release|Any CPU
		{AD5C9AA6-6810-488E-9EDD-FCC945AAD627}.Release|ARM.ActiveCfg = Release|Any CPU
		{AD5C9AA6-6810-488E-9EDD-FCC945AAD627}.Release|x64.ActiveCfg = Release|Any CPU
		{AD5C9AA6-6810-488E-9EDD-FCC945AAD627}.Release|x86.ActiveCfg = Release|Any CPU
		{2128E477-97B6-4224-A8A9-789F79514B41}.Debug|Any CPU.ActiveCfg = Debug|Any CPU
		{2128E477-97B6-4224-A8A9-789F79514B41}.Debug|Any CPU.Build.0 = Debug|Any CPU
		{2128E477-97B6-4224-A8A9-789F79514B41}.Debug|ARM.ActiveCfg = Debug|Any CPU
		{2128E477-97B6-4224-A8A9-789F79514B41}.Debug|x64.ActiveCfg = Debug|Any CPU
		{2128E477-97B6-4224-A8A9-789F79514B41}.Debug|x86.ActiveCfg = Debug|Any CPU
		{2128E477-97B6-4224-A8A9-789F79514B41}.Release|Any CPU.ActiveCfg = Release|Any CPU
		{2128E477-97B6-4224-A8A9-789F79514B41}.Release|Any CPU.Build.0 = Release|Any CPU
		{2128E477-97B6-4224-A8A9-789F79514B41}.Release|ARM.ActiveCfg = Release|Any CPU
		{2128E477-97B6-4224-A8A9-789F79514B41}.Release|x64.ActiveCfg = Release|Any CPU
		{2128E477-97B6-4224-A8A9-789F79514B41}.Release|x86.ActiveCfg = Release|Any CPU
		{0A431511-B51D-42A2-AE0F-DEFCDB9FCE77}.Debug|Any CPU.ActiveCfg = Debug|Any CPU
		{0A431511-B51D-42A2-AE0F-DEFCDB9FCE77}.Debug|Any CPU.Build.0 = Debug|Any CPU
		{0A431511-B51D-42A2-AE0F-DEFCDB9FCE77}.Debug|ARM.ActiveCfg = Debug|Any CPU
		{0A431511-B51D-42A2-AE0F-DEFCDB9FCE77}.Debug|x64.ActiveCfg = Debug|Any CPU
		{0A431511-B51D-42A2-AE0F-DEFCDB9FCE77}.Debug|x86.ActiveCfg = Debug|Any CPU
		{0A431511-B51D-42A2-AE0F-DEFCDB9FCE77}.Release|Any CPU.ActiveCfg = Release|Any CPU
		{0A431511-B51D-42A2-AE0F-DEFCDB9FCE77}.Release|Any CPU.Build.0 = Release|Any CPU
		{0A431511-B51D-42A2-AE0F-DEFCDB9FCE77}.Release|ARM.ActiveCfg = Release|Any CPU
		{0A431511-B51D-42A2-AE0F-DEFCDB9FCE77}.Release|x64.ActiveCfg = Release|Any CPU
		{0A431511-B51D-42A2-AE0F-DEFCDB9FCE77}.Release|x86.ActiveCfg = Release|Any CPU
		{7D74C7E0-3F4E-4C60-BC75-C5086706CF7F}.Debug|Any CPU.ActiveCfg = Debug|Any CPU
		{7D74C7E0-3F4E-4C60-BC75-C5086706CF7F}.Debug|Any CPU.Build.0 = Debug|Any CPU
		{7D74C7E0-3F4E-4C60-BC75-C5086706CF7F}.Debug|ARM.ActiveCfg = Debug|Any CPU
		{7D74C7E0-3F4E-4C60-BC75-C5086706CF7F}.Debug|x64.ActiveCfg = Debug|Any CPU
		{7D74C7E0-3F4E-4C60-BC75-C5086706CF7F}.Debug|x86.ActiveCfg = Debug|Any CPU
		{7D74C7E0-3F4E-4C60-BC75-C5086706CF7F}.Release|Any CPU.ActiveCfg = Release|Any CPU
		{7D74C7E0-3F4E-4C60-BC75-C5086706CF7F}.Release|Any CPU.Build.0 = Release|Any CPU
		{7D74C7E0-3F4E-4C60-BC75-C5086706CF7F}.Release|ARM.ActiveCfg = Release|Any CPU
		{7D74C7E0-3F4E-4C60-BC75-C5086706CF7F}.Release|x64.ActiveCfg = Release|Any CPU
		{7D74C7E0-3F4E-4C60-BC75-C5086706CF7F}.Release|x86.ActiveCfg = Release|Any CPU
		{D3FB3310-A761-45B5-AC4B-78FE90C2829C}.Debug|Any CPU.ActiveCfg = Debug|Any CPU
		{D3FB3310-A761-45B5-AC4B-78FE90C2829C}.Debug|Any CPU.Build.0 = Debug|Any CPU
		{D3FB3310-A761-45B5-AC4B-78FE90C2829C}.Debug|ARM.ActiveCfg = Debug|Any CPU
		{D3FB3310-A761-45B5-AC4B-78FE90C2829C}.Debug|x64.ActiveCfg = Debug|Any CPU
		{D3FB3310-A761-45B5-AC4B-78FE90C2829C}.Debug|x86.ActiveCfg = Debug|Any CPU
		{D3FB3310-A761-45B5-AC4B-78FE90C2829C}.Release|Any CPU.ActiveCfg = Release|Any CPU
		{D3FB3310-A761-45B5-AC4B-78FE90C2829C}.Release|Any CPU.Build.0 = Release|Any CPU
		{D3FB3310-A761-45B5-AC4B-78FE90C2829C}.Release|ARM.ActiveCfg = Release|Any CPU
		{D3FB3310-A761-45B5-AC4B-78FE90C2829C}.Release|x64.ActiveCfg = Release|Any CPU
		{D3FB3310-A761-45B5-AC4B-78FE90C2829C}.Release|x86.ActiveCfg = Release|Any CPU
		{710B61C1-E7E0-4D8F-BF39-F82086D610ED}.Debug|Any CPU.ActiveCfg = Debug|Any CPU
		{710B61C1-E7E0-4D8F-BF39-F82086D610ED}.Debug|Any CPU.Build.0 = Debug|Any CPU
		{710B61C1-E7E0-4D8F-BF39-F82086D610ED}.Debug|ARM.ActiveCfg = Debug|Any CPU
		{710B61C1-E7E0-4D8F-BF39-F82086D610ED}.Debug|x64.ActiveCfg = Debug|Any CPU
		{710B61C1-E7E0-4D8F-BF39-F82086D610ED}.Debug|x86.ActiveCfg = Debug|Any CPU
		{710B61C1-E7E0-4D8F-BF39-F82086D610ED}.Release|Any CPU.ActiveCfg = Release|Any CPU
		{710B61C1-E7E0-4D8F-BF39-F82086D610ED}.Release|Any CPU.Build.0 = Release|Any CPU
		{710B61C1-E7E0-4D8F-BF39-F82086D610ED}.Release|ARM.ActiveCfg = Release|Any CPU
		{710B61C1-E7E0-4D8F-BF39-F82086D610ED}.Release|x64.ActiveCfg = Release|Any CPU
		{710B61C1-E7E0-4D8F-BF39-F82086D610ED}.Release|x86.ActiveCfg = Release|Any CPU
		{F5B01D7B-14C3-419C-9887-C0A24FF2DE59}.Debug|Any CPU.ActiveCfg = Debug|Any CPU
		{F5B01D7B-14C3-419C-9887-C0A24FF2DE59}.Debug|Any CPU.Build.0 = Debug|Any CPU
		{F5B01D7B-14C3-419C-9887-C0A24FF2DE59}.Debug|ARM.ActiveCfg = Debug|Any CPU
		{F5B01D7B-14C3-419C-9887-C0A24FF2DE59}.Debug|x64.ActiveCfg = Debug|Any CPU
		{F5B01D7B-14C3-419C-9887-C0A24FF2DE59}.Debug|x86.ActiveCfg = Debug|Any CPU
		{F5B01D7B-14C3-419C-9887-C0A24FF2DE59}.Release|Any CPU.ActiveCfg = Release|Any CPU
		{F5B01D7B-14C3-419C-9887-C0A24FF2DE59}.Release|Any CPU.Build.0 = Release|Any CPU
		{F5B01D7B-14C3-419C-9887-C0A24FF2DE59}.Release|ARM.ActiveCfg = Release|Any CPU
		{F5B01D7B-14C3-419C-9887-C0A24FF2DE59}.Release|x64.ActiveCfg = Release|Any CPU
		{F5B01D7B-14C3-419C-9887-C0A24FF2DE59}.Release|x86.ActiveCfg = Release|Any CPU
		{6AD8C6F1-05AE-4826-BE27-BF54C73D6159}.Debug|Any CPU.ActiveCfg = Debug|Any CPU
		{6AD8C6F1-05AE-4826-BE27-BF54C73D6159}.Debug|Any CPU.Build.0 = Debug|Any CPU
		{6AD8C6F1-05AE-4826-BE27-BF54C73D6159}.Debug|ARM.ActiveCfg = Debug|Any CPU
		{6AD8C6F1-05AE-4826-BE27-BF54C73D6159}.Debug|x64.ActiveCfg = Debug|Any CPU
		{6AD8C6F1-05AE-4826-BE27-BF54C73D6159}.Debug|x86.ActiveCfg = Debug|Any CPU
		{6AD8C6F1-05AE-4826-BE27-BF54C73D6159}.Release|Any CPU.ActiveCfg = Release|Any CPU
		{6AD8C6F1-05AE-4826-BE27-BF54C73D6159}.Release|Any CPU.Build.0 = Release|Any CPU
		{6AD8C6F1-05AE-4826-BE27-BF54C73D6159}.Release|ARM.ActiveCfg = Release|Any CPU
		{6AD8C6F1-05AE-4826-BE27-BF54C73D6159}.Release|x64.ActiveCfg = Release|Any CPU
		{6AD8C6F1-05AE-4826-BE27-BF54C73D6159}.Release|x86.ActiveCfg = Release|Any CPU
		{32A38656-5BAF-4D80-9780-95C3B594DA3F}.Debug|Any CPU.ActiveCfg = Debug|Any CPU
		{32A38656-5BAF-4D80-9780-95C3B594DA3F}.Debug|Any CPU.Build.0 = Debug|Any CPU
		{32A38656-5BAF-4D80-9780-95C3B594DA3F}.Debug|ARM.ActiveCfg = Debug|Any CPU
		{32A38656-5BAF-4D80-9780-95C3B594DA3F}.Debug|x64.ActiveCfg = Debug|Any CPU
		{32A38656-5BAF-4D80-9780-95C3B594DA3F}.Debug|x86.ActiveCfg = Debug|Any CPU
		{32A38656-5BAF-4D80-9780-95C3B594DA3F}.Release|Any CPU.ActiveCfg = Release|Any CPU
		{32A38656-5BAF-4D80-9780-95C3B594DA3F}.Release|Any CPU.Build.0 = Release|Any CPU
		{32A38656-5BAF-4D80-9780-95C3B594DA3F}.Release|ARM.ActiveCfg = Release|Any CPU
		{32A38656-5BAF-4D80-9780-95C3B594DA3F}.Release|x64.ActiveCfg = Release|Any CPU
		{32A38656-5BAF-4D80-9780-95C3B594DA3F}.Release|x86.ActiveCfg = Release|Any CPU
		{0EB744B6-235C-4460-B25C-EBC966201C26}.Debug|Any CPU.ActiveCfg = Debug|Any CPU
		{0EB744B6-235C-4460-B25C-EBC966201C26}.Debug|Any CPU.Build.0 = Debug|Any CPU
		{0EB744B6-235C-4460-B25C-EBC966201C26}.Debug|ARM.ActiveCfg = Debug|Any CPU
		{0EB744B6-235C-4460-B25C-EBC966201C26}.Debug|x64.ActiveCfg = Debug|Any CPU
		{0EB744B6-235C-4460-B25C-EBC966201C26}.Debug|x86.ActiveCfg = Debug|Any CPU
		{0EB744B6-235C-4460-B25C-EBC966201C26}.Release|Any CPU.ActiveCfg = Release|Any CPU
		{0EB744B6-235C-4460-B25C-EBC966201C26}.Release|Any CPU.Build.0 = Release|Any CPU
		{0EB744B6-235C-4460-B25C-EBC966201C26}.Release|ARM.ActiveCfg = Release|Any CPU
		{0EB744B6-235C-4460-B25C-EBC966201C26}.Release|x64.ActiveCfg = Release|Any CPU
		{0EB744B6-235C-4460-B25C-EBC966201C26}.Release|x86.ActiveCfg = Release|Any CPU
		{7434FFFF-F5E5-48DF-9544-19131885FA4E}.Debug|Any CPU.ActiveCfg = Debug|Any CPU
		{7434FFFF-F5E5-48DF-9544-19131885FA4E}.Debug|Any CPU.Build.0 = Debug|Any CPU
		{7434FFFF-F5E5-48DF-9544-19131885FA4E}.Debug|ARM.ActiveCfg = Debug|Any CPU
		{7434FFFF-F5E5-48DF-9544-19131885FA4E}.Debug|x64.ActiveCfg = Debug|Any CPU
		{7434FFFF-F5E5-48DF-9544-19131885FA4E}.Debug|x86.ActiveCfg = Debug|Any CPU
		{7434FFFF-F5E5-48DF-9544-19131885FA4E}.Release|Any CPU.ActiveCfg = Release|Any CPU
		{7434FFFF-F5E5-48DF-9544-19131885FA4E}.Release|Any CPU.Build.0 = Release|Any CPU
		{7434FFFF-F5E5-48DF-9544-19131885FA4E}.Release|ARM.ActiveCfg = Release|Any CPU
		{7434FFFF-F5E5-48DF-9544-19131885FA4E}.Release|x64.ActiveCfg = Release|Any CPU
		{7434FFFF-F5E5-48DF-9544-19131885FA4E}.Release|x86.ActiveCfg = Release|Any CPU
		{E924BD74-041F-4F3A-8041-FC7F8827728A}.Debug|Any CPU.ActiveCfg = Debug|Any CPU
		{E924BD74-041F-4F3A-8041-FC7F8827728A}.Debug|Any CPU.Build.0 = Debug|Any CPU
		{E924BD74-041F-4F3A-8041-FC7F8827728A}.Debug|ARM.ActiveCfg = Debug|Any CPU
		{E924BD74-041F-4F3A-8041-FC7F8827728A}.Debug|x64.ActiveCfg = Debug|Any CPU
		{E924BD74-041F-4F3A-8041-FC7F8827728A}.Debug|x86.ActiveCfg = Debug|Any CPU
		{E924BD74-041F-4F3A-8041-FC7F8827728A}.Release|Any CPU.ActiveCfg = Release|Any CPU
		{E924BD74-041F-4F3A-8041-FC7F8827728A}.Release|Any CPU.Build.0 = Release|Any CPU
		{E924BD74-041F-4F3A-8041-FC7F8827728A}.Release|ARM.ActiveCfg = Release|Any CPU
		{E924BD74-041F-4F3A-8041-FC7F8827728A}.Release|x64.ActiveCfg = Release|Any CPU
		{E924BD74-041F-4F3A-8041-FC7F8827728A}.Release|x86.ActiveCfg = Release|Any CPU
		{DE13BC69-B822-45EA-846F-DDEF66D34BD9}.Debug|Any CPU.ActiveCfg = Debug|Any CPU
		{DE13BC69-B822-45EA-846F-DDEF66D34BD9}.Debug|Any CPU.Build.0 = Debug|Any CPU
		{DE13BC69-B822-45EA-846F-DDEF66D34BD9}.Debug|ARM.ActiveCfg = Debug|Any CPU
		{DE13BC69-B822-45EA-846F-DDEF66D34BD9}.Debug|x64.ActiveCfg = Debug|Any CPU
		{DE13BC69-B822-45EA-846F-DDEF66D34BD9}.Debug|x86.ActiveCfg = Debug|Any CPU
		{DE13BC69-B822-45EA-846F-DDEF66D34BD9}.Release|Any CPU.ActiveCfg = Release|Any CPU
		{DE13BC69-B822-45EA-846F-DDEF66D34BD9}.Release|Any CPU.Build.0 = Release|Any CPU
		{DE13BC69-B822-45EA-846F-DDEF66D34BD9}.Release|ARM.ActiveCfg = Release|Any CPU
		{DE13BC69-B822-45EA-846F-DDEF66D34BD9}.Release|x64.ActiveCfg = Release|Any CPU
		{DE13BC69-B822-45EA-846F-DDEF66D34BD9}.Release|x86.ActiveCfg = Release|Any CPU
		{305C0F3D-1A51-4D8C-8729-481F73A7C7D6}.Debug|Any CPU.ActiveCfg = Debug|Any CPU
		{305C0F3D-1A51-4D8C-8729-481F73A7C7D6}.Debug|Any CPU.Build.0 = Debug|Any CPU
		{305C0F3D-1A51-4D8C-8729-481F73A7C7D6}.Debug|ARM.ActiveCfg = Debug|Any CPU
		{305C0F3D-1A51-4D8C-8729-481F73A7C7D6}.Debug|x64.ActiveCfg = Debug|Any CPU
		{305C0F3D-1A51-4D8C-8729-481F73A7C7D6}.Debug|x86.ActiveCfg = Debug|Any CPU
		{305C0F3D-1A51-4D8C-8729-481F73A7C7D6}.Release|Any CPU.ActiveCfg = Release|Any CPU
		{305C0F3D-1A51-4D8C-8729-481F73A7C7D6}.Release|Any CPU.Build.0 = Release|Any CPU
		{305C0F3D-1A51-4D8C-8729-481F73A7C7D6}.Release|ARM.ActiveCfg = Release|Any CPU
		{305C0F3D-1A51-4D8C-8729-481F73A7C7D6}.Release|x64.ActiveCfg = Release|Any CPU
		{305C0F3D-1A51-4D8C-8729-481F73A7C7D6}.Release|x86.ActiveCfg = Release|Any CPU
		{678473BD-87FC-4788-A444-4ABF45FDCFEC}.Debug|Any CPU.ActiveCfg = Debug|Any CPU
		{678473BD-87FC-4788-A444-4ABF45FDCFEC}.Debug|Any CPU.Build.0 = Debug|Any CPU
		{678473BD-87FC-4788-A444-4ABF45FDCFEC}.Debug|ARM.ActiveCfg = Debug|Any CPU
		{678473BD-87FC-4788-A444-4ABF45FDCFEC}.Debug|x64.ActiveCfg = Debug|Any CPU
		{678473BD-87FC-4788-A444-4ABF45FDCFEC}.Debug|x86.ActiveCfg = Debug|Any CPU
		{678473BD-87FC-4788-A444-4ABF45FDCFEC}.Release|Any CPU.ActiveCfg = Release|Any CPU
		{678473BD-87FC-4788-A444-4ABF45FDCFEC}.Release|Any CPU.Build.0 = Release|Any CPU
		{678473BD-87FC-4788-A444-4ABF45FDCFEC}.Release|ARM.ActiveCfg = Release|Any CPU
		{678473BD-87FC-4788-A444-4ABF45FDCFEC}.Release|x64.ActiveCfg = Release|Any CPU
		{678473BD-87FC-4788-A444-4ABF45FDCFEC}.Release|x86.ActiveCfg = Release|Any CPU
		{0BB21BE8-6C6B-4CB2-BD09-6A0A863D529E}.Debug|Any CPU.ActiveCfg = Debug|Any CPU
		{0BB21BE8-6C6B-4CB2-BD09-6A0A863D529E}.Debug|Any CPU.Build.0 = Debug|Any CPU
		{0BB21BE8-6C6B-4CB2-BD09-6A0A863D529E}.Debug|ARM.ActiveCfg = Debug|Any CPU
		{0BB21BE8-6C6B-4CB2-BD09-6A0A863D529E}.Debug|x64.ActiveCfg = Debug|Any CPU
		{0BB21BE8-6C6B-4CB2-BD09-6A0A863D529E}.Debug|x86.ActiveCfg = Debug|Any CPU
		{0BB21BE8-6C6B-4CB2-BD09-6A0A863D529E}.Release|Any CPU.ActiveCfg = Release|Any CPU
		{0BB21BE8-6C6B-4CB2-BD09-6A0A863D529E}.Release|Any CPU.Build.0 = Release|Any CPU
		{0BB21BE8-6C6B-4CB2-BD09-6A0A863D529E}.Release|ARM.ActiveCfg = Release|Any CPU
		{0BB21BE8-6C6B-4CB2-BD09-6A0A863D529E}.Release|x64.ActiveCfg = Release|Any CPU
		{0BB21BE8-6C6B-4CB2-BD09-6A0A863D529E}.Release|x86.ActiveCfg = Release|Any CPU
		{78AB08FB-F75D-4F93-A25F-164BF90DD408}.Debug|Any CPU.ActiveCfg = Debug|Any CPU
		{78AB08FB-F75D-4F93-A25F-164BF90DD408}.Debug|Any CPU.Build.0 = Debug|Any CPU
		{78AB08FB-F75D-4F93-A25F-164BF90DD408}.Debug|ARM.ActiveCfg = Debug|Any CPU
		{78AB08FB-F75D-4F93-A25F-164BF90DD408}.Debug|x64.ActiveCfg = Debug|Any CPU
		{78AB08FB-F75D-4F93-A25F-164BF90DD408}.Debug|x86.ActiveCfg = Debug|Any CPU
		{78AB08FB-F75D-4F93-A25F-164BF90DD408}.Release|Any CPU.ActiveCfg = Release|Any CPU
		{78AB08FB-F75D-4F93-A25F-164BF90DD408}.Release|Any CPU.Build.0 = Release|Any CPU
		{78AB08FB-F75D-4F93-A25F-164BF90DD408}.Release|ARM.ActiveCfg = Release|Any CPU
		{78AB08FB-F75D-4F93-A25F-164BF90DD408}.Release|x64.ActiveCfg = Release|Any CPU
		{78AB08FB-F75D-4F93-A25F-164BF90DD408}.Release|x86.ActiveCfg = Release|Any CPU
	EndGlobalSection
	GlobalSection(SolutionProperties) = preSolution
		HideSolutionNode = FALSE
	EndGlobalSection
	GlobalSection(NestedProjects) = preSolution
		{10B51C05-30BC-412A-BFFB-8C2C02753528} = {33E2A6E5-246F-420B-A13C-AA4B617EBFB2}
		{AF224856-8194-4CA0-92D9-03926B743987} = {33E2A6E5-246F-420B-A13C-AA4B617EBFB2}
		{AD5C9AA6-6810-488E-9EDD-FCC945AAD627} = {10B51C05-30BC-412A-BFFB-8C2C02753528}
		{2128E477-97B6-4224-A8A9-789F79514B41} = {10B51C05-30BC-412A-BFFB-8C2C02753528}
		{0A431511-B51D-42A2-AE0F-DEFCDB9FCE77} = {10B51C05-30BC-412A-BFFB-8C2C02753528}
		{7D74C7E0-3F4E-4C60-BC75-C5086706CF7F} = {AF224856-8194-4CA0-92D9-03926B743987}
		{D3FB3310-A761-45B5-AC4B-78FE90C2829C} = {D07452C1-0C0A-45C3-8A1B-33BD8FF93C5E}
		{710B61C1-E7E0-4D8F-BF39-F82086D610ED} = {D07452C1-0C0A-45C3-8A1B-33BD8FF93C5E}
		{F5B01D7B-14C3-419C-9887-C0A24FF2DE59} = {FA4B348E-3BBD-4F98-B429-891376EBA17E}
		{6AD8C6F1-05AE-4826-BE27-BF54C73D6159} = {10B51C05-30BC-412A-BFFB-8C2C02753528}
		{32A38656-5BAF-4D80-9780-95C3B594DA3F} = {10B51C05-30BC-412A-BFFB-8C2C02753528}
		{0EB744B6-235C-4460-B25C-EBC966201C26} = {AF224856-8194-4CA0-92D9-03926B743987}
		{7434FFFF-F5E5-48DF-9544-19131885FA4E} = {AF224856-8194-4CA0-92D9-03926B743987}
		{E924BD74-041F-4F3A-8041-FC7F8827728A} = {AF224856-8194-4CA0-92D9-03926B743987}
		{DE13BC69-B822-45EA-846F-DDEF66D34BD9} = {FA4B348E-3BBD-4F98-B429-891376EBA17E}
		{305C0F3D-1A51-4D8C-8729-481F73A7C7D6} = {AF224856-8194-4CA0-92D9-03926B743987}
		{678473BD-87FC-4788-A444-4ABF45FDCFEC} = {FA4B348E-3BBD-4F98-B429-891376EBA17E}
		{0BB21BE8-6C6B-4CB2-BD09-6A0A863D529E} = {AF224856-8194-4CA0-92D9-03926B743987}
		{78AB08FB-F75D-4F93-A25F-164BF90DD408} = {D07452C1-0C0A-45C3-8A1B-33BD8FF93C5E}
	EndGlobalSection
EndGlobal
