
Microsoft Visual Studio Solution File, Format Version 12.00
# Visual Studio Version 16
VisualStudioVersion = 16.0.29123.89
MinimumVisualStudioVersion = 10.0.40219.1
Project("{2150E333-8FDC-42A3-9474-1A3956D46DE8}") = "Extensions", "Extensions", "{E3EAE72D-738A-4179-8A22-50D58A91AD04}"
EndProject
Project("{2150E333-8FDC-42A3-9474-1A3956D46DE8}") = "Default", "Default", "{72E8F565-788F-4A29-8919-7F3F001C6FC9}"
EndProject
Project("{FAE04EC0-301F-11D3-BF4B-00C04F79EFBC}") = "WampSharp", "WampSharp\WampSharp.csproj", "{01F80592-26D3-436E-B8DA-E95F1AD6E3A7}"
EndProject
Project("{FAE04EC0-301F-11D3-BF4B-00C04F79EFBC}") = "WampSharp.RawSocket", "Extensions\WampSharp.RawSocket\WampSharp.RawSocket.csproj", "{5070B92B-16BD-44C6-A479-BD617415F77F}"
EndProject
Project("{FAE04EC0-301F-11D3-BF4B-00C04F79EFBC}") = "WampSharp.WebSockets", "Extensions\WampSharp.WebSockets\WampSharp.WebSockets.csproj", "{D105F7AF-F086-45BF-8A35-ED7E5238C3B5}"
EndProject
Project("{FAE04EC0-301F-11D3-BF4B-00C04F79EFBC}") = "WampSharp.NewtonsoftJson", "Default\WampSharp.NewtonsoftJson\WampSharp.NewtonsoftJson.csproj", "{131B430E-AFD7-4A87-A2CD-703FE5F7474B}"
EndProject
Project("{FAE04EC0-301F-11D3-BF4B-00C04F79EFBC}") = "WampSharp.WebSocket4Net", "Default\WampSharp.WebSocket4Net\WampSharp.WebSocket4Net.csproj", "{ADE3930F-7A4C-41D2-B767-F34FAD5D821A}"
EndProject
Project("{FAE04EC0-301F-11D3-BF4B-00C04F79EFBC}") = "WampSharp.NewtonsoftMsgpack", "Default\WampSharp.NewtonsoftMsgpack\WampSharp.NewtonsoftMsgpack.csproj", "{73C8B5F2-0BB7-4319-AEEE-CB1431B9BE7A}"
EndProject
Project("{FAE04EC0-301F-11D3-BF4B-00C04F79EFBC}") = "WampSharp.Default.Client", "WampSharp.Default.Client\WampSharp.Default.Client.csproj", "{B4E061DB-0E0D-4AA1-9495-78DC2F26A7F6}"
EndProject
Project("{FAE04EC0-301F-11D3-BF4B-00C04F79EFBC}") = "WampSharp.NewtonsoftMessagePack", "Default\WampSharp.NewtonsoftMessagePack\WampSharp.NewtonsoftMessagePack.csproj", "{7144960E-0606-49FF-A57E-12DA65045D7B}"
EndProject
Project("{FAE04EC0-301F-11D3-BF4B-00C04F79EFBC}") = "WampSharp.NewtonsoftCbor", "Extensions\WampSharp.NewtonsoftCbor\WampSharp.NewtonsoftCbor.csproj", "{E07E9E45-BD51-4A99-8D57-5E8086A2B95D}"
EndProject
Global
	GlobalSection(SolutionConfigurationPlatforms) = preSolution
		Ad-Hoc|Any CPU = Ad-Hoc|Any CPU
		Ad-Hoc|iPhone = Ad-Hoc|iPhone
		Ad-Hoc|iPhoneSimulator = Ad-Hoc|iPhoneSimulator
		AppStore|Any CPU = AppStore|Any CPU
		AppStore|iPhone = AppStore|iPhone
		AppStore|iPhoneSimulator = AppStore|iPhoneSimulator
		Debug|Any CPU = Debug|Any CPU
		Debug|iPhone = Debug|iPhone
		Debug|iPhoneSimulator = Debug|iPhoneSimulator
		Release|Any CPU = Release|Any CPU
		Release|iPhone = Release|iPhone
		Release|iPhoneSimulator = Release|iPhoneSimulator
	EndGlobalSection
	GlobalSection(ProjectConfigurationPlatforms) = postSolution
		{01F80592-26D3-436E-B8DA-E95F1AD6E3A7}.Ad-Hoc|Any CPU.ActiveCfg = Release|Any CPU
		{01F80592-26D3-436E-B8DA-E95F1AD6E3A7}.Ad-Hoc|Any CPU.Build.0 = Release|Any CPU
		{01F80592-26D3-436E-B8DA-E95F1AD6E3A7}.Ad-Hoc|iPhone.ActiveCfg = Release|Any CPU
		{01F80592-26D3-436E-B8DA-E95F1AD6E3A7}.Ad-Hoc|iPhone.Build.0 = Release|Any CPU
		{01F80592-26D3-436E-B8DA-E95F1AD6E3A7}.Ad-Hoc|iPhoneSimulator.ActiveCfg = Release|Any CPU
		{01F80592-26D3-436E-B8DA-E95F1AD6E3A7}.Ad-Hoc|iPhoneSimulator.Build.0 = Release|Any CPU
		{01F80592-26D3-436E-B8DA-E95F1AD6E3A7}.AppStore|Any CPU.ActiveCfg = Release|Any CPU
		{01F80592-26D3-436E-B8DA-E95F1AD6E3A7}.AppStore|Any CPU.Build.0 = Release|Any CPU
		{01F80592-26D3-436E-B8DA-E95F1AD6E3A7}.AppStore|iPhone.ActiveCfg = Release|Any CPU
		{01F80592-26D3-436E-B8DA-E95F1AD6E3A7}.AppStore|iPhone.Build.0 = Release|Any CPU
		{01F80592-26D3-436E-B8DA-E95F1AD6E3A7}.AppStore|iPhoneSimulator.ActiveCfg = Release|Any CPU
		{01F80592-26D3-436E-B8DA-E95F1AD6E3A7}.AppStore|iPhoneSimulator.Build.0 = Release|Any CPU
		{01F80592-26D3-436E-B8DA-E95F1AD6E3A7}.Debug|Any CPU.ActiveCfg = Debug|Any CPU
		{01F80592-26D3-436E-B8DA-E95F1AD6E3A7}.Debug|Any CPU.Build.0 = Debug|Any CPU
		{01F80592-26D3-436E-B8DA-E95F1AD6E3A7}.Debug|iPhone.ActiveCfg = Debug|Any CPU
		{01F80592-26D3-436E-B8DA-E95F1AD6E3A7}.Debug|iPhone.Build.0 = Debug|Any CPU
		{01F80592-26D3-436E-B8DA-E95F1AD6E3A7}.Debug|iPhoneSimulator.ActiveCfg = Debug|Any CPU
		{01F80592-26D3-436E-B8DA-E95F1AD6E3A7}.Debug|iPhoneSimulator.Build.0 = Debug|Any CPU
		{01F80592-26D3-436E-B8DA-E95F1AD6E3A7}.Release|Any CPU.ActiveCfg = Release|Any CPU
		{01F80592-26D3-436E-B8DA-E95F1AD6E3A7}.Release|Any CPU.Build.0 = Release|Any CPU
		{01F80592-26D3-436E-B8DA-E95F1AD6E3A7}.Release|iPhone.ActiveCfg = Release|Any CPU
		{01F80592-26D3-436E-B8DA-E95F1AD6E3A7}.Release|iPhone.Build.0 = Release|Any CPU
		{01F80592-26D3-436E-B8DA-E95F1AD6E3A7}.Release|iPhoneSimulator.ActiveCfg = Release|Any CPU
		{01F80592-26D3-436E-B8DA-E95F1AD6E3A7}.Release|iPhoneSimulator.Build.0 = Release|Any CPU
		{5070B92B-16BD-44C6-A479-BD617415F77F}.Ad-Hoc|Any CPU.ActiveCfg = Release|Any CPU
		{5070B92B-16BD-44C6-A479-BD617415F77F}.Ad-Hoc|Any CPU.Build.0 = Release|Any CPU
		{5070B92B-16BD-44C6-A479-BD617415F77F}.Ad-Hoc|iPhone.ActiveCfg = Release|Any CPU
		{5070B92B-16BD-44C6-A479-BD617415F77F}.Ad-Hoc|iPhone.Build.0 = Release|Any CPU
		{5070B92B-16BD-44C6-A479-BD617415F77F}.Ad-Hoc|iPhoneSimulator.ActiveCfg = Release|Any CPU
		{5070B92B-16BD-44C6-A479-BD617415F77F}.Ad-Hoc|iPhoneSimulator.Build.0 = Release|Any CPU
		{5070B92B-16BD-44C6-A479-BD617415F77F}.AppStore|Any CPU.ActiveCfg = Release|Any CPU
		{5070B92B-16BD-44C6-A479-BD617415F77F}.AppStore|Any CPU.Build.0 = Release|Any CPU
		{5070B92B-16BD-44C6-A479-BD617415F77F}.AppStore|iPhone.ActiveCfg = Release|Any CPU
		{5070B92B-16BD-44C6-A479-BD617415F77F}.AppStore|iPhone.Build.0 = Release|Any CPU
		{5070B92B-16BD-44C6-A479-BD617415F77F}.AppStore|iPhoneSimulator.ActiveCfg = Release|Any CPU
		{5070B92B-16BD-44C6-A479-BD617415F77F}.AppStore|iPhoneSimulator.Build.0 = Release|Any CPU
		{5070B92B-16BD-44C6-A479-BD617415F77F}.Debug|Any CPU.ActiveCfg = Debug|Any CPU
		{5070B92B-16BD-44C6-A479-BD617415F77F}.Debug|Any CPU.Build.0 = Debug|Any CPU
		{5070B92B-16BD-44C6-A479-BD617415F77F}.Debug|iPhone.ActiveCfg = Debug|Any CPU
		{5070B92B-16BD-44C6-A479-BD617415F77F}.Debug|iPhone.Build.0 = Debug|Any CPU
		{5070B92B-16BD-44C6-A479-BD617415F77F}.Debug|iPhoneSimulator.ActiveCfg = Debug|Any CPU
		{5070B92B-16BD-44C6-A479-BD617415F77F}.Debug|iPhoneSimulator.Build.0 = Debug|Any CPU
		{5070B92B-16BD-44C6-A479-BD617415F77F}.Release|Any CPU.ActiveCfg = Release|Any CPU
		{5070B92B-16BD-44C6-A479-BD617415F77F}.Release|Any CPU.Build.0 = Release|Any CPU
		{5070B92B-16BD-44C6-A479-BD617415F77F}.Release|iPhone.ActiveCfg = Release|Any CPU
		{5070B92B-16BD-44C6-A479-BD617415F77F}.Release|iPhone.Build.0 = Release|Any CPU
		{5070B92B-16BD-44C6-A479-BD617415F77F}.Release|iPhoneSimulator.ActiveCfg = Release|Any CPU
		{5070B92B-16BD-44C6-A479-BD617415F77F}.Release|iPhoneSimulator.Build.0 = Release|Any CPU
		{D105F7AF-F086-45BF-8A35-ED7E5238C3B5}.Ad-Hoc|Any CPU.ActiveCfg = Release|Any CPU
		{D105F7AF-F086-45BF-8A35-ED7E5238C3B5}.Ad-Hoc|Any CPU.Build.0 = Release|Any CPU
		{D105F7AF-F086-45BF-8A35-ED7E5238C3B5}.Ad-Hoc|iPhone.ActiveCfg = Release|Any CPU
		{D105F7AF-F086-45BF-8A35-ED7E5238C3B5}.Ad-Hoc|iPhone.Build.0 = Release|Any CPU
		{D105F7AF-F086-45BF-8A35-ED7E5238C3B5}.Ad-Hoc|iPhoneSimulator.ActiveCfg = Release|Any CPU
		{D105F7AF-F086-45BF-8A35-ED7E5238C3B5}.Ad-Hoc|iPhoneSimulator.Build.0 = Release|Any CPU
		{D105F7AF-F086-45BF-8A35-ED7E5238C3B5}.AppStore|Any CPU.ActiveCfg = Release|Any CPU
		{D105F7AF-F086-45BF-8A35-ED7E5238C3B5}.AppStore|Any CPU.Build.0 = Release|Any CPU
		{D105F7AF-F086-45BF-8A35-ED7E5238C3B5}.AppStore|iPhone.ActiveCfg = Release|Any CPU
		{D105F7AF-F086-45BF-8A35-ED7E5238C3B5}.AppStore|iPhone.Build.0 = Release|Any CPU
		{D105F7AF-F086-45BF-8A35-ED7E5238C3B5}.AppStore|iPhoneSimulator.ActiveCfg = Release|Any CPU
		{D105F7AF-F086-45BF-8A35-ED7E5238C3B5}.AppStore|iPhoneSimulator.Build.0 = Release|Any CPU
		{D105F7AF-F086-45BF-8A35-ED7E5238C3B5}.Debug|Any CPU.ActiveCfg = Debug|Any CPU
		{D105F7AF-F086-45BF-8A35-ED7E5238C3B5}.Debug|Any CPU.Build.0 = Debug|Any CPU
		{D105F7AF-F086-45BF-8A35-ED7E5238C3B5}.Debug|iPhone.ActiveCfg = Debug|Any CPU
		{D105F7AF-F086-45BF-8A35-ED7E5238C3B5}.Debug|iPhone.Build.0 = Debug|Any CPU
		{D105F7AF-F086-45BF-8A35-ED7E5238C3B5}.Debug|iPhoneSimulator.ActiveCfg = Debug|Any CPU
		{D105F7AF-F086-45BF-8A35-ED7E5238C3B5}.Debug|iPhoneSimulator.Build.0 = Debug|Any CPU
		{D105F7AF-F086-45BF-8A35-ED7E5238C3B5}.Release|Any CPU.ActiveCfg = Release|Any CPU
		{D105F7AF-F086-45BF-8A35-ED7E5238C3B5}.Release|Any CPU.Build.0 = Release|Any CPU
		{D105F7AF-F086-45BF-8A35-ED7E5238C3B5}.Release|iPhone.ActiveCfg = Release|Any CPU
		{D105F7AF-F086-45BF-8A35-ED7E5238C3B5}.Release|iPhone.Build.0 = Release|Any CPU
		{D105F7AF-F086-45BF-8A35-ED7E5238C3B5}.Release|iPhoneSimulator.ActiveCfg = Release|Any CPU
		{D105F7AF-F086-45BF-8A35-ED7E5238C3B5}.Release|iPhoneSimulator.Build.0 = Release|Any CPU
		{131B430E-AFD7-4A87-A2CD-703FE5F7474B}.Ad-Hoc|Any CPU.ActiveCfg = Release|Any CPU
		{131B430E-AFD7-4A87-A2CD-703FE5F7474B}.Ad-Hoc|Any CPU.Build.0 = Release|Any CPU
		{131B430E-AFD7-4A87-A2CD-703FE5F7474B}.Ad-Hoc|iPhone.ActiveCfg = Release|Any CPU
		{131B430E-AFD7-4A87-A2CD-703FE5F7474B}.Ad-Hoc|iPhone.Build.0 = Release|Any CPU
		{131B430E-AFD7-4A87-A2CD-703FE5F7474B}.Ad-Hoc|iPhoneSimulator.ActiveCfg = Release|Any CPU
		{131B430E-AFD7-4A87-A2CD-703FE5F7474B}.Ad-Hoc|iPhoneSimulator.Build.0 = Release|Any CPU
		{131B430E-AFD7-4A87-A2CD-703FE5F7474B}.AppStore|Any CPU.ActiveCfg = Release|Any CPU
		{131B430E-AFD7-4A87-A2CD-703FE5F7474B}.AppStore|Any CPU.Build.0 = Release|Any CPU
		{131B430E-AFD7-4A87-A2CD-703FE5F7474B}.AppStore|iPhone.ActiveCfg = Release|Any CPU
		{131B430E-AFD7-4A87-A2CD-703FE5F7474B}.AppStore|iPhone.Build.0 = Release|Any CPU
		{131B430E-AFD7-4A87-A2CD-703FE5F7474B}.AppStore|iPhoneSimulator.ActiveCfg = Release|Any CPU
		{131B430E-AFD7-4A87-A2CD-703FE5F7474B}.AppStore|iPhoneSimulator.Build.0 = Release|Any CPU
		{131B430E-AFD7-4A87-A2CD-703FE5F7474B}.Debug|Any CPU.ActiveCfg = Debug|Any CPU
		{131B430E-AFD7-4A87-A2CD-703FE5F7474B}.Debug|Any CPU.Build.0 = Debug|Any CPU
		{131B430E-AFD7-4A87-A2CD-703FE5F7474B}.Debug|iPhone.ActiveCfg = Debug|Any CPU
		{131B430E-AFD7-4A87-A2CD-703FE5F7474B}.Debug|iPhone.Build.0 = Debug|Any CPU
		{131B430E-AFD7-4A87-A2CD-703FE5F7474B}.Debug|iPhoneSimulator.ActiveCfg = Debug|Any CPU
		{131B430E-AFD7-4A87-A2CD-703FE5F7474B}.Debug|iPhoneSimulator.Build.0 = Debug|Any CPU
		{131B430E-AFD7-4A87-A2CD-703FE5F7474B}.Release|Any CPU.ActiveCfg = Release|Any CPU
		{131B430E-AFD7-4A87-A2CD-703FE5F7474B}.Release|Any CPU.Build.0 = Release|Any CPU
		{131B430E-AFD7-4A87-A2CD-703FE5F7474B}.Release|iPhone.ActiveCfg = Release|Any CPU
		{131B430E-AFD7-4A87-A2CD-703FE5F7474B}.Release|iPhone.Build.0 = Release|Any CPU
		{131B430E-AFD7-4A87-A2CD-703FE5F7474B}.Release|iPhoneSimulator.ActiveCfg = Release|Any CPU
		{131B430E-AFD7-4A87-A2CD-703FE5F7474B}.Release|iPhoneSimulator.Build.0 = Release|Any CPU
		{ADE3930F-7A4C-41D2-B767-F34FAD5D821A}.Ad-Hoc|Any CPU.ActiveCfg = Release|Any CPU
		{ADE3930F-7A4C-41D2-B767-F34FAD5D821A}.Ad-Hoc|Any CPU.Build.0 = Release|Any CPU
		{ADE3930F-7A4C-41D2-B767-F34FAD5D821A}.Ad-Hoc|iPhone.ActiveCfg = Release|Any CPU
		{ADE3930F-7A4C-41D2-B767-F34FAD5D821A}.Ad-Hoc|iPhone.Build.0 = Release|Any CPU
		{ADE3930F-7A4C-41D2-B767-F34FAD5D821A}.Ad-Hoc|iPhoneSimulator.ActiveCfg = Release|Any CPU
		{ADE3930F-7A4C-41D2-B767-F34FAD5D821A}.Ad-Hoc|iPhoneSimulator.Build.0 = Release|Any CPU
		{ADE3930F-7A4C-41D2-B767-F34FAD5D821A}.AppStore|Any CPU.ActiveCfg = Release|Any CPU
		{ADE3930F-7A4C-41D2-B767-F34FAD5D821A}.AppStore|Any CPU.Build.0 = Release|Any CPU
		{ADE3930F-7A4C-41D2-B767-F34FAD5D821A}.AppStore|iPhone.ActiveCfg = Release|Any CPU
		{ADE3930F-7A4C-41D2-B767-F34FAD5D821A}.AppStore|iPhone.Build.0 = Release|Any CPU
		{ADE3930F-7A4C-41D2-B767-F34FAD5D821A}.AppStore|iPhoneSimulator.ActiveCfg = Release|Any CPU
		{ADE3930F-7A4C-41D2-B767-F34FAD5D821A}.AppStore|iPhoneSimulator.Build.0 = Release|Any CPU
		{ADE3930F-7A4C-41D2-B767-F34FAD5D821A}.Debug|Any CPU.ActiveCfg = Debug|Any CPU
		{ADE3930F-7A4C-41D2-B767-F34FAD5D821A}.Debug|Any CPU.Build.0 = Debug|Any CPU
		{ADE3930F-7A4C-41D2-B767-F34FAD5D821A}.Debug|iPhone.ActiveCfg = Debug|Any CPU
		{ADE3930F-7A4C-41D2-B767-F34FAD5D821A}.Debug|iPhone.Build.0 = Debug|Any CPU
		{ADE3930F-7A4C-41D2-B767-F34FAD5D821A}.Debug|iPhoneSimulator.ActiveCfg = Debug|Any CPU
		{ADE3930F-7A4C-41D2-B767-F34FAD5D821A}.Debug|iPhoneSimulator.Build.0 = Debug|Any CPU
		{ADE3930F-7A4C-41D2-B767-F34FAD5D821A}.Release|Any CPU.ActiveCfg = Release|Any CPU
		{ADE3930F-7A4C-41D2-B767-F34FAD5D821A}.Release|Any CPU.Build.0 = Release|Any CPU
		{ADE3930F-7A4C-41D2-B767-F34FAD5D821A}.Release|iPhone.ActiveCfg = Release|Any CPU
		{ADE3930F-7A4C-41D2-B767-F34FAD5D821A}.Release|iPhone.Build.0 = Release|Any CPU
		{ADE3930F-7A4C-41D2-B767-F34FAD5D821A}.Release|iPhoneSimulator.ActiveCfg = Release|Any CPU
		{ADE3930F-7A4C-41D2-B767-F34FAD5D821A}.Release|iPhoneSimulator.Build.0 = Release|Any CPU
		{73C8B5F2-0BB7-4319-AEEE-CB1431B9BE7A}.Ad-Hoc|Any CPU.ActiveCfg = Release|Any CPU
		{73C8B5F2-0BB7-4319-AEEE-CB1431B9BE7A}.Ad-Hoc|Any CPU.Build.0 = Release|Any CPU
		{73C8B5F2-0BB7-4319-AEEE-CB1431B9BE7A}.Ad-Hoc|iPhone.ActiveCfg = Release|Any CPU
		{73C8B5F2-0BB7-4319-AEEE-CB1431B9BE7A}.Ad-Hoc|iPhone.Build.0 = Release|Any CPU
		{73C8B5F2-0BB7-4319-AEEE-CB1431B9BE7A}.Ad-Hoc|iPhoneSimulator.ActiveCfg = Release|Any CPU
		{73C8B5F2-0BB7-4319-AEEE-CB1431B9BE7A}.Ad-Hoc|iPhoneSimulator.Build.0 = Release|Any CPU
		{73C8B5F2-0BB7-4319-AEEE-CB1431B9BE7A}.AppStore|Any CPU.ActiveCfg = Release|Any CPU
		{73C8B5F2-0BB7-4319-AEEE-CB1431B9BE7A}.AppStore|Any CPU.Build.0 = Release|Any CPU
		{73C8B5F2-0BB7-4319-AEEE-CB1431B9BE7A}.AppStore|iPhone.ActiveCfg = Release|Any CPU
		{73C8B5F2-0BB7-4319-AEEE-CB1431B9BE7A}.AppStore|iPhone.Build.0 = Release|Any CPU
		{73C8B5F2-0BB7-4319-AEEE-CB1431B9BE7A}.AppStore|iPhoneSimulator.ActiveCfg = Release|Any CPU
		{73C8B5F2-0BB7-4319-AEEE-CB1431B9BE7A}.AppStore|iPhoneSimulator.Build.0 = Release|Any CPU
		{73C8B5F2-0BB7-4319-AEEE-CB1431B9BE7A}.Debug|Any CPU.ActiveCfg = Debug|Any CPU
		{73C8B5F2-0BB7-4319-AEEE-CB1431B9BE7A}.Debug|Any CPU.Build.0 = Debug|Any CPU
		{73C8B5F2-0BB7-4319-AEEE-CB1431B9BE7A}.Debug|iPhone.ActiveCfg = Debug|Any CPU
		{73C8B5F2-0BB7-4319-AEEE-CB1431B9BE7A}.Debug|iPhone.Build.0 = Debug|Any CPU
		{73C8B5F2-0BB7-4319-AEEE-CB1431B9BE7A}.Debug|iPhoneSimulator.ActiveCfg = Debug|Any CPU
		{73C8B5F2-0BB7-4319-AEEE-CB1431B9BE7A}.Debug|iPhoneSimulator.Build.0 = Debug|Any CPU
		{73C8B5F2-0BB7-4319-AEEE-CB1431B9BE7A}.Release|Any CPU.ActiveCfg = Release|Any CPU
		{73C8B5F2-0BB7-4319-AEEE-CB1431B9BE7A}.Release|Any CPU.Build.0 = Release|Any CPU
		{73C8B5F2-0BB7-4319-AEEE-CB1431B9BE7A}.Release|iPhone.ActiveCfg = Release|Any CPU
		{73C8B5F2-0BB7-4319-AEEE-CB1431B9BE7A}.Release|iPhone.Build.0 = Release|Any CPU
		{73C8B5F2-0BB7-4319-AEEE-CB1431B9BE7A}.Release|iPhoneSimulator.ActiveCfg = Release|Any CPU
		{73C8B5F2-0BB7-4319-AEEE-CB1431B9BE7A}.Release|iPhoneSimulator.Build.0 = Release|Any CPU
		{B4E061DB-0E0D-4AA1-9495-78DC2F26A7F6}.Ad-Hoc|Any CPU.ActiveCfg = Release|Any CPU
		{B4E061DB-0E0D-4AA1-9495-78DC2F26A7F6}.Ad-Hoc|Any CPU.Build.0 = Release|Any CPU
		{B4E061DB-0E0D-4AA1-9495-78DC2F26A7F6}.Ad-Hoc|iPhone.ActiveCfg = Release|Any CPU
		{B4E061DB-0E0D-4AA1-9495-78DC2F26A7F6}.Ad-Hoc|iPhone.Build.0 = Release|Any CPU
		{B4E061DB-0E0D-4AA1-9495-78DC2F26A7F6}.Ad-Hoc|iPhoneSimulator.ActiveCfg = Release|Any CPU
		{B4E061DB-0E0D-4AA1-9495-78DC2F26A7F6}.Ad-Hoc|iPhoneSimulator.Build.0 = Release|Any CPU
		{B4E061DB-0E0D-4AA1-9495-78DC2F26A7F6}.AppStore|Any CPU.ActiveCfg = Release|Any CPU
		{B4E061DB-0E0D-4AA1-9495-78DC2F26A7F6}.AppStore|Any CPU.Build.0 = Release|Any CPU
		{B4E061DB-0E0D-4AA1-9495-78DC2F26A7F6}.AppStore|iPhone.ActiveCfg = Release|Any CPU
		{B4E061DB-0E0D-4AA1-9495-78DC2F26A7F6}.AppStore|iPhone.Build.0 = Release|Any CPU
		{B4E061DB-0E0D-4AA1-9495-78DC2F26A7F6}.AppStore|iPhoneSimulator.ActiveCfg = Release|Any CPU
		{B4E061DB-0E0D-4AA1-9495-78DC2F26A7F6}.AppStore|iPhoneSimulator.Build.0 = Release|Any CPU
		{B4E061DB-0E0D-4AA1-9495-78DC2F26A7F6}.Debug|Any CPU.ActiveCfg = Debug|Any CPU
		{B4E061DB-0E0D-4AA1-9495-78DC2F26A7F6}.Debug|Any CPU.Build.0 = Debug|Any CPU
		{B4E061DB-0E0D-4AA1-9495-78DC2F26A7F6}.Debug|iPhone.ActiveCfg = Debug|Any CPU
		{B4E061DB-0E0D-4AA1-9495-78DC2F26A7F6}.Debug|iPhone.Build.0 = Debug|Any CPU
		{B4E061DB-0E0D-4AA1-9495-78DC2F26A7F6}.Debug|iPhoneSimulator.ActiveCfg = Debug|Any CPU
		{B4E061DB-0E0D-4AA1-9495-78DC2F26A7F6}.Debug|iPhoneSimulator.Build.0 = Debug|Any CPU
		{B4E061DB-0E0D-4AA1-9495-78DC2F26A7F6}.Release|Any CPU.ActiveCfg = Release|Any CPU
		{B4E061DB-0E0D-4AA1-9495-78DC2F26A7F6}.Release|Any CPU.Build.0 = Release|Any CPU
		{B4E061DB-0E0D-4AA1-9495-78DC2F26A7F6}.Release|iPhone.ActiveCfg = Release|Any CPU
		{B4E061DB-0E0D-4AA1-9495-78DC2F26A7F6}.Release|iPhone.Build.0 = Release|Any CPU
		{B4E061DB-0E0D-4AA1-9495-78DC2F26A7F6}.Release|iPhoneSimulator.ActiveCfg = Release|Any CPU
		{B4E061DB-0E0D-4AA1-9495-78DC2F26A7F6}.Release|iPhoneSimulator.Build.0 = Release|Any CPU
		{7144960E-0606-49FF-A57E-12DA65045D7B}.Ad-Hoc|Any CPU.ActiveCfg = Release|Any CPU
		{7144960E-0606-49FF-A57E-12DA65045D7B}.Ad-Hoc|Any CPU.Build.0 = Release|Any CPU
		{7144960E-0606-49FF-A57E-12DA65045D7B}.Ad-Hoc|iPhone.ActiveCfg = Release|Any CPU
		{7144960E-0606-49FF-A57E-12DA65045D7B}.Ad-Hoc|iPhone.Build.0 = Release|Any CPU
		{7144960E-0606-49FF-A57E-12DA65045D7B}.Ad-Hoc|iPhoneSimulator.ActiveCfg = Release|Any CPU
		{7144960E-0606-49FF-A57E-12DA65045D7B}.Ad-Hoc|iPhoneSimulator.Build.0 = Release|Any CPU
		{7144960E-0606-49FF-A57E-12DA65045D7B}.AppStore|Any CPU.ActiveCfg = Release|Any CPU
		{7144960E-0606-49FF-A57E-12DA65045D7B}.AppStore|Any CPU.Build.0 = Release|Any CPU
		{7144960E-0606-49FF-A57E-12DA65045D7B}.AppStore|iPhone.ActiveCfg = Release|Any CPU
		{7144960E-0606-49FF-A57E-12DA65045D7B}.AppStore|iPhone.Build.0 = Release|Any CPU
		{7144960E-0606-49FF-A57E-12DA65045D7B}.AppStore|iPhoneSimulator.ActiveCfg = Release|Any CPU
		{7144960E-0606-49FF-A57E-12DA65045D7B}.AppStore|iPhoneSimulator.Build.0 = Release|Any CPU
		{7144960E-0606-49FF-A57E-12DA65045D7B}.Debug|Any CPU.ActiveCfg = Debug|Any CPU
		{7144960E-0606-49FF-A57E-12DA65045D7B}.Debug|Any CPU.Build.0 = Debug|Any CPU
		{7144960E-0606-49FF-A57E-12DA65045D7B}.Debug|iPhone.ActiveCfg = Debug|Any CPU
		{7144960E-0606-49FF-A57E-12DA65045D7B}.Debug|iPhone.Build.0 = Debug|Any CPU
		{7144960E-0606-49FF-A57E-12DA65045D7B}.Debug|iPhoneSimulator.ActiveCfg = Debug|Any CPU
		{7144960E-0606-49FF-A57E-12DA65045D7B}.Debug|iPhoneSimulator.Build.0 = Debug|Any CPU
		{7144960E-0606-49FF-A57E-12DA65045D7B}.Release|Any CPU.ActiveCfg = Release|Any CPU
		{7144960E-0606-49FF-A57E-12DA65045D7B}.Release|Any CPU.Build.0 = Release|Any CPU
		{7144960E-0606-49FF-A57E-12DA65045D7B}.Release|iPhone.ActiveCfg = Release|Any CPU
		{7144960E-0606-49FF-A57E-12DA65045D7B}.Release|iPhone.Build.0 = Release|Any CPU
		{7144960E-0606-49FF-A57E-12DA65045D7B}.Release|iPhoneSimulator.ActiveCfg = Release|Any CPU
		{7144960E-0606-49FF-A57E-12DA65045D7B}.Release|iPhoneSimulator.Build.0 = Release|Any CPU
		{E07E9E45-BD51-4A99-8D57-5E8086A2B95D}.Ad-Hoc|Any CPU.ActiveCfg = Release|Any CPU
		{E07E9E45-BD51-4A99-8D57-5E8086A2B95D}.Ad-Hoc|Any CPU.Build.0 = Release|Any CPU
		{E07E9E45-BD51-4A99-8D57-5E8086A2B95D}.Ad-Hoc|iPhone.ActiveCfg = Release|Any CPU
		{E07E9E45-BD51-4A99-8D57-5E8086A2B95D}.Ad-Hoc|iPhone.Build.0 = Release|Any CPU
		{E07E9E45-BD51-4A99-8D57-5E8086A2B95D}.Ad-Hoc|iPhoneSimulator.ActiveCfg = Release|Any CPU
		{E07E9E45-BD51-4A99-8D57-5E8086A2B95D}.Ad-Hoc|iPhoneSimulator.Build.0 = Release|Any CPU
		{E07E9E45-BD51-4A99-8D57-5E8086A2B95D}.AppStore|Any CPU.ActiveCfg = Release|Any CPU
		{E07E9E45-BD51-4A99-8D57-5E8086A2B95D}.AppStore|Any CPU.Build.0 = Release|Any CPU
		{E07E9E45-BD51-4A99-8D57-5E8086A2B95D}.AppStore|iPhone.ActiveCfg = Release|Any CPU
		{E07E9E45-BD51-4A99-8D57-5E8086A2B95D}.AppStore|iPhone.Build.0 = Release|Any CPU
		{E07E9E45-BD51-4A99-8D57-5E8086A2B95D}.AppStore|iPhoneSimulator.ActiveCfg = Release|Any CPU
		{E07E9E45-BD51-4A99-8D57-5E8086A2B95D}.AppStore|iPhoneSimulator.Build.0 = Release|Any CPU
		{E07E9E45-BD51-4A99-8D57-5E8086A2B95D}.Debug|Any CPU.ActiveCfg = Debug|Any CPU
		{E07E9E45-BD51-4A99-8D57-5E8086A2B95D}.Debug|Any CPU.Build.0 = Debug|Any CPU
		{E07E9E45-BD51-4A99-8D57-5E8086A2B95D}.Debug|iPhone.ActiveCfg = Debug|Any CPU
		{E07E9E45-BD51-4A99-8D57-5E8086A2B95D}.Debug|iPhone.Build.0 = Debug|Any CPU
		{E07E9E45-BD51-4A99-8D57-5E8086A2B95D}.Debug|iPhoneSimulator.ActiveCfg = Debug|Any CPU
		{E07E9E45-BD51-4A99-8D57-5E8086A2B95D}.Debug|iPhoneSimulator.Build.0 = Debug|Any CPU
		{E07E9E45-BD51-4A99-8D57-5E8086A2B95D}.Release|Any CPU.ActiveCfg = Release|Any CPU
		{E07E9E45-BD51-4A99-8D57-5E8086A2B95D}.Release|Any CPU.Build.0 = Release|Any CPU
		{E07E9E45-BD51-4A99-8D57-5E8086A2B95D}.Release|iPhone.ActiveCfg = Release|Any CPU
		{E07E9E45-BD51-4A99-8D57-5E8086A2B95D}.Release|iPhone.Build.0 = Release|Any CPU
		{E07E9E45-BD51-4A99-8D57-5E8086A2B95D}.Release|iPhoneSimulator.ActiveCfg = Release|Any CPU
		{E07E9E45-BD51-4A99-8D57-5E8086A2B95D}.Release|iPhoneSimulator.Build.0 = Release|Any CPU
	EndGlobalSection
	GlobalSection(SolutionProperties) = preSolution
		HideSolutionNode = FALSE
	EndGlobalSection
	GlobalSection(NestedProjects) = preSolution
		{5070B92B-16BD-44C6-A479-BD617415F77F} = {E3EAE72D-738A-4179-8A22-50D58A91AD04}
		{D105F7AF-F086-45BF-8A35-ED7E5238C3B5} = {E3EAE72D-738A-4179-8A22-50D58A91AD04}
		{131B430E-AFD7-4A87-A2CD-703FE5F7474B} = {72E8F565-788F-4A29-8919-7F3F001C6FC9}
		{ADE3930F-7A4C-41D2-B767-F34FAD5D821A} = {72E8F565-788F-4A29-8919-7F3F001C6FC9}
		{73C8B5F2-0BB7-4319-AEEE-CB1431B9BE7A} = {72E8F565-788F-4A29-8919-7F3F001C6FC9}
		{7144960E-0606-49FF-A57E-12DA65045D7B} = {72E8F565-788F-4A29-8919-7F3F001C6FC9}
		{E07E9E45-BD51-4A99-8D57-5E8086A2B95D} = {E3EAE72D-738A-4179-8A22-50D58A91AD04}
	EndGlobalSection
	GlobalSection(ExtensibilityGlobals) = postSolution
		SolutionGuid = {9C83357C-2ED0-48F8-8468-E6531D94FBA3}
	EndGlobalSection
EndGlobal
