
Microsoft Visual Studio Solution File, Format Version 12.00
# Visual Studio Version 16
VisualStudioVersion = 16.0.29123.89
MinimumVisualStudioVersion = 10.0.40219.1
Project("{2150E333-8FDC-42A3-9474-1A3956D46DE8}") = "Tests", "Tests", "{4CADCB5B-7607-4B2C-A1C4-0550568AAE5D}"
EndProject
Project("{2150E333-8FDC-42A3-9474-1A3956D46DE8}") = "Extensions", "Extensions", "{E3EAE72D-738A-4179-8A22-50D58A91AD04}"
EndProject
Project("{2150E333-8FDC-42A3-9474-1A3956D46DE8}") = "Default", "Default", "{72E8F565-788F-4A29-8919-7F3F001C6FC9}"
EndProject
Project("{9A19103F-16F7-4668-BE54-9A1E7A4F7556}") = "WampSharp.Tests.Wampv2", "Tests\WampSharp.Tests.Wampv2\WampSharp.Tests.Wampv2.csproj", "{ECED5650-A8AF-4B0B-9C6E-BBAD9A147DFE}"
EndProject
Project("{FAE04EC0-301F-11D3-BF4B-00C04F79EFBC}") = "WampSharp", "WampSharp\WampSharp.csproj", "{01F80592-26D3-436E-B8DA-E95F1AD6E3A7}"
EndProject
Project("{FAE04EC0-301F-11D3-BF4B-00C04F79EFBC}") = "WampSharp.RawSocket", "Extensions\WampSharp.RawSocket\WampSharp.RawSocket.csproj", "{5070B92B-16BD-44C6-A479-BD617415F77F}"
EndProject
Project("{FAE04EC0-301F-11D3-BF4B-00C04F79EFBC}") = "WampSharp.WebSockets", "Extensions\WampSharp.WebSockets\WampSharp.WebSockets.csproj", "{D105F7AF-F086-45BF-8A35-ED7E5238C3B5}"
EndProject
Project("{FAE04EC0-301F-11D3-BF4B-00C04F79EFBC}") = "WampSharp.NewtonsoftJson", "Default\WampSharp.NewtonsoftJson\WampSharp.NewtonsoftJson.csproj", "{131B430E-AFD7-4A87-A2CD-703FE5F7474B}"
EndProject
Project("{FAE04EC0-301F-11D3-BF4B-00C04F79EFBC}") = "WampSharp.WebSocket4Net", "Default\WampSharp.WebSocket4Net\WampSharp.WebSocket4Net.csproj", "{ADE3930F-7A4C-41D2-B767-F34FAD5D821A}"
EndProject
Project("{FAE04EC0-301F-11D3-BF4B-00C04F79EFBC}") = "WampSharp.NewtonsoftMsgpack", "Default\WampSharp.NewtonsoftMsgpack\WampSharp.NewtonsoftMsgpack.csproj", "{73C8B5F2-0BB7-4319-AEEE-CB1431B9BE7A}"
EndProject
Project("{FAE04EC0-301F-11D3-BF4B-00C04F79EFBC}") = "WampSharp.Tests.TestHelpers", "Tests\WampSharp.Tests.TestHelpers\WampSharp.Tests.TestHelpers.csproj", "{61163988-9FB9-4A50-9B42-08252D9DCF9F}"
EndProject
Project("{FAE04EC0-301F-11D3-BF4B-00C04F79EFBC}") = "WampSharp.Default.Client", "WampSharp.Default.Client\WampSharp.Default.Client.csproj", "{B4E061DB-0E0D-4AA1-9495-78DC2F26A7F6}"
EndProject
Global
	GlobalSection(SolutionConfigurationPlatforms) = preSolution
		Debug|Any CPU = Debug|Any CPU
		Release|Any CPU = Release|Any CPU
	EndGlobalSection
	GlobalSection(ProjectConfigurationPlatforms) = postSolution
		{ECED5650-A8AF-4B0B-9C6E-BBAD9A147DFE}.Debug|Any CPU.ActiveCfg = Debug|Any CPU
		{ECED5650-A8AF-4B0B-9C6E-BBAD9A147DFE}.Debug|Any CPU.Build.0 = Debug|Any CPU
		{ECED5650-A8AF-4B0B-9C6E-BBAD9A147DFE}.Release|Any CPU.ActiveCfg = Release|Any CPU
		{ECED5650-A8AF-4B0B-9C6E-BBAD9A147DFE}.Release|Any CPU.Build.0 = Release|Any CPU
		{01F80592-26D3-436E-B8DA-E95F1AD6E3A7}.Debug|Any CPU.ActiveCfg = Debug|Any CPU
		{01F80592-26D3-436E-B8DA-E95F1AD6E3A7}.Debug|Any CPU.Build.0 = Debug|Any CPU
		{01F80592-26D3-436E-B8DA-E95F1AD6E3A7}.Release|Any CPU.ActiveCfg = Release|Any CPU
		{01F80592-26D3-436E-B8DA-E95F1AD6E3A7}.Release|Any CPU.Build.0 = Release|Any CPU
		{5070B92B-16BD-44C6-A479-BD617415F77F}.Debug|Any CPU.ActiveCfg = Debug|Any CPU
		{5070B92B-16BD-44C6-A479-BD617415F77F}.Debug|Any CPU.Build.0 = Debug|Any CPU
		{5070B92B-16BD-44C6-A479-BD617415F77F}.Release|Any CPU.ActiveCfg = Release|Any CPU
		{5070B92B-16BD-44C6-A479-BD617415F77F}.Release|Any CPU.Build.0 = Release|Any CPU
		{D105F7AF-F086-45BF-8A35-ED7E5238C3B5}.Debug|Any CPU.ActiveCfg = Debug|Any CPU
		{D105F7AF-F086-45BF-8A35-ED7E5238C3B5}.Debug|Any CPU.Build.0 = Debug|Any CPU
		{D105F7AF-F086-45BF-8A35-ED7E5238C3B5}.Release|Any CPU.ActiveCfg = Release|Any CPU
		{D105F7AF-F086-45BF-8A35-ED7E5238C3B5}.Release|Any CPU.Build.0 = Release|Any CPU
		{131B430E-AFD7-4A87-A2CD-703FE5F7474B}.Debug|Any CPU.ActiveCfg = Debug|Any CPU
		{131B430E-AFD7-4A87-A2CD-703FE5F7474B}.Debug|Any CPU.Build.0 = Debug|Any CPU
		{131B430E-AFD7-4A87-A2CD-703FE5F7474B}.Release|Any CPU.ActiveCfg = Release|Any CPU
		{131B430E-AFD7-4A87-A2CD-703FE5F7474B}.Release|Any CPU.Build.0 = Release|Any CPU
		{ADE3930F-7A4C-41D2-B767-F34FAD5D821A}.Debug|Any CPU.ActiveCfg = Debug|Any CPU
		{ADE3930F-7A4C-41D2-B767-F34FAD5D821A}.Debug|Any CPU.Build.0 = Debug|Any CPU
		{ADE3930F-7A4C-41D2-B767-F34FAD5D821A}.Release|Any CPU.ActiveCfg = Release|Any CPU
		{ADE3930F-7A4C-41D2-B767-F34FAD5D821A}.Release|Any CPU.Build.0 = Release|Any CPU
		{73C8B5F2-0BB7-4319-AEEE-CB1431B9BE7A}.Debug|Any CPU.ActiveCfg = Debug|Any CPU
		{73C8B5F2-0BB7-4319-AEEE-CB1431B9BE7A}.Debug|Any CPU.Build.0 = Debug|Any CPU
		{73C8B5F2-0BB7-4319-AEEE-CB1431B9BE7A}.Release|Any CPU.ActiveCfg = Release|Any CPU
		{73C8B5F2-0BB7-4319-AEEE-CB1431B9BE7A}.Release|Any CPU.Build.0 = Release|Any CPU
		{61163988-9FB9-4A50-9B42-08252D9DCF9F}.Debug|Any CPU.ActiveCfg = Debug|Any CPU
		{61163988-9FB9-4A50-9B42-08252D9DCF9F}.Debug|Any CPU.Build.0 = Debug|Any CPU
		{61163988-9FB9-4A50-9B42-08252D9DCF9F}.Release|Any CPU.ActiveCfg = Release|Any CPU
		{61163988-9FB9-4A50-9B42-08252D9DCF9F}.Release|Any CPU.Build.0 = Release|Any CPU
		{B4E061DB-0E0D-4AA1-9495-78DC2F26A7F6}.Debug|Any CPU.ActiveCfg = Debug|Any CPU
		{B4E061DB-0E0D-4AA1-9495-78DC2F26A7F6}.Debug|Any CPU.Build.0 = Debug|Any CPU
		{B4E061DB-0E0D-4AA1-9495-78DC2F26A7F6}.Release|Any CPU.ActiveCfg = Release|Any CPU
		{B4E061DB-0E0D-4AA1-9495-78DC2F26A7F6}.Release|Any CPU.Build.0 = Release|Any CPU
	EndGlobalSection
	GlobalSection(SolutionProperties) = preSolution
		HideSolutionNode = FALSE
	EndGlobalSection
	GlobalSection(NestedProjects) = preSolution
		{ECED5650-A8AF-4B0B-9C6E-BBAD9A147DFE} = {4CADCB5B-7607-4B2C-A1C4-0550568AAE5D}
		{5070B92B-16BD-44C6-A479-BD617415F77F} = {E3EAE72D-738A-4179-8A22-50D58A91AD04}
		{D105F7AF-F086-45BF-8A35-ED7E5238C3B5} = {E3EAE72D-738A-4179-8A22-50D58A91AD04}
		{131B430E-AFD7-4A87-A2CD-703FE5F7474B} = {72E8F565-788F-4A29-8919-7F3F001C6FC9}
		{ADE3930F-7A4C-41D2-B767-F34FAD5D821A} = {72E8F565-788F-4A29-8919-7F3F001C6FC9}
		{73C8B5F2-0BB7-4319-AEEE-CB1431B9BE7A} = {72E8F565-788F-4A29-8919-7F3F001C6FC9}
		{61163988-9FB9-4A50-9B42-08252D9DCF9F} = {4CADCB5B-7607-4B2C-A1C4-0550568AAE5D}
	EndGlobalSection
	GlobalSection(ExtensibilityGlobals) = postSolution
		SolutionGuid = {9C83357C-2ED0-48F8-8468-E6531D94FBA3}
	EndGlobalSection
EndGlobal
