
Microsoft Visual Studio Solution File, Format Version 12.00
# Visual Studio 2012
Project("{FAE04EC0-301F-11D3-BF4B-00C04F79EFBC}") = "WampSharp.Fleck", "WampSharp.Fleck\WampSharp.Fleck.csproj", "{B4A77C12-8430-4852-BCB9-ACFD5F30A1E4}"
EndProject
Project("{FAE04EC0-301F-11D3-BF4B-00C04F79EFBC}") = "WampSharp.Tests", "WampSharp.Tests\WampSharp.Tests.csproj", "{D3FB3310-A761-45B5-AC4B-78FE90C2829C}"
EndProject
Project("{FAE04EC0-301F-11D3-BF4B-00C04F79EFBC}") = "WampSharp.Core", "WampSharp.Core\WampSharp.Core.csproj", "{BB845F45-0D5F-4A41-9FC5-6C3FE73BEC28}"
EndProject
Project("{2150E333-8FDC-42A3-9474-1A3956D46DE8}") = ".nuget", ".nuget", "{33DFF693-9241-4104-AA31-C3AD315F1762}"
	ProjectSection(SolutionItems) = preProject
		.nuget\NuGet.Config = .nuget\NuGet.Config
		.nuget\NuGet.exe = .nuget\NuGet.exe
		.nuget\NuGet.targets = .nuget\NuGet.targets
	EndProjectSection
EndProject
Project("{FAE04EC0-301F-11D3-BF4B-00C04F79EFBC}") = "WampSharp.Rpc", "WampSharp.Rpc\WampSharp.Rpc.csproj", "{C3290246-2E64-4E58-96B2-65E11FE16B3D}"
EndProject
Project("{FAE04EC0-301F-11D3-BF4B-00C04F79EFBC}") = "WampSharp.TestConsole", "WampSharp.TestConsole\WampSharp.TestConsole.csproj", "{CAED2396-188C-4C48-BCE7-A88CF0B0A339}"
EndProject
Project("{FAE04EC0-301F-11D3-BF4B-00C04F79EFBC}") = "WampSharp.Api", "WampSharp.Api\WampSharp.Api.csproj", "{9634E498-9111-4A76-A25B-B01A07160D94}"
EndProject
Global
	GlobalSection(SolutionConfigurationPlatforms) = preSolution
		Debug|Any CPU = Debug|Any CPU
		Release|Any CPU = Release|Any CPU
	EndGlobalSection
	GlobalSection(ProjectConfigurationPlatforms) = postSolution
		{B4A77C12-8430-4852-BCB9-ACFD5F30A1E4}.Debug|Any CPU.ActiveCfg = Debug|Any CPU
		{B4A77C12-8430-4852-BCB9-ACFD5F30A1E4}.Debug|Any CPU.Build.0 = Debug|Any CPU
		{B4A77C12-8430-4852-BCB9-ACFD5F30A1E4}.Release|Any CPU.ActiveCfg = Release|Any CPU
		{B4A77C12-8430-4852-BCB9-ACFD5F30A1E4}.Release|Any CPU.Build.0 = Release|Any CPU
		{D3FB3310-A761-45B5-AC4B-78FE90C2829C}.Debug|Any CPU.ActiveCfg = Debug|Any CPU
		{D3FB3310-A761-45B5-AC4B-78FE90C2829C}.Debug|Any CPU.Build.0 = Debug|Any CPU
		{D3FB3310-A761-45B5-AC4B-78FE90C2829C}.Release|Any CPU.ActiveCfg = Release|Any CPU
		{D3FB3310-A761-45B5-AC4B-78FE90C2829C}.Release|Any CPU.Build.0 = Release|Any CPU
		{BB845F45-0D5F-4A41-9FC5-6C3FE73BEC28}.Debug|Any CPU.ActiveCfg = Debug|Any CPU
		{BB845F45-0D5F-4A41-9FC5-6C3FE73BEC28}.Debug|Any CPU.Build.0 = Debug|Any CPU
		{BB845F45-0D5F-4A41-9FC5-6C3FE73BEC28}.Release|Any CPU.ActiveCfg = Release|Any CPU
		{BB845F45-0D5F-4A41-9FC5-6C3FE73BEC28}.Release|Any CPU.Build.0 = Release|Any CPU
		{C3290246-2E64-4E58-96B2-65E11FE16B3D}.Debug|Any CPU.ActiveCfg = Debug|Any CPU
		{C3290246-2E64-4E58-96B2-65E11FE16B3D}.Debug|Any CPU.Build.0 = Debug|Any CPU
		{C3290246-2E64-4E58-96B2-65E11FE16B3D}.Release|Any CPU.ActiveCfg = Release|Any CPU
		{C3290246-2E64-4E58-96B2-65E11FE16B3D}.Release|Any CPU.Build.0 = Release|Any CPU
		{CAED2396-188C-4C48-BCE7-A88CF0B0A339}.Debug|Any CPU.ActiveCfg = Debug|Any CPU
		{CAED2396-188C-4C48-BCE7-A88CF0B0A339}.Debug|Any CPU.Build.0 = Debug|Any CPU
		{CAED2396-188C-4C48-BCE7-A88CF0B0A339}.Release|Any CPU.ActiveCfg = Release|Any CPU
		{CAED2396-188C-4C48-BCE7-A88CF0B0A339}.Release|Any CPU.Build.0 = Release|Any CPU
		{9634E498-9111-4A76-A25B-B01A07160D94}.Debug|Any CPU.ActiveCfg = Debug|Any CPU
		{9634E498-9111-4A76-A25B-B01A07160D94}.Debug|Any CPU.Build.0 = Debug|Any CPU
		{9634E498-9111-4A76-A25B-B01A07160D94}.Release|Any CPU.ActiveCfg = Release|Any CPU
		{9634E498-9111-4A76-A25B-B01A07160D94}.Release|Any CPU.Build.0 = Release|Any CPU
	EndGlobalSection
	GlobalSection(SolutionProperties) = preSolution
		HideSolutionNode = FALSE
	EndGlobalSection
EndGlobal
